
Microsoft Visual Studio Solution File, Format Version 12.00
# Visual Studio Version 16
VisualStudioVersion = 16.0.29503.13
MinimumVisualStudioVersion = 10.0.40219.1
Project("{2150E333-8FDC-42A3-9474-1A3956D46DE8}") = "src", "src", "{E048D213-B3B9-453F-9A41-29FDEB0D496B}"
EndProject
Project("{2150E333-8FDC-42A3-9474-1A3956D46DE8}") = "test", "test", "{1F113DD0-E292-47A5-8EFF-3FB5D0869BF3}"
EndProject
Project("{9A19103F-16F7-4668-BE54-9A1E7A4F7556}") = "OpenCvSharp", "src\OpenCvSharp\OpenCvSharp.csproj", "{EB310923-197F-4E20-B123-3A3E7F1D5069}"
	ProjectSection(ProjectDependencies) = postProject
		{8E7279F8-F801-4672-B42F-1ED2C68B16A4} = {8E7279F8-F801-4672-B42F-1ED2C68B16A4}
	EndProjectSection
EndProject
Project("{9A19103F-16F7-4668-BE54-9A1E7A4F7556}") = "OpenCvSharp.Tests", "test\OpenCvSharp.Tests\OpenCvSharp.Tests.csproj", "{FFBBCF99-97F0-4F81-AAF6-8D851A8E1D2E}"
EndProject
Project("{9A19103F-16F7-4668-BE54-9A1E7A4F7556}") = "OpenCvSharp.Blob", "src\OpenCvSharp.Blob\OpenCvSharp.Blob.csproj", "{82AFDA65-515E-4EC0-A415-77D8A6711508}"
EndProject
Project("{9A19103F-16F7-4668-BE54-9A1E7A4F7556}") = "OpenCvSharp.Extensions", "src\OpenCvSharp.Extensions\OpenCvSharp.Extensions.csproj", "{B4B78BB2-1B7C-4CF2-BC72-43789EEDCE00}"
EndProject
Project("{8BC9CEB8-8B4A-11D0-8D11-00A0C91BC942}") = "OpenCvSharpExtern", "src\OpenCvSharpExtern\OpenCvSharpExtern.vcxproj", "{8E7279F8-F801-4672-B42F-1ED2C68B16A4}"
EndProject
Project("{FAE04EC0-301F-11D3-BF4B-00C04F79EFBC}") = "OpenCvSharp.DebuggerVisualizers", "src\OpenCvSharp.DebuggerVisualizers\OpenCvSharp.DebuggerVisualizers.csproj", "{4232CB4A-DFE3-46CA-9503-C5F1798BAED3}"
EndProject
Project("{2150E333-8FDC-42A3-9474-1A3956D46DE8}") = "tool", "tool", "{A6E578C0-A34A-4CCF-A808-CBAC81CB48C0}"
EndProject
Project("{FAE04EC0-301F-11D3-BF4B-00C04F79EFBC}") = "OpenCvSharp.ReleaseMaker", "tool\OpenCvSharp.ReleaseMaker\OpenCvSharp.ReleaseMaker.csproj", "{E2C8C528-B7C7-40AF-BB7F-1147A41E2E23}"
EndProject
Project("{FAE04EC0-301F-11D3-BF4B-00C04F79EFBC}") = "OpenCvSharp.NupkgBetaRemover", "tool\OpenCvSharp.NupkgBetaRemover\OpenCvSharp.NupkgBetaRemover.csproj", "{CC19F9A5-01A7-4BDF-B34C-CF56F46A474A}"
EndProject
Project("{8BC9CEB8-8B4A-11D0-8D11-00A0C91BC942}") = "uwpOpenCvSharpExtern", "src\uwpOpenCvSharpExtern\uwpOpenCvSharpExtern.vcxproj", "{BD5471E5-7B55-5192-8DA4-042B66AF71AE}"
EndProject
Project("{9A19103F-16F7-4668-BE54-9A1E7A4F7556}") = "OpenCvSharp.WpfExtensions", "src\OpenCvSharp.WpfExtensions\OpenCvSharp.WpfExtensions.csproj", "{01FD66CE-F81A-4641-BE30-3CF9DE84D6D5}"
EndProject
Global
	GlobalSection(SolutionConfigurationPlatforms) = preSolution
		Debug|Any CPU = Debug|Any CPU
		Debug|ARM = Debug|ARM
		Debug|x64 = Debug|x64
		Debug|x86 = Debug|x86
		FxCop|Any CPU = FxCop|Any CPU
		FxCop|ARM = FxCop|ARM
		FxCop|x64 = FxCop|x64
		FxCop|x86 = FxCop|x86
		Release|Any CPU = Release|Any CPU
		Release|ARM = Release|ARM
		Release|x64 = Release|x64
		Release|x86 = Release|x86
		Release-JP|Any CPU = Release-JP|Any CPU
		Release-JP|ARM = Release-JP|ARM
		Release-JP|x64 = Release-JP|x64
		Release-JP|x86 = Release-JP|x86
	EndGlobalSection
	GlobalSection(ProjectConfigurationPlatforms) = postSolution
		{EB310923-197F-4E20-B123-3A3E7F1D5069}.Debug|Any CPU.ActiveCfg = Debug|Any CPU
		{EB310923-197F-4E20-B123-3A3E7F1D5069}.Debug|Any CPU.Build.0 = Debug|Any CPU
		{EB310923-197F-4E20-B123-3A3E7F1D5069}.Debug|ARM.ActiveCfg = Debug|Any CPU
		{EB310923-197F-4E20-B123-3A3E7F1D5069}.Debug|ARM.Build.0 = Debug|Any CPU
		{EB310923-197F-4E20-B123-3A3E7F1D5069}.Debug|x64.ActiveCfg = Debug|Any CPU
		{EB310923-197F-4E20-B123-3A3E7F1D5069}.Debug|x64.Build.0 = Debug|Any CPU
		{EB310923-197F-4E20-B123-3A3E7F1D5069}.Debug|x86.ActiveCfg = Debug|Any CPU
		{EB310923-197F-4E20-B123-3A3E7F1D5069}.Debug|x86.Build.0 = Debug|Any CPU
		{EB310923-197F-4E20-B123-3A3E7F1D5069}.FxCop|Any CPU.ActiveCfg = Release|Any CPU
		{EB310923-197F-4E20-B123-3A3E7F1D5069}.FxCop|Any CPU.Build.0 = Release|Any CPU
		{EB310923-197F-4E20-B123-3A3E7F1D5069}.FxCop|ARM.ActiveCfg = Release|Any CPU
		{EB310923-197F-4E20-B123-3A3E7F1D5069}.FxCop|ARM.Build.0 = Release|Any CPU
		{EB310923-197F-4E20-B123-3A3E7F1D5069}.FxCop|x64.ActiveCfg = FxCop|Any CPU
		{EB310923-197F-4E20-B123-3A3E7F1D5069}.FxCop|x64.Build.0 = FxCop|Any CPU
		{EB310923-197F-4E20-B123-3A3E7F1D5069}.FxCop|x86.ActiveCfg = FxCop|Any CPU
		{EB310923-197F-4E20-B123-3A3E7F1D5069}.FxCop|x86.Build.0 = FxCop|Any CPU
		{EB310923-197F-4E20-B123-3A3E7F1D5069}.Release|Any CPU.ActiveCfg = Release|Any CPU
		{EB310923-197F-4E20-B123-3A3E7F1D5069}.Release|Any CPU.Build.0 = Release|Any CPU
		{EB310923-197F-4E20-B123-3A3E7F1D5069}.Release|ARM.ActiveCfg = Release|Any CPU
		{EB310923-197F-4E20-B123-3A3E7F1D5069}.Release|ARM.Build.0 = Release|Any CPU
		{EB310923-197F-4E20-B123-3A3E7F1D5069}.Release|x64.ActiveCfg = Release|Any CPU
		{EB310923-197F-4E20-B123-3A3E7F1D5069}.Release|x64.Build.0 = Release|Any CPU
		{EB310923-197F-4E20-B123-3A3E7F1D5069}.Release|x86.ActiveCfg = Release|Any CPU
		{EB310923-197F-4E20-B123-3A3E7F1D5069}.Release|x86.Build.0 = Release|Any CPU
		{EB310923-197F-4E20-B123-3A3E7F1D5069}.Release-JP|Any CPU.ActiveCfg = Release|Any CPU
		{EB310923-197F-4E20-B123-3A3E7F1D5069}.Release-JP|Any CPU.Build.0 = Release|Any CPU
		{EB310923-197F-4E20-B123-3A3E7F1D5069}.Release-JP|ARM.ActiveCfg = Release-JP|Any CPU
		{EB310923-197F-4E20-B123-3A3E7F1D5069}.Release-JP|ARM.Build.0 = Release-JP|Any CPU
		{EB310923-197F-4E20-B123-3A3E7F1D5069}.Release-JP|x64.ActiveCfg = Release-JP|Any CPU
		{EB310923-197F-4E20-B123-3A3E7F1D5069}.Release-JP|x64.Build.0 = Release-JP|Any CPU
		{EB310923-197F-4E20-B123-3A3E7F1D5069}.Release-JP|x86.ActiveCfg = Release-JP|Any CPU
		{EB310923-197F-4E20-B123-3A3E7F1D5069}.Release-JP|x86.Build.0 = Release-JP|Any CPU
		{FFBBCF99-97F0-4F81-AAF6-8D851A8E1D2E}.Debug|Any CPU.ActiveCfg = Debug|Any CPU
		{FFBBCF99-97F0-4F81-AAF6-8D851A8E1D2E}.Debug|Any CPU.Build.0 = Debug|Any CPU
		{FFBBCF99-97F0-4F81-AAF6-8D851A8E1D2E}.Debug|ARM.ActiveCfg = Debug|Any CPU
		{FFBBCF99-97F0-4F81-AAF6-8D851A8E1D2E}.Debug|ARM.Build.0 = Debug|Any CPU
		{FFBBCF99-97F0-4F81-AAF6-8D851A8E1D2E}.Debug|x64.ActiveCfg = Debug|Any CPU
		{FFBBCF99-97F0-4F81-AAF6-8D851A8E1D2E}.Debug|x64.Build.0 = Debug|Any CPU
		{FFBBCF99-97F0-4F81-AAF6-8D851A8E1D2E}.Debug|x86.ActiveCfg = Debug|Any CPU
		{FFBBCF99-97F0-4F81-AAF6-8D851A8E1D2E}.Debug|x86.Build.0 = Debug|Any CPU
		{FFBBCF99-97F0-4F81-AAF6-8D851A8E1D2E}.FxCop|Any CPU.ActiveCfg = Release|Any CPU
		{FFBBCF99-97F0-4F81-AAF6-8D851A8E1D2E}.FxCop|Any CPU.Build.0 = Release|Any CPU
		{FFBBCF99-97F0-4F81-AAF6-8D851A8E1D2E}.FxCop|ARM.ActiveCfg = Release|Any CPU
		{FFBBCF99-97F0-4F81-AAF6-8D851A8E1D2E}.FxCop|ARM.Build.0 = Release|Any CPU
		{FFBBCF99-97F0-4F81-AAF6-8D851A8E1D2E}.FxCop|x64.ActiveCfg = Release|Any CPU
		{FFBBCF99-97F0-4F81-AAF6-8D851A8E1D2E}.FxCop|x64.Build.0 = Release|Any CPU
		{FFBBCF99-97F0-4F81-AAF6-8D851A8E1D2E}.FxCop|x86.ActiveCfg = Release|Any CPU
		{FFBBCF99-97F0-4F81-AAF6-8D851A8E1D2E}.FxCop|x86.Build.0 = Release|Any CPU
		{FFBBCF99-97F0-4F81-AAF6-8D851A8E1D2E}.Release|Any CPU.ActiveCfg = Release|Any CPU
		{FFBBCF99-97F0-4F81-AAF6-8D851A8E1D2E}.Release|Any CPU.Build.0 = Release|Any CPU
		{FFBBCF99-97F0-4F81-AAF6-8D851A8E1D2E}.Release|ARM.ActiveCfg = Release|Any CPU
		{FFBBCF99-97F0-4F81-AAF6-8D851A8E1D2E}.Release|ARM.Build.0 = Release|Any CPU
		{FFBBCF99-97F0-4F81-AAF6-8D851A8E1D2E}.Release|x64.ActiveCfg = Release|Any CPU
		{FFBBCF99-97F0-4F81-AAF6-8D851A8E1D2E}.Release|x64.Build.0 = Release|Any CPU
		{FFBBCF99-97F0-4F81-AAF6-8D851A8E1D2E}.Release|x86.ActiveCfg = Release|Any CPU
		{FFBBCF99-97F0-4F81-AAF6-8D851A8E1D2E}.Release|x86.Build.0 = Release|Any CPU
		{FFBBCF99-97F0-4F81-AAF6-8D851A8E1D2E}.Release-JP|Any CPU.ActiveCfg = Release|Any CPU
		{FFBBCF99-97F0-4F81-AAF6-8D851A8E1D2E}.Release-JP|Any CPU.Build.0 = Release|Any CPU
		{FFBBCF99-97F0-4F81-AAF6-8D851A8E1D2E}.Release-JP|ARM.ActiveCfg = Release|Any CPU
		{FFBBCF99-97F0-4F81-AAF6-8D851A8E1D2E}.Release-JP|ARM.Build.0 = Release|Any CPU
		{FFBBCF99-97F0-4F81-AAF6-8D851A8E1D2E}.Release-JP|x64.ActiveCfg = Release|Any CPU
		{FFBBCF99-97F0-4F81-AAF6-8D851A8E1D2E}.Release-JP|x64.Build.0 = Release|Any CPU
		{FFBBCF99-97F0-4F81-AAF6-8D851A8E1D2E}.Release-JP|x86.ActiveCfg = Release|Any CPU
		{FFBBCF99-97F0-4F81-AAF6-8D851A8E1D2E}.Release-JP|x86.Build.0 = Release|Any CPU
		{82AFDA65-515E-4EC0-A415-77D8A6711508}.Debug|Any CPU.ActiveCfg = Debug|Any CPU
		{82AFDA65-515E-4EC0-A415-77D8A6711508}.Debug|Any CPU.Build.0 = Debug|Any CPU
		{82AFDA65-515E-4EC0-A415-77D8A6711508}.Debug|ARM.ActiveCfg = Debug|Any CPU
		{82AFDA65-515E-4EC0-A415-77D8A6711508}.Debug|ARM.Build.0 = Debug|Any CPU
		{82AFDA65-515E-4EC0-A415-77D8A6711508}.Debug|x64.ActiveCfg = Debug|Any CPU
		{82AFDA65-515E-4EC0-A415-77D8A6711508}.Debug|x64.Build.0 = Debug|Any CPU
		{82AFDA65-515E-4EC0-A415-77D8A6711508}.Debug|x86.ActiveCfg = Debug|Any CPU
		{82AFDA65-515E-4EC0-A415-77D8A6711508}.Debug|x86.Build.0 = Debug|Any CPU
		{82AFDA65-515E-4EC0-A415-77D8A6711508}.FxCop|Any CPU.ActiveCfg = Release|Any CPU
		{82AFDA65-515E-4EC0-A415-77D8A6711508}.FxCop|Any CPU.Build.0 = Release|Any CPU
		{82AFDA65-515E-4EC0-A415-77D8A6711508}.FxCop|ARM.ActiveCfg = Release|Any CPU
		{82AFDA65-515E-4EC0-A415-77D8A6711508}.FxCop|ARM.Build.0 = Release|Any CPU
		{82AFDA65-515E-4EC0-A415-77D8A6711508}.FxCop|x64.ActiveCfg = Release|Any CPU
		{82AFDA65-515E-4EC0-A415-77D8A6711508}.FxCop|x64.Build.0 = Release|Any CPU
		{82AFDA65-515E-4EC0-A415-77D8A6711508}.FxCop|x86.ActiveCfg = Release|Any CPU
		{82AFDA65-515E-4EC0-A415-77D8A6711508}.FxCop|x86.Build.0 = Release|Any CPU
		{82AFDA65-515E-4EC0-A415-77D8A6711508}.Release|Any CPU.ActiveCfg = Release|Any CPU
		{82AFDA65-515E-4EC0-A415-77D8A6711508}.Release|Any CPU.Build.0 = Release|Any CPU
		{82AFDA65-515E-4EC0-A415-77D8A6711508}.Release|ARM.ActiveCfg = Release|Any CPU
		{82AFDA65-515E-4EC0-A415-77D8A6711508}.Release|ARM.Build.0 = Release|Any CPU
		{82AFDA65-515E-4EC0-A415-77D8A6711508}.Release|x64.ActiveCfg = Release|Any CPU
		{82AFDA65-515E-4EC0-A415-77D8A6711508}.Release|x64.Build.0 = Release|Any CPU
		{82AFDA65-515E-4EC0-A415-77D8A6711508}.Release|x86.ActiveCfg = Release|Any CPU
		{82AFDA65-515E-4EC0-A415-77D8A6711508}.Release|x86.Build.0 = Release|Any CPU
		{82AFDA65-515E-4EC0-A415-77D8A6711508}.Release-JP|Any CPU.ActiveCfg = Release|Any CPU
		{82AFDA65-515E-4EC0-A415-77D8A6711508}.Release-JP|Any CPU.Build.0 = Release|Any CPU
		{82AFDA65-515E-4EC0-A415-77D8A6711508}.Release-JP|ARM.ActiveCfg = Release|Any CPU
		{82AFDA65-515E-4EC0-A415-77D8A6711508}.Release-JP|ARM.Build.0 = Release|Any CPU
		{82AFDA65-515E-4EC0-A415-77D8A6711508}.Release-JP|x64.ActiveCfg = Release|Any CPU
		{82AFDA65-515E-4EC0-A415-77D8A6711508}.Release-JP|x64.Build.0 = Release|Any CPU
		{82AFDA65-515E-4EC0-A415-77D8A6711508}.Release-JP|x86.ActiveCfg = Release|Any CPU
		{82AFDA65-515E-4EC0-A415-77D8A6711508}.Release-JP|x86.Build.0 = Release|Any CPU
		{B4B78BB2-1B7C-4CF2-BC72-43789EEDCE00}.Debug|Any CPU.ActiveCfg = Debug|Any CPU
		{B4B78BB2-1B7C-4CF2-BC72-43789EEDCE00}.Debug|Any CPU.Build.0 = Debug|Any CPU
		{B4B78BB2-1B7C-4CF2-BC72-43789EEDCE00}.Debug|ARM.ActiveCfg = Debug|Any CPU
		{B4B78BB2-1B7C-4CF2-BC72-43789EEDCE00}.Debug|ARM.Build.0 = Debug|Any CPU
		{B4B78BB2-1B7C-4CF2-BC72-43789EEDCE00}.Debug|x64.ActiveCfg = Debug|Any CPU
		{B4B78BB2-1B7C-4CF2-BC72-43789EEDCE00}.Debug|x64.Build.0 = Debug|Any CPU
		{B4B78BB2-1B7C-4CF2-BC72-43789EEDCE00}.Debug|x86.ActiveCfg = Debug|Any CPU
		{B4B78BB2-1B7C-4CF2-BC72-43789EEDCE00}.Debug|x86.Build.0 = Debug|Any CPU
		{B4B78BB2-1B7C-4CF2-BC72-43789EEDCE00}.FxCop|Any CPU.ActiveCfg = Release|Any CPU
		{B4B78BB2-1B7C-4CF2-BC72-43789EEDCE00}.FxCop|Any CPU.Build.0 = Release|Any CPU
		{B4B78BB2-1B7C-4CF2-BC72-43789EEDCE00}.FxCop|ARM.ActiveCfg = Release|Any CPU
		{B4B78BB2-1B7C-4CF2-BC72-43789EEDCE00}.FxCop|ARM.Build.0 = Release|Any CPU
		{B4B78BB2-1B7C-4CF2-BC72-43789EEDCE00}.FxCop|x64.ActiveCfg = Release|Any CPU
		{B4B78BB2-1B7C-4CF2-BC72-43789EEDCE00}.FxCop|x64.Build.0 = Release|Any CPU
		{B4B78BB2-1B7C-4CF2-BC72-43789EEDCE00}.FxCop|x86.ActiveCfg = Release|Any CPU
		{B4B78BB2-1B7C-4CF2-BC72-43789EEDCE00}.FxCop|x86.Build.0 = Release|Any CPU
		{B4B78BB2-1B7C-4CF2-BC72-43789EEDCE00}.Release|Any CPU.ActiveCfg = Release|Any CPU
		{B4B78BB2-1B7C-4CF2-BC72-43789EEDCE00}.Release|Any CPU.Build.0 = Release|Any CPU
		{B4B78BB2-1B7C-4CF2-BC72-43789EEDCE00}.Release|ARM.ActiveCfg = Release|Any CPU
		{B4B78BB2-1B7C-4CF2-BC72-43789EEDCE00}.Release|ARM.Build.0 = Release|Any CPU
		{B4B78BB2-1B7C-4CF2-BC72-43789EEDCE00}.Release|x64.ActiveCfg = Release|Any CPU
		{B4B78BB2-1B7C-4CF2-BC72-43789EEDCE00}.Release|x64.Build.0 = Release|Any CPU
		{B4B78BB2-1B7C-4CF2-BC72-43789EEDCE00}.Release|x86.ActiveCfg = Release|Any CPU
		{B4B78BB2-1B7C-4CF2-BC72-43789EEDCE00}.Release|x86.Build.0 = Release|Any CPU
		{B4B78BB2-1B7C-4CF2-BC72-43789EEDCE00}.Release-JP|Any CPU.ActiveCfg = Release|Any CPU
		{B4B78BB2-1B7C-4CF2-BC72-43789EEDCE00}.Release-JP|Any CPU.Build.0 = Release|Any CPU
		{B4B78BB2-1B7C-4CF2-BC72-43789EEDCE00}.Release-JP|ARM.ActiveCfg = Release|Any CPU
		{B4B78BB2-1B7C-4CF2-BC72-43789EEDCE00}.Release-JP|ARM.Build.0 = Release|Any CPU
		{B4B78BB2-1B7C-4CF2-BC72-43789EEDCE00}.Release-JP|x64.ActiveCfg = Release|Any CPU
		{B4B78BB2-1B7C-4CF2-BC72-43789EEDCE00}.Release-JP|x64.Build.0 = Release|Any CPU
		{B4B78BB2-1B7C-4CF2-BC72-43789EEDCE00}.Release-JP|x86.ActiveCfg = Release|Any CPU
		{B4B78BB2-1B7C-4CF2-BC72-43789EEDCE00}.Release-JP|x86.Build.0 = Release|Any CPU
		{8E7279F8-F801-4672-B42F-1ED2C68B16A4}.Debug|Any CPU.ActiveCfg = Debug|Win32
		{8E7279F8-F801-4672-B42F-1ED2C68B16A4}.Debug|ARM.ActiveCfg = Debug|Win32
		{8E7279F8-F801-4672-B42F-1ED2C68B16A4}.Debug|x64.ActiveCfg = Release|x64
		{8E7279F8-F801-4672-B42F-1ED2C68B16A4}.Debug|x64.Build.0 = Release|x64
		{8E7279F8-F801-4672-B42F-1ED2C68B16A4}.Debug|x86.ActiveCfg = Release|Win32
		{8E7279F8-F801-4672-B42F-1ED2C68B16A4}.Debug|x86.Build.0 = Release|Win32
		{8E7279F8-F801-4672-B42F-1ED2C68B16A4}.FxCop|Any CPU.ActiveCfg = Release|x64
		{8E7279F8-F801-4672-B42F-1ED2C68B16A4}.FxCop|Any CPU.Build.0 = Release|x64
		{8E7279F8-F801-4672-B42F-1ED2C68B16A4}.FxCop|ARM.ActiveCfg = Release|Win32
		{8E7279F8-F801-4672-B42F-1ED2C68B16A4}.FxCop|x64.ActiveCfg = Release|x64
		{8E7279F8-F801-4672-B42F-1ED2C68B16A4}.FxCop|x64.Build.0 = Release|x64
		{8E7279F8-F801-4672-B42F-1ED2C68B16A4}.FxCop|x86.ActiveCfg = Release|Win32
		{8E7279F8-F801-4672-B42F-1ED2C68B16A4}.FxCop|x86.Build.0 = Release|Win32
		{8E7279F8-F801-4672-B42F-1ED2C68B16A4}.Release|Any CPU.ActiveCfg = Release|x64
		{8E7279F8-F801-4672-B42F-1ED2C68B16A4}.Release|Any CPU.Build.0 = Release|x64
		{8E7279F8-F801-4672-B42F-1ED2C68B16A4}.Release|ARM.ActiveCfg = Release|Win32
		{8E7279F8-F801-4672-B42F-1ED2C68B16A4}.Release|x64.ActiveCfg = Release|x64
		{8E7279F8-F801-4672-B42F-1ED2C68B16A4}.Release|x64.Build.0 = Release|x64
		{8E7279F8-F801-4672-B42F-1ED2C68B16A4}.Release|x86.ActiveCfg = Release|Win32
		{8E7279F8-F801-4672-B42F-1ED2C68B16A4}.Release|x86.Build.0 = Release|Win32
		{8E7279F8-F801-4672-B42F-1ED2C68B16A4}.Release-JP|Any CPU.ActiveCfg = Release|x64
		{8E7279F8-F801-4672-B42F-1ED2C68B16A4}.Release-JP|Any CPU.Build.0 = Release|x64
		{8E7279F8-F801-4672-B42F-1ED2C68B16A4}.Release-JP|ARM.ActiveCfg = Release|Win32
		{8E7279F8-F801-4672-B42F-1ED2C68B16A4}.Release-JP|x64.ActiveCfg = Release|x64
		{8E7279F8-F801-4672-B42F-1ED2C68B16A4}.Release-JP|x64.Build.0 = Release|x64
		{8E7279F8-F801-4672-B42F-1ED2C68B16A4}.Release-JP|x86.ActiveCfg = Release|Win32
		{8E7279F8-F801-4672-B42F-1ED2C68B16A4}.Release-JP|x86.Build.0 = Release|Win32
		{4232CB4A-DFE3-46CA-9503-C5F1798BAED3}.Debug|Any CPU.ActiveCfg = Debug|Any CPU
		{4232CB4A-DFE3-46CA-9503-C5F1798BAED3}.Debug|Any CPU.Build.0 = Debug|Any CPU
		{4232CB4A-DFE3-46CA-9503-C5F1798BAED3}.Debug|ARM.ActiveCfg = Debug|Any CPU
		{4232CB4A-DFE3-46CA-9503-C5F1798BAED3}.Debug|ARM.Build.0 = Debug|Any CPU
		{4232CB4A-DFE3-46CA-9503-C5F1798BAED3}.Debug|x64.ActiveCfg = Debug|Any CPU
		{4232CB4A-DFE3-46CA-9503-C5F1798BAED3}.Debug|x64.Build.0 = Debug|Any CPU
		{4232CB4A-DFE3-46CA-9503-C5F1798BAED3}.Debug|x86.ActiveCfg = Debug|Any CPU
		{4232CB4A-DFE3-46CA-9503-C5F1798BAED3}.Debug|x86.Build.0 = Debug|Any CPU
		{4232CB4A-DFE3-46CA-9503-C5F1798BAED3}.FxCop|Any CPU.ActiveCfg = Release|Any CPU
		{4232CB4A-DFE3-46CA-9503-C5F1798BAED3}.FxCop|Any CPU.Build.0 = Release|Any CPU
		{4232CB4A-DFE3-46CA-9503-C5F1798BAED3}.FxCop|ARM.ActiveCfg = Release|Any CPU
		{4232CB4A-DFE3-46CA-9503-C5F1798BAED3}.FxCop|ARM.Build.0 = Release|Any CPU
		{4232CB4A-DFE3-46CA-9503-C5F1798BAED3}.FxCop|x64.ActiveCfg = Release|Any CPU
		{4232CB4A-DFE3-46CA-9503-C5F1798BAED3}.FxCop|x64.Build.0 = Release|Any CPU
		{4232CB4A-DFE3-46CA-9503-C5F1798BAED3}.FxCop|x86.ActiveCfg = Release|Any CPU
		{4232CB4A-DFE3-46CA-9503-C5F1798BAED3}.FxCop|x86.Build.0 = Release|Any CPU
		{4232CB4A-DFE3-46CA-9503-C5F1798BAED3}.Release|Any CPU.ActiveCfg = Release|Any CPU
		{4232CB4A-DFE3-46CA-9503-C5F1798BAED3}.Release|Any CPU.Build.0 = Release|Any CPU
		{4232CB4A-DFE3-46CA-9503-C5F1798BAED3}.Release|ARM.ActiveCfg = Release|Any CPU
		{4232CB4A-DFE3-46CA-9503-C5F1798BAED3}.Release|ARM.Build.0 = Release|Any CPU
		{4232CB4A-DFE3-46CA-9503-C5F1798BAED3}.Release|x64.ActiveCfg = Release|Any CPU
		{4232CB4A-DFE3-46CA-9503-C5F1798BAED3}.Release|x64.Build.0 = Release|Any CPU
		{4232CB4A-DFE3-46CA-9503-C5F1798BAED3}.Release|x86.ActiveCfg = Release|Any CPU
		{4232CB4A-DFE3-46CA-9503-C5F1798BAED3}.Release|x86.Build.0 = Release|Any CPU
		{4232CB4A-DFE3-46CA-9503-C5F1798BAED3}.Release-JP|Any CPU.ActiveCfg = Release|Any CPU
		{4232CB4A-DFE3-46CA-9503-C5F1798BAED3}.Release-JP|Any CPU.Build.0 = Release|Any CPU
		{4232CB4A-DFE3-46CA-9503-C5F1798BAED3}.Release-JP|ARM.ActiveCfg = Release|Any CPU
		{4232CB4A-DFE3-46CA-9503-C5F1798BAED3}.Release-JP|ARM.Build.0 = Release|Any CPU
		{4232CB4A-DFE3-46CA-9503-C5F1798BAED3}.Release-JP|x64.ActiveCfg = Release|Any CPU
		{4232CB4A-DFE3-46CA-9503-C5F1798BAED3}.Release-JP|x64.Build.0 = Release|Any CPU
		{4232CB4A-DFE3-46CA-9503-C5F1798BAED3}.Release-JP|x86.ActiveCfg = Release|Any CPU
		{4232CB4A-DFE3-46CA-9503-C5F1798BAED3}.Release-JP|x86.Build.0 = Release|Any CPU
		{E2C8C528-B7C7-40AF-BB7F-1147A41E2E23}.Debug|Any CPU.ActiveCfg = Debug|Any CPU
		{E2C8C528-B7C7-40AF-BB7F-1147A41E2E23}.Debug|Any CPU.Build.0 = Debug|Any CPU
		{E2C8C528-B7C7-40AF-BB7F-1147A41E2E23}.Debug|ARM.ActiveCfg = Debug|Any CPU
		{E2C8C528-B7C7-40AF-BB7F-1147A41E2E23}.Debug|ARM.Build.0 = Debug|Any CPU
		{E2C8C528-B7C7-40AF-BB7F-1147A41E2E23}.Debug|x64.ActiveCfg = Debug|Any CPU
		{E2C8C528-B7C7-40AF-BB7F-1147A41E2E23}.Debug|x64.Build.0 = Debug|Any CPU
		{E2C8C528-B7C7-40AF-BB7F-1147A41E2E23}.Debug|x86.ActiveCfg = Debug|Any CPU
		{E2C8C528-B7C7-40AF-BB7F-1147A41E2E23}.Debug|x86.Build.0 = Debug|Any CPU
		{E2C8C528-B7C7-40AF-BB7F-1147A41E2E23}.FxCop|Any CPU.ActiveCfg = Release|Any CPU
		{E2C8C528-B7C7-40AF-BB7F-1147A41E2E23}.FxCop|Any CPU.Build.0 = Release|Any CPU
		{E2C8C528-B7C7-40AF-BB7F-1147A41E2E23}.FxCop|ARM.ActiveCfg = Release|Any CPU
		{E2C8C528-B7C7-40AF-BB7F-1147A41E2E23}.FxCop|ARM.Build.0 = Release|Any CPU
		{E2C8C528-B7C7-40AF-BB7F-1147A41E2E23}.FxCop|x64.ActiveCfg = Release|Any CPU
		{E2C8C528-B7C7-40AF-BB7F-1147A41E2E23}.FxCop|x64.Build.0 = Release|Any CPU
		{E2C8C528-B7C7-40AF-BB7F-1147A41E2E23}.FxCop|x86.ActiveCfg = Release|Any CPU
		{E2C8C528-B7C7-40AF-BB7F-1147A41E2E23}.FxCop|x86.Build.0 = Release|Any CPU
		{E2C8C528-B7C7-40AF-BB7F-1147A41E2E23}.Release|Any CPU.ActiveCfg = Release|Any CPU
		{E2C8C528-B7C7-40AF-BB7F-1147A41E2E23}.Release|Any CPU.Build.0 = Release|Any CPU
		{E2C8C528-B7C7-40AF-BB7F-1147A41E2E23}.Release|ARM.ActiveCfg = Release|Any CPU
		{E2C8C528-B7C7-40AF-BB7F-1147A41E2E23}.Release|ARM.Build.0 = Release|Any CPU
		{E2C8C528-B7C7-40AF-BB7F-1147A41E2E23}.Release|x64.ActiveCfg = Release|Any CPU
		{E2C8C528-B7C7-40AF-BB7F-1147A41E2E23}.Release|x64.Build.0 = Release|Any CPU
		{E2C8C528-B7C7-40AF-BB7F-1147A41E2E23}.Release|x86.ActiveCfg = Release|Any CPU
		{E2C8C528-B7C7-40AF-BB7F-1147A41E2E23}.Release|x86.Build.0 = Release|Any CPU
		{E2C8C528-B7C7-40AF-BB7F-1147A41E2E23}.Release-JP|Any CPU.ActiveCfg = Release|Any CPU
		{E2C8C528-B7C7-40AF-BB7F-1147A41E2E23}.Release-JP|Any CPU.Build.0 = Release|Any CPU
		{E2C8C528-B7C7-40AF-BB7F-1147A41E2E23}.Release-JP|ARM.ActiveCfg = Release|Any CPU
		{E2C8C528-B7C7-40AF-BB7F-1147A41E2E23}.Release-JP|ARM.Build.0 = Release|Any CPU
		{E2C8C528-B7C7-40AF-BB7F-1147A41E2E23}.Release-JP|x64.ActiveCfg = Release|Any CPU
		{E2C8C528-B7C7-40AF-BB7F-1147A41E2E23}.Release-JP|x64.Build.0 = Release|Any CPU
		{E2C8C528-B7C7-40AF-BB7F-1147A41E2E23}.Release-JP|x86.ActiveCfg = Release|Any CPU
		{E2C8C528-B7C7-40AF-BB7F-1147A41E2E23}.Release-JP|x86.Build.0 = Release|Any CPU
		{CC19F9A5-01A7-4BDF-B34C-CF56F46A474A}.Debug|Any CPU.ActiveCfg = Debug|Any CPU
		{CC19F9A5-01A7-4BDF-B34C-CF56F46A474A}.Debug|Any CPU.Build.0 = Debug|Any CPU
		{CC19F9A5-01A7-4BDF-B34C-CF56F46A474A}.Debug|ARM.ActiveCfg = Debug|Any CPU
		{CC19F9A5-01A7-4BDF-B34C-CF56F46A474A}.Debug|ARM.Build.0 = Debug|Any CPU
		{CC19F9A5-01A7-4BDF-B34C-CF56F46A474A}.Debug|x64.ActiveCfg = Debug|Any CPU
		{CC19F9A5-01A7-4BDF-B34C-CF56F46A474A}.Debug|x64.Build.0 = Debug|Any CPU
		{CC19F9A5-01A7-4BDF-B34C-CF56F46A474A}.Debug|x86.ActiveCfg = Debug|Any CPU
		{CC19F9A5-01A7-4BDF-B34C-CF56F46A474A}.Debug|x86.Build.0 = Debug|Any CPU
		{CC19F9A5-01A7-4BDF-B34C-CF56F46A474A}.FxCop|Any CPU.ActiveCfg = Release|Any CPU
		{CC19F9A5-01A7-4BDF-B34C-CF56F46A474A}.FxCop|Any CPU.Build.0 = Release|Any CPU
		{CC19F9A5-01A7-4BDF-B34C-CF56F46A474A}.FxCop|ARM.ActiveCfg = Release|Any CPU
		{CC19F9A5-01A7-4BDF-B34C-CF56F46A474A}.FxCop|ARM.Build.0 = Release|Any CPU
		{CC19F9A5-01A7-4BDF-B34C-CF56F46A474A}.FxCop|x64.ActiveCfg = Release|Any CPU
		{CC19F9A5-01A7-4BDF-B34C-CF56F46A474A}.FxCop|x64.Build.0 = Release|Any CPU
		{CC19F9A5-01A7-4BDF-B34C-CF56F46A474A}.FxCop|x86.ActiveCfg = Release|Any CPU
		{CC19F9A5-01A7-4BDF-B34C-CF56F46A474A}.FxCop|x86.Build.0 = Release|Any CPU
		{CC19F9A5-01A7-4BDF-B34C-CF56F46A474A}.Release|Any CPU.ActiveCfg = Release|Any CPU
		{CC19F9A5-01A7-4BDF-B34C-CF56F46A474A}.Release|Any CPU.Build.0 = Release|Any CPU
		{CC19F9A5-01A7-4BDF-B34C-CF56F46A474A}.Release|ARM.ActiveCfg = Release|Any CPU
		{CC19F9A5-01A7-4BDF-B34C-CF56F46A474A}.Release|ARM.Build.0 = Release|Any CPU
		{CC19F9A5-01A7-4BDF-B34C-CF56F46A474A}.Release|x64.ActiveCfg = Release|Any CPU
		{CC19F9A5-01A7-4BDF-B34C-CF56F46A474A}.Release|x64.Build.0 = Release|Any CPU
		{CC19F9A5-01A7-4BDF-B34C-CF56F46A474A}.Release|x86.ActiveCfg = Release|Any CPU
		{CC19F9A5-01A7-4BDF-B34C-CF56F46A474A}.Release|x86.Build.0 = Release|Any CPU
		{CC19F9A5-01A7-4BDF-B34C-CF56F46A474A}.Release-JP|Any CPU.ActiveCfg = Release|Any CPU
		{CC19F9A5-01A7-4BDF-B34C-CF56F46A474A}.Release-JP|Any CPU.Build.0 = Release|Any CPU
		{CC19F9A5-01A7-4BDF-B34C-CF56F46A474A}.Release-JP|ARM.ActiveCfg = Release|Any CPU
		{CC19F9A5-01A7-4BDF-B34C-CF56F46A474A}.Release-JP|ARM.Build.0 = Release|Any CPU
		{CC19F9A5-01A7-4BDF-B34C-CF56F46A474A}.Release-JP|x64.ActiveCfg = Release|Any CPU
		{CC19F9A5-01A7-4BDF-B34C-CF56F46A474A}.Release-JP|x64.Build.0 = Release|Any CPU
		{CC19F9A5-01A7-4BDF-B34C-CF56F46A474A}.Release-JP|x86.ActiveCfg = Release|Any CPU
		{CC19F9A5-01A7-4BDF-B34C-CF56F46A474A}.Release-JP|x86.Build.0 = Release|Any CPU
		{BD5471E5-7B55-5192-8DA4-042B66AF71AE}.Debug|Any CPU.ActiveCfg = Debug|Win32
		{BD5471E5-7B55-5192-8DA4-042B66AF71AE}.Debug|ARM.ActiveCfg = Debug|ARM
		{BD5471E5-7B55-5192-8DA4-042B66AF71AE}.Debug|x64.ActiveCfg = Release|x64
		{BD5471E5-7B55-5192-8DA4-042B66AF71AE}.Debug|x64.Build.0 = Release|x64
		{BD5471E5-7B55-5192-8DA4-042B66AF71AE}.Debug|x86.ActiveCfg = Release|Win32
		{BD5471E5-7B55-5192-8DA4-042B66AF71AE}.Debug|x86.Build.0 = Release|Win32
		{BD5471E5-7B55-5192-8DA4-042B66AF71AE}.FxCop|Any CPU.ActiveCfg = Release|Win32
		{BD5471E5-7B55-5192-8DA4-042B66AF71AE}.FxCop|ARM.ActiveCfg = Release|ARM
		{BD5471E5-7B55-5192-8DA4-042B66AF71AE}.FxCop|ARM.Build.0 = Release|ARM
		{BD5471E5-7B55-5192-8DA4-042B66AF71AE}.FxCop|x64.ActiveCfg = Release|x64
		{BD5471E5-7B55-5192-8DA4-042B66AF71AE}.FxCop|x64.Build.0 = Release|x64
		{BD5471E5-7B55-5192-8DA4-042B66AF71AE}.FxCop|x86.ActiveCfg = Release|Win32
		{BD5471E5-7B55-5192-8DA4-042B66AF71AE}.FxCop|x86.Build.0 = Release|Win32
		{BD5471E5-7B55-5192-8DA4-042B66AF71AE}.Release|Any CPU.ActiveCfg = Release|Win32
		{BD5471E5-7B55-5192-8DA4-042B66AF71AE}.Release|ARM.ActiveCfg = Release|ARM
		{BD5471E5-7B55-5192-8DA4-042B66AF71AE}.Release|ARM.Build.0 = Release|ARM
		{BD5471E5-7B55-5192-8DA4-042B66AF71AE}.Release|x64.ActiveCfg = Release|x64
		{BD5471E5-7B55-5192-8DA4-042B66AF71AE}.Release|x64.Build.0 = Release|x64
		{BD5471E5-7B55-5192-8DA4-042B66AF71AE}.Release|x86.ActiveCfg = Release|Win32
		{BD5471E5-7B55-5192-8DA4-042B66AF71AE}.Release|x86.Build.0 = Release|Win32
		{BD5471E5-7B55-5192-8DA4-042B66AF71AE}.Release-JP|Any CPU.ActiveCfg = Release|x64
		{BD5471E5-7B55-5192-8DA4-042B66AF71AE}.Release-JP|Any CPU.Build.0 = Release|x64
		{BD5471E5-7B55-5192-8DA4-042B66AF71AE}.Release-JP|ARM.ActiveCfg = Release|ARM
		{BD5471E5-7B55-5192-8DA4-042B66AF71AE}.Release-JP|ARM.Build.0 = Release|ARM
		{BD5471E5-7B55-5192-8DA4-042B66AF71AE}.Release-JP|x64.ActiveCfg = Release|x64
		{BD5471E5-7B55-5192-8DA4-042B66AF71AE}.Release-JP|x64.Build.0 = Release|x64
		{BD5471E5-7B55-5192-8DA4-042B66AF71AE}.Release-JP|x86.ActiveCfg = Release|Win32
		{BD5471E5-7B55-5192-8DA4-042B66AF71AE}.Release-JP|x86.Build.0 = Release|Win32
		{01FD66CE-F81A-4641-BE30-3CF9DE84D6D5}.Debug|Any CPU.ActiveCfg = Debug|Any CPU
		{01FD66CE-F81A-4641-BE30-3CF9DE84D6D5}.Debug|Any CPU.Build.0 = Debug|Any CPU
		{01FD66CE-F81A-4641-BE30-3CF9DE84D6D5}.Debug|ARM.ActiveCfg = Debug|Any CPU
		{01FD66CE-F81A-4641-BE30-3CF9DE84D6D5}.Debug|ARM.Build.0 = Debug|Any CPU
		{01FD66CE-F81A-4641-BE30-3CF9DE84D6D5}.Debug|x64.ActiveCfg = Debug|Any CPU
		{01FD66CE-F81A-4641-BE30-3CF9DE84D6D5}.Debug|x64.Build.0 = Debug|Any CPU
		{01FD66CE-F81A-4641-BE30-3CF9DE84D6D5}.Debug|x86.ActiveCfg = Debug|Any CPU
		{01FD66CE-F81A-4641-BE30-3CF9DE84D6D5}.Debug|x86.Build.0 = Debug|Any CPU
		{01FD66CE-F81A-4641-BE30-3CF9DE84D6D5}.FxCop|Any CPU.ActiveCfg = Debug|Any CPU
		{01FD66CE-F81A-4641-BE30-3CF9DE84D6D5}.FxCop|Any CPU.Build.0 = Debug|Any CPU
		{01FD66CE-F81A-4641-BE30-3CF9DE84D6D5}.FxCop|ARM.ActiveCfg = Debug|Any CPU
		{01FD66CE-F81A-4641-BE30-3CF9DE84D6D5}.FxCop|ARM.Build.0 = Debug|Any CPU
		{01FD66CE-F81A-4641-BE30-3CF9DE84D6D5}.FxCop|x64.ActiveCfg = Debug|Any CPU
		{01FD66CE-F81A-4641-BE30-3CF9DE84D6D5}.FxCop|x64.Build.0 = Debug|Any CPU
		{01FD66CE-F81A-4641-BE30-3CF9DE84D6D5}.FxCop|x86.ActiveCfg = Debug|Any CPU
		{01FD66CE-F81A-4641-BE30-3CF9DE84D6D5}.FxCop|x86.Build.0 = Debug|Any CPU
		{01FD66CE-F81A-4641-BE30-3CF9DE84D6D5}.Release|Any CPU.ActiveCfg = Release|Any CPU
		{01FD66CE-F81A-4641-BE30-3CF9DE84D6D5}.Release|Any CPU.Build.0 = Release|Any CPU
		{01FD66CE-F81A-4641-BE30-3CF9DE84D6D5}.Release|ARM.ActiveCfg = Release|Any CPU
		{01FD66CE-F81A-4641-BE30-3CF9DE84D6D5}.Release|ARM.Build.0 = Release|Any CPU
		{01FD66CE-F81A-4641-BE30-3CF9DE84D6D5}.Release|x64.ActiveCfg = Release|Any CPU
		{01FD66CE-F81A-4641-BE30-3CF9DE84D6D5}.Release|x64.Build.0 = Release|Any CPU
		{01FD66CE-F81A-4641-BE30-3CF9DE84D6D5}.Release|x86.ActiveCfg = Release|Any CPU
		{01FD66CE-F81A-4641-BE30-3CF9DE84D6D5}.Release|x86.Build.0 = Release|Any CPU
		{01FD66CE-F81A-4641-BE30-3CF9DE84D6D5}.Release-JP|Any CPU.ActiveCfg = Release|Any CPU
		{01FD66CE-F81A-4641-BE30-3CF9DE84D6D5}.Release-JP|Any CPU.Build.0 = Release|Any CPU
		{01FD66CE-F81A-4641-BE30-3CF9DE84D6D5}.Release-JP|ARM.ActiveCfg = Release|Any CPU
		{01FD66CE-F81A-4641-BE30-3CF9DE84D6D5}.Release-JP|ARM.Build.0 = Release|Any CPU
		{01FD66CE-F81A-4641-BE30-3CF9DE84D6D5}.Release-JP|x64.ActiveCfg = Release|Any CPU
		{01FD66CE-F81A-4641-BE30-3CF9DE84D6D5}.Release-JP|x64.Build.0 = Release|Any CPU
		{01FD66CE-F81A-4641-BE30-3CF9DE84D6D5}.Release-JP|x86.ActiveCfg = Release|Any CPU
		{01FD66CE-F81A-4641-BE30-3CF9DE84D6D5}.Release-JP|x86.Build.0 = Release|Any CPU
	EndGlobalSection
	GlobalSection(SolutionProperties) = preSolution
		HideSolutionNode = FALSE
	EndGlobalSection
	GlobalSection(NestedProjects) = preSolution
		{EB310923-197F-4E20-B123-3A3E7F1D5069} = {E048D213-B3B9-453F-9A41-29FDEB0D496B}
		{FFBBCF99-97F0-4F81-AAF6-8D851A8E1D2E} = {1F113DD0-E292-47A5-8EFF-3FB5D0869BF3}
		{82AFDA65-515E-4EC0-A415-77D8A6711508} = {E048D213-B3B9-453F-9A41-29FDEB0D496B}
		{B4B78BB2-1B7C-4CF2-BC72-43789EEDCE00} = {E048D213-B3B9-453F-9A41-29FDEB0D496B}
		{8E7279F8-F801-4672-B42F-1ED2C68B16A4} = {E048D213-B3B9-453F-9A41-29FDEB0D496B}
		{4232CB4A-DFE3-46CA-9503-C5F1798BAED3} = {E048D213-B3B9-453F-9A41-29FDEB0D496B}
		{E2C8C528-B7C7-40AF-BB7F-1147A41E2E23} = {A6E578C0-A34A-4CCF-A808-CBAC81CB48C0}
		{CC19F9A5-01A7-4BDF-B34C-CF56F46A474A} = {A6E578C0-A34A-4CCF-A808-CBAC81CB48C0}
		{BD5471E5-7B55-5192-8DA4-042B66AF71AE} = {E048D213-B3B9-453F-9A41-29FDEB0D496B}
		{01FD66CE-F81A-4641-BE30-3CF9DE84D6D5} = {E048D213-B3B9-453F-9A41-29FDEB0D496B}
	EndGlobalSection
	GlobalSection(ExtensibilityGlobals) = postSolution
		SolutionGuid = {60DD551B-ED40-447E-AABE-B408178D29D1}
	EndGlobalSection
EndGlobal
