
Microsoft Visual Studio Solution File, Format Version 12.00
# Visual Studio 2013
VisualStudioVersion = 12.0.40629.0
MinimumVisualStudioVersion = 10.0.40219.1
Project("{FAE04EC0-301F-11D3-BF4B-00C04F79EFBC}") = "OpenCvSharp.DebuggerVisualizers2015", "OpenCvSharp.DebuggerVisualizers2015.csproj", "{C8D2EAD7-DAA4-48DC-B32F-2602F4F04A2F}"
EndProject
Global
	GlobalSection(SolutionConfigurationPlatforms) = preSolution
		Debug|Any CPU = Debug|Any CPU
		Release|Any CPU = Release|Any CPU
	EndGlobalSection
	GlobalSection(ProjectConfigurationPlatforms) = postSolution
		{C8D2EAD7-DAA4-48DC-B32F-2602F4F04A2F}.Debug|Any CPU.ActiveCfg = Debug|Any CPU
		{C8D2EAD7-DAA4-48DC-B32F-2602F4F04A2F}.Debug|Any CPU.Build.0 = Debug|Any CPU
		{C8D2EAD7-DAA4-48DC-B32F-2602F4F04A2F}.Release|Any CPU.ActiveCfg = Release|Any CPU
		{C8D2EAD7-DAA4-48DC-B32F-2602F4F04A2F}.Release|Any CPU.Build.0 = Release|Any CPU
	EndGlobalSection
	GlobalSection(SolutionProperties) = preSolution
		HideSolutionNode = FALSE
	EndGlobalSection
EndGlobal
