<?xml version="1.0" encoding="utf-8"?>
<Project ToolsVersion="4.0" xmlns="http://schemas.microsoft.com/developer/msbuild/2003">
  <ItemGroup>
    <ClCompile Include="aruco.cpp">
      <Filter>Source Files</Filter>
    </ClCompile>
    <ClCompile Include="bgsegm.cpp">
      <Filter>Source Files</Filter>
    </ClCompile>
    <ClCompile Include="calib3d.cpp">
      <Filter>Source Files</Filter>
    </ClCompile>
    <ClCompile Include="core.cpp">
      <Filter>Source Files</Filter>
    </ClCompile>
    <ClCompile Include="cuda.cpp">
      <Filter>Source Files</Filter>
    </ClCompile>
    <ClCompile Include="dnn.cpp">
      <Filter>Source Files</Filter>
    </ClCompile>
    <ClCompile Include="dnn_superres.cpp">
      <Filter>Source Files</Filter>
    </ClCompile>
    <ClCompile Include="face.cpp">
      <Filter>Source Files</Filter>
    </ClCompile>
    <ClCompile Include="features2d.cpp">
      <Filter>Source Files</Filter>
    </ClCompile>
    <ClCompile Include="img_hash.cpp">
      <Filter>Source Files</Filter>
    </ClCompile>
    <ClCompile Include="highgui.cpp">
      <Filter>Source Files</Filter>
    </ClCompile>
    <ClCompile Include="imgcodecs.cpp">
      <Filter>Source Files</Filter>
    </ClCompile>
    <ClCompile Include="imgproc.cpp">
      <Filter>Source Files</Filter>
    </ClCompile>
    <ClCompile Include="line_descriptor.cpp">
      <Filter>Source Files</Filter>
    </ClCompile>
    <ClCompile Include="flann.cpp">
      <Filter>Source Files</Filter>
    </ClCompile>
    <ClCompile Include="ml.cpp">
      <Filter>Source Files</Filter>
    </ClCompile>
    <ClCompile Include="objdetect.cpp">
      <Filter>Source Files</Filter>
    </ClCompile>
    <ClCompile Include="optflow.cpp">
      <Filter>Source Files</Filter>
    </ClCompile>
    <ClCompile Include="photo.cpp">
      <Filter>Source Files</Filter>
    </ClCompile>
    <ClCompile Include="quality.cpp">
      <Filter>Source Files</Filter>
    </ClCompile>
    <ClCompile Include="shape.cpp">
      <Filter>Source Files</Filter>
    </ClCompile>
    <ClCompile Include="std_vector.cpp">
      <Filter>Source Files</Filter>
    </ClCompile>
    <ClCompile Include="std_string.cpp">
      <Filter>Source Files</Filter>
    </ClCompile>
    <ClCompile Include="text.cpp">
      <Filter>Source Files</Filter>
    </ClCompile>
    <ClCompile Include="superres.cpp">
      <Filter>Source Files</Filter>
    </ClCompile>
    <ClCompile Include="stitching.cpp">
      <Filter>Source Files</Filter>
    </ClCompile>
    <ClCompile Include="tracking.cpp">
      <Filter>Source Files</Filter>
    </ClCompile>
    <ClCompile Include="video.cpp">
      <Filter>Source Files</Filter>
    </ClCompile>
    <ClCompile Include="videoio.cpp">
      <Filter>Source Files</Filter>
    </ClCompile>
    <ClCompile Include="xfeatures2d.cpp">
      <Filter>Source Files</Filter>
    </ClCompile>
    <ClCompile Include="ximgproc.cpp">
      <Filter>Source Files</Filter>
    </ClCompile>
    <ClCompile Include="xphoto.cpp">
      <Filter>Source Files</Filter>
    </ClCompile>
    <ClCompile Include="wechat_qrcode.cpp">
      <Filter>Source Files</Filter>
    </ClCompile>
  </ItemGroup>
  <ItemGroup>
    <ClInclude Include="bgsegm.h">
      <Filter>Header Files</Filter>
    </ClInclude>
    <ClInclude Include="aruco.h">
      <Filter>Header Files</Filter>
    </ClInclude>
    <ClInclude Include="core.h">
      <Filter>Header Files\core</Filter>
    </ClInclude>
    <ClInclude Include="core_Algorithm.h">
      <Filter>Header Files\core</Filter>
    </ClInclude>
    <ClInclude Include="core_FileNode.h">
      <Filter>Header Files\core</Filter>
    </ClInclude>
    <ClInclude Include="core_FileStorage.h">
      <Filter>Header Files\core</Filter>
    </ClInclude>
    <ClInclude Include="core_InputArray.h">
      <Filter>Header Files\core</Filter>
    </ClInclude>
    <ClInclude Include="core_LDA.h">
      <Filter>Header Files\core</Filter>
    </ClInclude>
    <ClInclude Include="core_Mat.h">
      <Filter>Header Files\core</Filter>
    </ClInclude>
    <ClInclude Include="core_MatExpr.h">
      <Filter>Header Files\core</Filter>
    </ClInclude>
    <ClInclude Include="core_OutputArray.h">
      <Filter>Header Files\core</Filter>
    </ClInclude>
    <ClInclude Include="core_PCA.h">
      <Filter>Header Files\core</Filter>
    </ClInclude>
    <ClInclude Include="core_SparseMat.h">
      <Filter>Header Files\core</Filter>
    </ClInclude>
    <ClInclude Include="core_SVD.h">
      <Filter>Header Files\core</Filter>
    </ClInclude>
    <ClInclude Include="core_UMat.h">
      <Filter>Header Files\core</Filter>
    </ClInclude>
    <ClInclude Include="my_types.h">
      <Filter>Header Files</Filter>
    </ClInclude>
    <ClInclude Include="my_functions.h">
      <Filter>Header Files</Filter>
    </ClInclude>
    <ClInclude Include="line_descriptor.h">
      <Filter>Header Files</Filter>
    </ClInclude>
    <ClInclude Include="include_opencv.h">
      <Filter>Header Files</Filter>
    </ClInclude>
    <ClInclude Include="imgcodecs.h">
      <Filter>Header Files</Filter>
    </ClInclude>
    <ClInclude Include="img_hash.h">
      <Filter>Header Files</Filter>
    </ClInclude>
    <ClInclude Include="highgui.h">
      <Filter>Header Files</Filter>
    </ClInclude>
    <ClInclude Include="std_string.h">
      <Filter>Header Files</Filter>
    </ClInclude>
    <ClInclude Include="quality.h">
      <Filter>Header Files</Filter>
    </ClInclude>
    <ClInclude Include="xphoto.h">
      <Filter>Header Files</Filter>
    </ClInclude>
    <ClInclude Include="xfeatures2d.h">
      <Filter>Header Files</Filter>
    </ClInclude>
    <ClInclude Include="videoio.h">
      <Filter>Header Files</Filter>
    </ClInclude>
    <ClInclude Include="superres.h">
      <Filter>Header Files</Filter>
    </ClInclude>
    <ClInclude Include="ml_SVM.h">
      <Filter>Header Files\ml</Filter>
    </ClInclude>
    <ClInclude Include="ml_StatModel.h">
      <Filter>Header Files\ml</Filter>
    </ClInclude>
    <ClInclude Include="ml_RTrees.h">
      <Filter>Header Files\ml</Filter>
    </ClInclude>
    <ClInclude Include="ml_NormalBayesClassifier.h">
      <Filter>Header Files\ml</Filter>
    </ClInclude>
    <ClInclude Include="ml_LogisticRegression.h">
      <Filter>Header Files\ml</Filter>
    </ClInclude>
    <ClInclude Include="ml_KNearest.h">
      <Filter>Header Files\ml</Filter>
    </ClInclude>
    <ClInclude Include="ml_EM.h">
      <Filter>Header Files\ml</Filter>
    </ClInclude>
    <ClInclude Include="ml_DTrees.h">
      <Filter>Header Files\ml</Filter>
    </ClInclude>
    <ClInclude Include="ml_Boost.h">
      <Filter>Header Files\ml</Filter>
    </ClInclude>
    <ClInclude Include="ml_ANN_MLP.h">
      <Filter>Header Files\ml</Filter>
    </ClInclude>
    <ClInclude Include="ml.h">
      <Filter>Header Files\ml</Filter>
    </ClInclude>
    <ClInclude Include="imgproc_Subdiv2D.h">
      <Filter>Header Files\imgproc</Filter>
    </ClInclude>
    <ClInclude Include="imgproc_LineIterator.h">
      <Filter>Header Files\imgproc</Filter>
    </ClInclude>
    <ClInclude Include="imgproc_GeneralizedHough.h">
      <Filter>Header Files\imgproc</Filter>
    </ClInclude>
    <ClInclude Include="imgproc_CLAHE.h">
      <Filter>Header Files\imgproc</Filter>
    </ClInclude>
    <ClInclude Include="imgproc.h">
      <Filter>Header Files\imgproc</Filter>
    </ClInclude>
    <ClInclude Include="ximgproc_SuperPixel.h">
      <Filter>Header Files\ximgproc</Filter>
    </ClInclude>
    <ClInclude Include="ximgproc_StructuredEdgeDetection.h">
      <Filter>Header Files\ximgproc</Filter>
    </ClInclude>
    <ClInclude Include="ximgproc_Segmentation.h">
      <Filter>Header Files\ximgproc</Filter>
    </ClInclude>
    <ClInclude Include="ximgproc_FastLineDetector.h">
      <Filter>Header Files\ximgproc</Filter>
    </ClInclude>
    <ClInclude Include="ximgproc_EdgeFilter.h">
      <Filter>Header Files\ximgproc</Filter>
    </ClInclude>
    <ClInclude Include="ximgproc_EdgeBoxes.h">
      <Filter>Header Files\ximgproc</Filter>
    </ClInclude>
    <ClInclude Include="ximgproc.h">
      <Filter>Header Files\ximgproc</Filter>
    </ClInclude>
    <ClInclude Include="features2d_Feature2D.h">
      <Filter>Header Files\features2d</Filter>
    </ClInclude>
    <ClInclude Include="features2d_DescriptorMatcher.h">
      <Filter>Header Files\features2d</Filter>
    </ClInclude>
    <ClInclude Include="features2d_BOW.h">
      <Filter>Header Files\features2d</Filter>
    </ClInclude>
    <ClInclude Include="features2d.h">
      <Filter>Header Files\features2d</Filter>
    </ClInclude>
    <ClInclude Include="calib3d_StereoMatcher.h">
      <Filter>Header Files\calib3d</Filter>
    </ClInclude>
    <ClInclude Include="calib3d_fisheye.h">
      <Filter>Header Files\calib3d</Filter>
    </ClInclude>
    <ClInclude Include="calib3d.h">
      <Filter>Header Files\calib3d</Filter>
    </ClInclude>
    <ClInclude Include="objdetect_QRCodeDetector.h">
      <Filter>Header Files\objdetect</Filter>
    </ClInclude>
    <ClInclude Include="objdetect_HOGDescriptor.h">
      <Filter>Header Files\objdetect</Filter>
    </ClInclude>
    <ClInclude Include="objdetect.h">
      <Filter>Header Files\objdetect</Filter>
    </ClInclude>
    <ClInclude Include="dnn_superres.h">
      <Filter>Header Files\dnn</Filter>
    </ClInclude>
    <ClInclude Include="dnn_Net.h">
      <Filter>Header Files\dnn</Filter>
    </ClInclude>
    <ClInclude Include="dnn.h">
      <Filter>Header Files\dnn</Filter>
    </ClInclude>
    <ClInclude Include="cuda_GpuMat.h">
      <Filter>Header Files\cuda</Filter>
    </ClInclude>
    <ClInclude Include="cuda.h">
      <Filter>Header Files\cuda</Filter>
    </ClInclude>
    <ClInclude Include="face_FaceRecognizer.h">
      <Filter>Header Files\face</Filter>
    </ClInclude>
    <ClInclude Include="face_Facemark.h">
      <Filter>Header Files\face</Filter>
    </ClInclude>
    <ClInclude Include="flann_IndexParams.h">
      <Filter>Header Files\flann</Filter>
    </ClInclude>
    <ClInclude Include="flann.h">
      <Filter>Header Files\flann</Filter>
    </ClInclude>
    <ClInclude Include="std_vector_primitive.h">
      <Filter>Header Files\std_vector</Filter>
    </ClInclude>
    <ClInclude Include="std_vector_nesting.h">
      <Filter>Header Files\std_vector</Filter>
    </ClInclude>
    <ClInclude Include="std_vector.h">
      <Filter>Header Files\std_vector</Filter>
    </ClInclude>
    <ClInclude Include="stitching.h">
      <Filter>Header Files\stitching</Filter>
    </ClInclude>
    <ClInclude Include="stitching_detail_Matchers.h">
      <Filter>Header Files\stitching</Filter>
    </ClInclude>
    <ClInclude Include="photo_Tonemap.h">
      <Filter>Header Files\photo</Filter>
    </ClInclude>
    <ClInclude Include="photo_HDR.h">
      <Filter>Header Files\photo</Filter>
    </ClInclude>
    <ClInclude Include="photo.h">
      <Filter>Header Files\photo</Filter>
    </ClInclude>
    <ClInclude Include="optflow_motempl.h">
      <Filter>Header Files\optflow</Filter>
    </ClInclude>
    <ClInclude Include="optflow.h">
      <Filter>Header Files\optflow</Filter>
    </ClInclude>
    <ClInclude Include="video_tracking.h">
      <Filter>Header Files\video</Filter>
    </ClInclude>
    <ClInclude Include="video_background_segm.h">
      <Filter>Header Files\video</Filter>
    </ClInclude>
    <ClInclude Include="video.h">
      <Filter>Header Files\video</Filter>
    </ClInclude>
    <ClInclude Include="tracking_UnscentedKalmanFilter.h">
      <Filter>Header Files\tracking</Filter>
    </ClInclude>
    <ClInclude Include="tracking.h">
      <Filter>Header Files\tracking</Filter>
    </ClInclude>
    <ClInclude Include="text_TextDetector.h">
      <Filter>Header Files\text</Filter>
    </ClInclude>
    <ClInclude Include="text.h">
      <Filter>Header Files\text</Filter>
    </ClInclude>
    <ClInclude Include="shape_ShapeDistanceExtractor.h">
      <Filter>Header Files\shape</Filter>
    </ClInclude>
    <ClInclude Include="ximgproc_RidgeDetectionFilter.h">
      <Filter>Header Files\ximgproc</Filter>
    </ClInclude>
    <ClInclude Include="imgproc_Segmentation.h">
      <Filter>Header Files\imgproc</Filter>
    </ClInclude>
    <ClInclude Include="wechat_qrcode.h">
      <Filter>Header Files</Filter>
    </ClInclude>
    <ClInclude Include="imgproc_LineSegmentDetector.h">
      <Filter>Header Files\imgproc</Filter>
    </ClInclude>
  </ItemGroup>
  <ItemGroup>
    <Filter Include="Source Files">
      <UniqueIdentifier>{7cf64a97-436b-4e7c-b5df-8f2cda783780}</UniqueIdentifier>
    </Filter>
    <Filter Include="Header Files">
      <UniqueIdentifier>{a4e507f2-fd1a-4ba4-bdc7-4b686631a280}</UniqueIdentifier>
    </Filter>
    <Filter Include="Header Files\core">
      <UniqueIdentifier>{24e1d695-b7e6-434c-9f2e-83a1cb409209}</UniqueIdentifier>
    </Filter>
    <Filter Include="Header Files\ml">
      <UniqueIdentifier>{4233ccf9-e77f-40b4-8d0b-e4ac49e67711}</UniqueIdentifier>
    </Filter>
    <Filter Include="Header Files\imgproc">
      <UniqueIdentifier>{b9a7effa-cedf-47ed-8151-7f1ebf87d5fd}</UniqueIdentifier>
    </Filter>
    <Filter Include="Header Files\ximgproc">
      <UniqueIdentifier>{78555271-f303-485c-853f-42a14182efa8}</UniqueIdentifier>
    </Filter>
    <Filter Include="Header Files\features2d">
      <UniqueIdentifier>{ecb04cb1-5fe2-49c1-82fe-612b709c0ec3}</UniqueIdentifier>
    </Filter>
    <Filter Include="Header Files\calib3d">
      <UniqueIdentifier>{304e0a93-fb5b-4559-ae8c-cd15c9e86285}</UniqueIdentifier>
    </Filter>
    <Filter Include="Header Files\objdetect">
      <UniqueIdentifier>{ecc26737-c8cf-42cb-9530-609703b6c670}</UniqueIdentifier>
    </Filter>
    <Filter Include="Header Files\dnn">
      <UniqueIdentifier>{e9dfd607-4844-4086-a86b-06882ac2815c}</UniqueIdentifier>
    </Filter>
    <Filter Include="Header Files\cuda">
      <UniqueIdentifier>{071d16dc-3c5e-43da-a662-ff9092f10f32}</UniqueIdentifier>
    </Filter>
    <Filter Include="Header Files\face">
      <UniqueIdentifier>{f9141818-d182-4ada-96a3-17ef091dec53}</UniqueIdentifier>
    </Filter>
    <Filter Include="Header Files\flann">
      <UniqueIdentifier>{7a43ead9-0cbb-40b6-9333-ea6253d8be0e}</UniqueIdentifier>
    </Filter>
    <Filter Include="Header Files\std_vector">
      <UniqueIdentifier>{645e3789-6fa8-4888-9b72-f2d9306dd6de}</UniqueIdentifier>
    </Filter>
    <Filter Include="Header Files\stitching">
      <UniqueIdentifier>{4c55114e-d9de-43a9-8847-2952c064818c}</UniqueIdentifier>
    </Filter>
    <Filter Include="Header Files\photo">
      <UniqueIdentifier>{ba968e69-29f9-400e-8f37-013af8fceeec}</UniqueIdentifier>
    </Filter>
    <Filter Include="Header Files\optflow">
      <UniqueIdentifier>{bf3bad2d-eb30-4f36-a69f-5cdc124aa073}</UniqueIdentifier>
    </Filter>
    <Filter Include="Header Files\video">
      <UniqueIdentifier>{a2d7d79a-869a-4962-9b8e-5cdf8c916eda}</UniqueIdentifier>
    </Filter>
    <Filter Include="Header Files\tracking">
      <UniqueIdentifier>{2f810550-8fb2-48fd-913e-c9e6fa285c46}</UniqueIdentifier>
    </Filter>
    <Filter Include="Header Files\text">
      <UniqueIdentifier>{17d07de9-d86e-4fe9-962e-b22fe7da979e}</UniqueIdentifier>
    </Filter>
    <Filter Include="Header Files\shape">
      <UniqueIdentifier>{b36ab73f-c7bb-491b-aedb-dc16a293c0b9}</UniqueIdentifier>
    </Filter>
  </ItemGroup>
</Project>