<?xml version="1.0" encoding="utf-8"?>
<Project ToolsVersion="4.0" xmlns="http://schemas.microsoft.com/developer/msbuild/2003">
  <ItemGroup>
    <ClCompile Include="cvaux.cpp">
      <Filter>Sources\cvblob</Filter>
    </ClCompile>
    <ClCompile Include="cvblob.cpp">
      <Filter>Sources\cvblob</Filter>
    </ClCompile>
    <ClCompile Include="cvcolor.cpp">
      <Filter>Sources\cvblob</Filter>
    </ClCompile>
    <ClCompile Include="cvcontour.cpp">
      <Filter>Sources\cvblob</Filter>
    </ClCompile>
    <ClCompile Include="CvBoost.cpp">
      <Filter>Sources\ml</Filter>
    </ClCompile>
    <ClCompile Include="CvBlobWrapper.cpp">
      <Filter>Sources\cvblob</Filter>
    </ClCompile>
    <ClCompile Include="CvANN_MLP.cpp">
      <Filter>Sources\ml</Filter>
    </ClCompile>
    <ClCompile Include="CvDTree.cpp">
      <Filter>Sources\ml</Filter>
    </ClCompile>
    <ClCompile Include="CvEM.cpp">
      <Filter>Sources\ml</Filter>
    </ClCompile>
    <ClCompile Include="CvERTrees.cpp">
      <Filter>Sources\ml</Filter>
    </ClCompile>
    <ClCompile Include="CvKNearest.cpp">
      <Filter>Sources\ml</Filter>
    </ClCompile>
    <ClCompile Include="CvMLData.cpp">
      <Filter>Sources\ml</Filter>
    </ClCompile>
    <ClCompile Include="CvSVM.cpp">
      <Filter>Sources\ml</Filter>
    </ClCompile>
    <ClCompile Include="CvNormalBayesClassifier.cpp">
      <Filter>Sources\ml</Filter>
    </ClCompile>
    <ClCompile Include="CvRTrees.cpp">
      <Filter>Sources\ml</Filter>
    </ClCompile>
    <ClCompile Include="CvTrainTestSplit.cpp">
      <Filter>Sources\ml</Filter>
    </ClCompile>
    <ClCompile Include="cvlabel.cpp">
      <Filter>Sources\cvblob</Filter>
    </ClCompile>
    <ClCompile Include="CvStatModel.cpp">
      <Filter>Sources\ml</Filter>
    </ClCompile>
    <ClCompile Include="cvtrack.cpp">
      <Filter>Sources\cvblob</Filter>
    </ClCompile>
    <ClCompile Include="highgui.cpp">
      <Filter>Sources\cpp</Filter>
    </ClCompile>
    <ClCompile Include="imgproc.cpp">
      <Filter>Sources\cpp</Filter>
    </ClCompile>
    <ClCompile Include="std_vector.cpp">
      <Filter>Sources\cpp</Filter>
    </ClCompile>
    <ClCompile Include="calib3d.cpp">
      <Filter>Sources\cpp</Filter>
    </ClCompile>
    <ClCompile Include="flann.cpp">
      <Filter>Sources\cpp</Filter>
    </ClCompile>
    <ClCompile Include="video.cpp">
      <Filter>Sources\cpp</Filter>
    </ClCompile>
    <ClCompile Include="contrib.cpp">
      <Filter>Sources\cpp</Filter>
    </ClCompile>
    <ClCompile Include="legacy.cpp">
      <Filter>Sources\cpp</Filter>
    </ClCompile>
    <ClCompile Include="nonfree.cpp">
      <Filter>Sources\cpp</Filter>
    </ClCompile>
    <ClCompile Include="features2d.cpp">
      <Filter>Sources\cpp</Filter>
    </ClCompile>
    <ClCompile Include="objdetect_HOGDescriptor.cpp">
      <Filter>Sources\cpp</Filter>
    </ClCompile>
    <ClCompile Include="objdetect.cpp">
      <Filter>Sources\cpp</Filter>
    </ClCompile>
    <ClCompile Include="imgproc_Subdiv2D.cpp">
      <Filter>Sources\cpp</Filter>
    </ClCompile>
    <ClCompile Include="core.cpp">
      <Filter>Sources\cpp\core</Filter>
    </ClCompile>
    <ClCompile Include="core_Algorithm.cpp">
      <Filter>Sources\cpp\core</Filter>
    </ClCompile>
    <ClCompile Include="core_InputArray.cpp">
      <Filter>Sources\cpp\core</Filter>
    </ClCompile>
    <ClCompile Include="core_Mat.cpp">
      <Filter>Sources\cpp\core</Filter>
    </ClCompile>
    <ClCompile Include="core_MatExpr.cpp">
      <Filter>Sources\cpp\core</Filter>
    </ClCompile>
    <ClCompile Include="core_OutputArray.cpp">
      <Filter>Sources\cpp\core</Filter>
    </ClCompile>
    <ClCompile Include="core_PCA.cpp">
      <Filter>Sources\cpp\core</Filter>
    </ClCompile>
    <ClCompile Include="core_Ptr.cpp">
      <Filter>Sources\cpp\core</Filter>
    </ClCompile>
    <ClCompile Include="core_SVD.cpp">
      <Filter>Sources\cpp\core</Filter>
    </ClCompile>
    <ClCompile Include="core_RNG.cpp">
      <Filter>Sources\cpp\core</Filter>
    </ClCompile>
    <ClCompile Include="core_AlgorithmInfo.cpp">
      <Filter>Sources\cpp\core</Filter>
    </ClCompile>
    <ClCompile Include="photo.cpp">
      <Filter>Sources\cpp</Filter>
    </ClCompile>
    <ClCompile Include="features2d_DescriptorMatcher.cpp">
      <Filter>Sources\cpp</Filter>
    </ClCompile>
    <ClCompile Include="features2d_FeatureDetector.cpp">
      <Filter>Sources\cpp</Filter>
    </ClCompile>
    <ClCompile Include="core_SparseMat.cpp">
      <Filter>Sources\cpp\core</Filter>
    </ClCompile>
  </ItemGroup>
  <ItemGroup>
    <ClInclude Include="cvblob.h">
      <Filter>Headers\cvblob</Filter>
    </ClInclude>
    <ClInclude Include="CvBoost.h">
      <Filter>Headers\ml</Filter>
    </ClInclude>
    <ClInclude Include="CvANN_MLP.h">
      <Filter>Headers\ml</Filter>
    </ClInclude>
    <ClInclude Include="CvEM.h">
      <Filter>Headers\ml</Filter>
    </ClInclude>
    <ClInclude Include="CvBlobWrapper.h">
      <Filter>Headers\cvblob</Filter>
    </ClInclude>
    <ClInclude Include="CvERTrees.h">
      <Filter>Headers\ml</Filter>
    </ClInclude>
    <ClInclude Include="CvMLData.h">
      <Filter>Headers\ml</Filter>
    </ClInclude>
    <ClInclude Include="CvKNearest.h">
      <Filter>Headers\ml</Filter>
    </ClInclude>
    <ClInclude Include="CvDTree.h">
      <Filter>Headers\ml</Filter>
    </ClInclude>
    <ClInclude Include="CvNormalBayesClassifier.h">
      <Filter>Headers\ml</Filter>
    </ClInclude>
    <ClInclude Include="CvStatModel.h">
      <Filter>Headers\ml</Filter>
    </ClInclude>
    <ClInclude Include="CvRTrees.h">
      <Filter>Headers\ml</Filter>
    </ClInclude>
    <ClInclude Include="CvTrainTestSplit.h">
      <Filter>Headers\ml</Filter>
    </ClInclude>
    <ClInclude Include="CvSVM.h">
      <Filter>Headers\ml</Filter>
    </ClInclude>
    <ClInclude Include="highgui.h">
      <Filter>Headers\cpp</Filter>
    </ClInclude>
    <ClInclude Include="include_opencv.h">
      <Filter>Headers</Filter>
    </ClInclude>
    <ClInclude Include="imgproc.h">
      <Filter>Headers\cpp</Filter>
    </ClInclude>
    <ClInclude Include="std_vector.h">
      <Filter>Headers\cpp</Filter>
    </ClInclude>
    <ClInclude Include="calib3d.h">
      <Filter>Headers\cpp</Filter>
    </ClInclude>
    <ClInclude Include="flann.h">
      <Filter>Headers\cpp</Filter>
    </ClInclude>
    <ClInclude Include="video.h">
      <Filter>Headers\cpp</Filter>
    </ClInclude>
    <ClInclude Include="contrib.h">
      <Filter>Headers\cpp</Filter>
    </ClInclude>
    <ClInclude Include="legacy.h">
      <Filter>Headers\cpp</Filter>
    </ClInclude>
    <ClInclude Include="nonfree.h">
      <Filter>Headers\cpp</Filter>
    </ClInclude>
    <ClInclude Include="features2d.h">
      <Filter>Headers\cpp</Filter>
    </ClInclude>
    <ClInclude Include="objdetect_HOGDescriptor.h">
      <Filter>Headers\cpp</Filter>
    </ClInclude>
    <ClInclude Include="objdetect.h">
      <Filter>Headers\cpp</Filter>
    </ClInclude>
    <ClInclude Include="imgproc_Subdiv2D.h">
      <Filter>Headers\cpp</Filter>
    </ClInclude>
    <ClInclude Include="core_Algorithm.h">
      <Filter>Headers\cpp\core</Filter>
    </ClInclude>
    <ClInclude Include="core_InputArray.h">
      <Filter>Headers\cpp\core</Filter>
    </ClInclude>
    <ClInclude Include="core.h">
      <Filter>Headers\cpp\core</Filter>
    </ClInclude>
    <ClInclude Include="core_Mat.h">
      <Filter>Headers\cpp\core</Filter>
    </ClInclude>
    <ClInclude Include="core_OutputArray.h">
      <Filter>Headers\cpp\core</Filter>
    </ClInclude>
    <ClInclude Include="core_MatExpr.h">
      <Filter>Headers\cpp\core</Filter>
    </ClInclude>
    <ClInclude Include="core_PCA.h">
      <Filter>Headers\cpp\core</Filter>
    </ClInclude>
    <ClInclude Include="core_Ptr.h">
      <Filter>Headers\cpp\core</Filter>
    </ClInclude>
    <ClInclude Include="core_SVD.h">
      <Filter>Headers\cpp\core</Filter>
    </ClInclude>
    <ClInclude Include="core_RNG.h">
      <Filter>Headers\cpp\core</Filter>
    </ClInclude>
    <ClInclude Include="core_AlgorithmInfo.h">
      <Filter>Headers\cpp\core</Filter>
    </ClInclude>
    <ClInclude Include="photo.h">
      <Filter>Headers\cpp</Filter>
    </ClInclude>
    <ClInclude Include="features2d_DescriptorMatcher.h">
      <Filter>Headers\cpp</Filter>
    </ClInclude>
    <ClInclude Include="features2d_FeatureDetector.h">
      <Filter>Headers\cpp</Filter>
    </ClInclude>
    <ClInclude Include="core_SparseMat.h">
      <Filter>Headers\cpp\core</Filter>
    </ClInclude>
  </ItemGroup>
  <ItemGroup>
    <Filter Include="Headers">
      <UniqueIdentifier>{efcab9f5-3ffb-4ad1-a7b2-283fb4f489c5}</UniqueIdentifier>
      <Extensions>*.h</Extensions>
    </Filter>
    <Filter Include="Sources">
      <UniqueIdentifier>{6d645e3a-f10b-484e-a30a-37751d2a962c}</UniqueIdentifier>
      <Extensions>*.cpp</Extensions>
    </Filter>
    <Filter Include="Headers\cvblob">
      <UniqueIdentifier>{41971b60-14a9-4bbe-8be9-45e7db666c14}</UniqueIdentifier>
    </Filter>
    <Filter Include="Sources\cvblob">
      <UniqueIdentifier>{d9178238-69e9-4065-bb9b-900e20cd1afa}</UniqueIdentifier>
    </Filter>
    <Filter Include="Headers\ml">
      <UniqueIdentifier>{94e69298-bb03-434c-a3d1-8639b82a0103}</UniqueIdentifier>
    </Filter>
    <Filter Include="Sources\ml">
      <UniqueIdentifier>{d03264e9-15cd-4541-ae61-a92da46af74b}</UniqueIdentifier>
    </Filter>
    <Filter Include="Sources\cpp">
      <UniqueIdentifier>{c5b62a33-7c12-4cd2-99d6-ae7a1374e09f}</UniqueIdentifier>
    </Filter>
    <Filter Include="Headers\cpp">
      <UniqueIdentifier>{4837bbfb-a1fe-487b-b6d8-a9de07d36e5d}</UniqueIdentifier>
    </Filter>
    <Filter Include="Sources\cpp\core">
      <UniqueIdentifier>{723eb128-5e90-4cba-be6b-f901bf5b5e66}</UniqueIdentifier>
    </Filter>
    <Filter Include="Headers\cpp\core">
      <UniqueIdentifier>{ad0a64a8-e750-4ca4-9657-274a03904109}</UniqueIdentifier>
    </Filter>
  </ItemGroup>
</Project>