
Microsoft Visual Studio Solution File, Format Version 12.00
# Visual Studio Version 16
VisualStudioVersion = 16.0.29911.84
MinimumVisualStudioVersion = 10.0.40219.1
Project("{7CF6DF6D-3B04-46F8-A40B-537D21BCA0B4}") = "OpenCvSharpDocument", "OpenCvSharpDocument.shfbproj", "{200B9152-8AB1-42AF-9BB1-24BB002218D9}"
EndProject
Global
	GlobalSection(SolutionConfigurationPlatforms) = preSolution
		Debug|Any CPU = Debug|Any CPU
		Release|Any CPU = Release|Any CPU
	EndGlobalSection
	GlobalSection(ProjectConfigurationPlatforms) = postSolution
		{200B9152-8AB1-42AF-9BB1-24BB002218D9}.Debug|Any CPU.ActiveCfg = Debug|Any CPU
		{200B9152-8AB1-42AF-9BB1-24BB002218D9}.Debug|Any CPU.Build.0 = Debug|Any CPU
		{200B9152-8AB1-42AF-9BB1-24BB002218D9}.Release|Any CPU.ActiveCfg = Release|Any CPU
		{200B9152-8AB1-42AF-9BB1-24BB002218D9}.Release|Any CPU.Build.0 = Release|Any CPU
	EndGlobalSection
	GlobalSection(SolutionProperties) = preSolution
		HideSolutionNode = FALSE
	EndGlobalSection
	GlobalSection(ExtensibilityGlobals) = postSolution
		SolutionGuid = {30C4272F-584E-4344-AE5B-02EA292734D4}
	EndGlobalSection
EndGlobal
