
Microsoft Visual Studio Solution File, Format Version 12.00
# Visual Studio 2013
VisualStudioVersion = 12.0.30110.0
MinimumVisualStudioVersion = 10.0.40219.1
Project("{FAE04EC0-301F-11D3-BF4B-00C04F79EFBC}") = "OpenCvSharpSamplesCS", "OpenCvSharpSamplesCS\OpenCvSharpSamplesCS.csproj", "{B691EDEE-E08C-40A1-ACFC-91A8921F919D}"
EndProject
Project("{F184B08F-C81C-45F6-A57F-5ABD9991F28F}") = "OpenCvSharpSamplesVB", "OpenCvSharpSamplesVB\OpenCvSharpSamplesVB.vbproj", "{402DE49C-230E-4952-94B1-E570E00B67A7}"
EndProject
Project("{FAE04EC0-301F-11D3-BF4B-00C04F79EFBC}") = "CPlusPlusSamplesCS", "CPlusPlusSamplesCS\CPlusPlusSamplesCS.csproj", "{E4666B99-145A-436D-9540-2E4593A061A6}"
EndProject
Project("{F184B08F-C81C-45F6-A57F-5ABD9991F28F}") = "CPlusPlusSamplesVB", "CPlusPlusSamplesVB\CPlusPlusSamplesVB.vbproj", "{4A14A20D-8E2A-4559-A038-F0204A22C283}"
EndProject
Project("{FAE04EC0-301F-11D3-BF4B-00C04F79EFBC}") = "OpenCvSharp.CPlusPlus", "..\src\OpenCvSharp.CPlusPlus\OpenCvSharp.CPlusPlus.csproj", "{524CC7B4-75B9-4925-9DA4-3DACD40F4814}"
EndProject
Project("{FAE04EC0-301F-11D3-BF4B-00C04F79EFBC}") = "OpenCvSharp", "..\src\OpenCvSharp\OpenCvSharp.csproj", "{4C2356B8-1A1E-4F92-A51C-A49CA116867F}"
EndProject
Global
	GlobalSection(SolutionConfigurationPlatforms) = preSolution
		Debug|Any CPU = Debug|Any CPU
		Debug|Mixed Platforms = Debug|Mixed Platforms
		Debug|x64 = Debug|x64
		Debug|x86 = Debug|x86
		Release JP|Any CPU = Release JP|Any CPU
		Release JP|Mixed Platforms = Release JP|Mixed Platforms
		Release JP|x64 = Release JP|x64
		Release JP|x86 = Release JP|x86
		Release|Any CPU = Release|Any CPU
		Release|Mixed Platforms = Release|Mixed Platforms
		Release|x64 = Release|x64
		Release|x86 = Release|x86
	EndGlobalSection
	GlobalSection(ProjectConfigurationPlatforms) = postSolution
		{B691EDEE-E08C-40A1-ACFC-91A8921F919D}.Debug|Any CPU.ActiveCfg = Debug|Any CPU
		{B691EDEE-E08C-40A1-ACFC-91A8921F919D}.Debug|Any CPU.Build.0 = Debug|Any CPU
		{B691EDEE-E08C-40A1-ACFC-91A8921F919D}.Debug|Mixed Platforms.ActiveCfg = Debug|x86
		{B691EDEE-E08C-40A1-ACFC-91A8921F919D}.Debug|Mixed Platforms.Build.0 = Debug|x86
		{B691EDEE-E08C-40A1-ACFC-91A8921F919D}.Debug|x64.ActiveCfg = Debug|x64
		{B691EDEE-E08C-40A1-ACFC-91A8921F919D}.Debug|x64.Build.0 = Debug|x64
		{B691EDEE-E08C-40A1-ACFC-91A8921F919D}.Debug|x86.ActiveCfg = Debug|x86
		{B691EDEE-E08C-40A1-ACFC-91A8921F919D}.Debug|x86.Build.0 = Debug|x86
		{B691EDEE-E08C-40A1-ACFC-91A8921F919D}.Release JP|Any CPU.ActiveCfg = Release|Any CPU
		{B691EDEE-E08C-40A1-ACFC-91A8921F919D}.Release JP|Any CPU.Build.0 = Release|Any CPU
		{B691EDEE-E08C-40A1-ACFC-91A8921F919D}.Release JP|Mixed Platforms.ActiveCfg = Release|x86
		{B691EDEE-E08C-40A1-ACFC-91A8921F919D}.Release JP|Mixed Platforms.Build.0 = Release|x86
		{B691EDEE-E08C-40A1-ACFC-91A8921F919D}.Release JP|x64.ActiveCfg = Release|x64
		{B691EDEE-E08C-40A1-ACFC-91A8921F919D}.Release JP|x64.Build.0 = Release|x64
		{B691EDEE-E08C-40A1-ACFC-91A8921F919D}.Release JP|x86.ActiveCfg = Release|x86
		{B691EDEE-E08C-40A1-ACFC-91A8921F919D}.Release JP|x86.Build.0 = Release|x86
		{B691EDEE-E08C-40A1-ACFC-91A8921F919D}.Release|Any CPU.ActiveCfg = Release|Any CPU
		{B691EDEE-E08C-40A1-ACFC-91A8921F919D}.Release|Any CPU.Build.0 = Release|Any CPU
		{B691EDEE-E08C-40A1-ACFC-91A8921F919D}.Release|Mixed Platforms.ActiveCfg = Release|x86
		{B691EDEE-E08C-40A1-ACFC-91A8921F919D}.Release|Mixed Platforms.Build.0 = Release|x86
		{B691EDEE-E08C-40A1-ACFC-91A8921F919D}.Release|x64.ActiveCfg = Release|x64
		{B691EDEE-E08C-40A1-ACFC-91A8921F919D}.Release|x64.Build.0 = Release|x64
		{B691EDEE-E08C-40A1-ACFC-91A8921F919D}.Release|x86.ActiveCfg = Release|x86
		{B691EDEE-E08C-40A1-ACFC-91A8921F919D}.Release|x86.Build.0 = Release|x86
		{402DE49C-230E-4952-94B1-E570E00B67A7}.Debug|Any CPU.ActiveCfg = Debug|Any CPU
		{402DE49C-230E-4952-94B1-E570E00B67A7}.Debug|Any CPU.Build.0 = Debug|Any CPU
		{402DE49C-230E-4952-94B1-E570E00B67A7}.Debug|Mixed Platforms.ActiveCfg = Debug|Any CPU
		{402DE49C-230E-4952-94B1-E570E00B67A7}.Debug|Mixed Platforms.Build.0 = Debug|Any CPU
		{402DE49C-230E-4952-94B1-E570E00B67A7}.Debug|x64.ActiveCfg = Debug|Any CPU
		{402DE49C-230E-4952-94B1-E570E00B67A7}.Debug|x86.ActiveCfg = Debug|Any CPU
		{402DE49C-230E-4952-94B1-E570E00B67A7}.Release JP|Any CPU.ActiveCfg = Release|Any CPU
		{402DE49C-230E-4952-94B1-E570E00B67A7}.Release JP|Any CPU.Build.0 = Release|Any CPU
		{402DE49C-230E-4952-94B1-E570E00B67A7}.Release JP|Mixed Platforms.ActiveCfg = Release|x86
		{402DE49C-230E-4952-94B1-E570E00B67A7}.Release JP|Mixed Platforms.Build.0 = Release|x86
		{402DE49C-230E-4952-94B1-E570E00B67A7}.Release JP|x64.ActiveCfg = Release|x64
		{402DE49C-230E-4952-94B1-E570E00B67A7}.Release JP|x64.Build.0 = Release|x64
		{402DE49C-230E-4952-94B1-E570E00B67A7}.Release JP|x86.ActiveCfg = Release|x86
		{402DE49C-230E-4952-94B1-E570E00B67A7}.Release JP|x86.Build.0 = Release|x86
		{402DE49C-230E-4952-94B1-E570E00B67A7}.Release|Any CPU.ActiveCfg = Release|Any CPU
		{402DE49C-230E-4952-94B1-E570E00B67A7}.Release|Any CPU.Build.0 = Release|Any CPU
		{402DE49C-230E-4952-94B1-E570E00B67A7}.Release|Mixed Platforms.ActiveCfg = Release|Any CPU
		{402DE49C-230E-4952-94B1-E570E00B67A7}.Release|Mixed Platforms.Build.0 = Release|Any CPU
		{402DE49C-230E-4952-94B1-E570E00B67A7}.Release|x64.ActiveCfg = Release|Any CPU
		{402DE49C-230E-4952-94B1-E570E00B67A7}.Release|x86.ActiveCfg = Release|x86
		{402DE49C-230E-4952-94B1-E570E00B67A7}.Release|x86.Build.0 = Release|x86
		{E4666B99-145A-436D-9540-2E4593A061A6}.Debug|Any CPU.ActiveCfg = Debug|Any CPU
		{E4666B99-145A-436D-9540-2E4593A061A6}.Debug|Any CPU.Build.0 = Debug|Any CPU
		{E4666B99-145A-436D-9540-2E4593A061A6}.Debug|Mixed Platforms.ActiveCfg = Debug|Any CPU
		{E4666B99-145A-436D-9540-2E4593A061A6}.Debug|Mixed Platforms.Build.0 = Debug|Any CPU
		{E4666B99-145A-436D-9540-2E4593A061A6}.Debug|x64.ActiveCfg = Debug|Any CPU
		{E4666B99-145A-436D-9540-2E4593A061A6}.Debug|x86.ActiveCfg = Debug|Any CPU
		{E4666B99-145A-436D-9540-2E4593A061A6}.Release JP|Any CPU.ActiveCfg = Release|Any CPU
		{E4666B99-145A-436D-9540-2E4593A061A6}.Release JP|Any CPU.Build.0 = Release|Any CPU
		{E4666B99-145A-436D-9540-2E4593A061A6}.Release JP|Mixed Platforms.ActiveCfg = Release|x86
		{E4666B99-145A-436D-9540-2E4593A061A6}.Release JP|Mixed Platforms.Build.0 = Release|x86
		{E4666B99-145A-436D-9540-2E4593A061A6}.Release JP|x64.ActiveCfg = Release|Any CPU
		{E4666B99-145A-436D-9540-2E4593A061A6}.Release JP|x86.ActiveCfg = Release|x86
		{E4666B99-145A-436D-9540-2E4593A061A6}.Release JP|x86.Build.0 = Release|x86
		{E4666B99-145A-436D-9540-2E4593A061A6}.Release|Any CPU.ActiveCfg = Release|Any CPU
		{E4666B99-145A-436D-9540-2E4593A061A6}.Release|Any CPU.Build.0 = Release|Any CPU
		{E4666B99-145A-436D-9540-2E4593A061A6}.Release|Mixed Platforms.ActiveCfg = Release|Any CPU
		{E4666B99-145A-436D-9540-2E4593A061A6}.Release|Mixed Platforms.Build.0 = Release|Any CPU
		{E4666B99-145A-436D-9540-2E4593A061A6}.Release|x64.ActiveCfg = Release|Any CPU
		{E4666B99-145A-436D-9540-2E4593A061A6}.Release|x86.ActiveCfg = Release|x86
		{E4666B99-145A-436D-9540-2E4593A061A6}.Release|x86.Build.0 = Release|x86
		{4A14A20D-8E2A-4559-A038-F0204A22C283}.Debug|Any CPU.ActiveCfg = Debug|Any CPU
		{4A14A20D-8E2A-4559-A038-F0204A22C283}.Debug|Any CPU.Build.0 = Debug|Any CPU
		{4A14A20D-8E2A-4559-A038-F0204A22C283}.Debug|Mixed Platforms.ActiveCfg = Debug|Any CPU
		{4A14A20D-8E2A-4559-A038-F0204A22C283}.Debug|Mixed Platforms.Build.0 = Debug|Any CPU
		{4A14A20D-8E2A-4559-A038-F0204A22C283}.Debug|x64.ActiveCfg = Debug|Any CPU
		{4A14A20D-8E2A-4559-A038-F0204A22C283}.Debug|x86.ActiveCfg = Debug|Any CPU
		{4A14A20D-8E2A-4559-A038-F0204A22C283}.Release JP|Any CPU.ActiveCfg = Release|Any CPU
		{4A14A20D-8E2A-4559-A038-F0204A22C283}.Release JP|Any CPU.Build.0 = Release|Any CPU
		{4A14A20D-8E2A-4559-A038-F0204A22C283}.Release JP|Mixed Platforms.ActiveCfg = Release|x86
		{4A14A20D-8E2A-4559-A038-F0204A22C283}.Release JP|Mixed Platforms.Build.0 = Release|x86
		{4A14A20D-8E2A-4559-A038-F0204A22C283}.Release JP|x64.ActiveCfg = Release|Any CPU
		{4A14A20D-8E2A-4559-A038-F0204A22C283}.Release JP|x86.ActiveCfg = Release|x86
		{4A14A20D-8E2A-4559-A038-F0204A22C283}.Release JP|x86.Build.0 = Release|x86
		{4A14A20D-8E2A-4559-A038-F0204A22C283}.Release|Any CPU.ActiveCfg = Release|Any CPU
		{4A14A20D-8E2A-4559-A038-F0204A22C283}.Release|Any CPU.Build.0 = Release|Any CPU
		{4A14A20D-8E2A-4559-A038-F0204A22C283}.Release|Mixed Platforms.ActiveCfg = Release|Any CPU
		{4A14A20D-8E2A-4559-A038-F0204A22C283}.Release|Mixed Platforms.Build.0 = Release|Any CPU
		{4A14A20D-8E2A-4559-A038-F0204A22C283}.Release|x64.ActiveCfg = Release|Any CPU
		{4A14A20D-8E2A-4559-A038-F0204A22C283}.Release|x86.ActiveCfg = Release|x86
		{4A14A20D-8E2A-4559-A038-F0204A22C283}.Release|x86.Build.0 = Release|x86
		{524CC7B4-75B9-4925-9DA4-3DACD40F4814}.Debug|Any CPU.ActiveCfg = Debug|Any CPU
		{524CC7B4-75B9-4925-9DA4-3DACD40F4814}.Debug|Any CPU.Build.0 = Debug|Any CPU
		{524CC7B4-75B9-4925-9DA4-3DACD40F4814}.Debug|Mixed Platforms.ActiveCfg = Debug|x86
		{524CC7B4-75B9-4925-9DA4-3DACD40F4814}.Debug|Mixed Platforms.Build.0 = Debug|x86
		{524CC7B4-75B9-4925-9DA4-3DACD40F4814}.Debug|x64.ActiveCfg = Debug|x64
		{524CC7B4-75B9-4925-9DA4-3DACD40F4814}.Debug|x64.Build.0 = Debug|x64
		{524CC7B4-75B9-4925-9DA4-3DACD40F4814}.Debug|x86.ActiveCfg = Debug|x86
		{524CC7B4-75B9-4925-9DA4-3DACD40F4814}.Debug|x86.Build.0 = Debug|x86
		{524CC7B4-75B9-4925-9DA4-3DACD40F4814}.Release JP|Any CPU.ActiveCfg = Release JP|Any CPU
		{524CC7B4-75B9-4925-9DA4-3DACD40F4814}.Release JP|Any CPU.Build.0 = Release JP|Any CPU
		{524CC7B4-75B9-4925-9DA4-3DACD40F4814}.Release JP|Mixed Platforms.ActiveCfg = Release JP|x86
		{524CC7B4-75B9-4925-9DA4-3DACD40F4814}.Release JP|Mixed Platforms.Build.0 = Release JP|x86
		{524CC7B4-75B9-4925-9DA4-3DACD40F4814}.Release JP|x64.ActiveCfg = Release JP|x64
		{524CC7B4-75B9-4925-9DA4-3DACD40F4814}.Release JP|x64.Build.0 = Release JP|x64
		{524CC7B4-75B9-4925-9DA4-3DACD40F4814}.Release JP|x86.ActiveCfg = Release JP|x86
		{524CC7B4-75B9-4925-9DA4-3DACD40F4814}.Release JP|x86.Build.0 = Release JP|x86
		{524CC7B4-75B9-4925-9DA4-3DACD40F4814}.Release|Any CPU.ActiveCfg = Release|Any CPU
		{524CC7B4-75B9-4925-9DA4-3DACD40F4814}.Release|Any CPU.Build.0 = Release|Any CPU
		{524CC7B4-75B9-4925-9DA4-3DACD40F4814}.Release|Mixed Platforms.ActiveCfg = Release|x86
		{524CC7B4-75B9-4925-9DA4-3DACD40F4814}.Release|Mixed Platforms.Build.0 = Release|x86
		{524CC7B4-75B9-4925-9DA4-3DACD40F4814}.Release|x64.ActiveCfg = Release|x64
		{524CC7B4-75B9-4925-9DA4-3DACD40F4814}.Release|x64.Build.0 = Release|x64
		{524CC7B4-75B9-4925-9DA4-3DACD40F4814}.Release|x86.ActiveCfg = Release|x86
		{524CC7B4-75B9-4925-9DA4-3DACD40F4814}.Release|x86.Build.0 = Release|x86
		{4C2356B8-1A1E-4F92-A51C-A49CA116867F}.Debug|Any CPU.ActiveCfg = Debug|Any CPU
		{4C2356B8-1A1E-4F92-A51C-A49CA116867F}.Debug|Any CPU.Build.0 = Debug|Any CPU
		{4C2356B8-1A1E-4F92-A51C-A49CA116867F}.Debug|Mixed Platforms.ActiveCfg = Debug|x86
		{4C2356B8-1A1E-4F92-A51C-A49CA116867F}.Debug|Mixed Platforms.Build.0 = Debug|x86
		{4C2356B8-1A1E-4F92-A51C-A49CA116867F}.Debug|x64.ActiveCfg = Debug|x64
		{4C2356B8-1A1E-4F92-A51C-A49CA116867F}.Debug|x64.Build.0 = Debug|x64
		{4C2356B8-1A1E-4F92-A51C-A49CA116867F}.Debug|x86.ActiveCfg = Debug|x86
		{4C2356B8-1A1E-4F92-A51C-A49CA116867F}.Debug|x86.Build.0 = Debug|x86
		{4C2356B8-1A1E-4F92-A51C-A49CA116867F}.Release JP|Any CPU.ActiveCfg = Release JP|Any CPU
		{4C2356B8-1A1E-4F92-A51C-A49CA116867F}.Release JP|Any CPU.Build.0 = Release JP|Any CPU
		{4C2356B8-1A1E-4F92-A51C-A49CA116867F}.Release JP|Mixed Platforms.ActiveCfg = Release JP|x86
		{4C2356B8-1A1E-4F92-A51C-A49CA116867F}.Release JP|Mixed Platforms.Build.0 = Release JP|x86
		{4C2356B8-1A1E-4F92-A51C-A49CA116867F}.Release JP|x64.ActiveCfg = Release JP|x64
		{4C2356B8-1A1E-4F92-A51C-A49CA116867F}.Release JP|x64.Build.0 = Release JP|x64
		{4C2356B8-1A1E-4F92-A51C-A49CA116867F}.Release JP|x86.ActiveCfg = Release JP|x86
		{4C2356B8-1A1E-4F92-A51C-A49CA116867F}.Release JP|x86.Build.0 = Release JP|x86
		{4C2356B8-1A1E-4F92-A51C-A49CA116867F}.Release|Any CPU.ActiveCfg = Release|Any CPU
		{4C2356B8-1A1E-4F92-A51C-A49CA116867F}.Release|Any CPU.Build.0 = Release|Any CPU
		{4C2356B8-1A1E-4F92-A51C-A49CA116867F}.Release|Mixed Platforms.ActiveCfg = Release|x86
		{4C2356B8-1A1E-4F92-A51C-A49CA116867F}.Release|Mixed Platforms.Build.0 = Release|x86
		{4C2356B8-1A1E-4F92-A51C-A49CA116867F}.Release|x64.ActiveCfg = Release|x64
		{4C2356B8-1A1E-4F92-A51C-A49CA116867F}.Release|x64.Build.0 = Release|x64
		{4C2356B8-1A1E-4F92-A51C-A49CA116867F}.Release|x86.ActiveCfg = Release|x86
		{4C2356B8-1A1E-4F92-A51C-A49CA116867F}.Release|x86.Build.0 = Release|x86
	EndGlobalSection
	GlobalSection(SolutionProperties) = preSolution
		HideSolutionNode = FALSE
	EndGlobalSection
EndGlobal
