
Microsoft Visual Studio Solution File, Format Version 12.00
# Visual Studio 2013
VisualStudioVersion = 12.0.40629.0
MinimumVisualStudioVersion = 10.0.40219.1
Project("{FAE04EC0-301F-11D3-BF4B-00C04F79EFBC}") = "SamplesCS", "SamplesCS\SamplesCS.csproj", "{E4666B99-145A-436D-9540-2E4593A061A6}"
EndProject
Project("{F184B08F-C81C-45F6-A57F-5ABD9991F28F}") = "SamplesVB", "SamplesVB\SamplesVB.vbproj", "{4A14A20D-8E2A-4559-A038-F0204A22C283}"
EndProject
Project("{2150E333-8FDC-42A3-9474-1A3956D46DE8}") = ".nuget", ".nuget", "{E5CC1BCA-0DD8-4C43-A8CC-990F99E71E42}"
	ProjectSection(SolutionItems) = preProject
		.nuget\NuGet.Config = .nuget\NuGet.Config
		.nuget\NuGet.exe = .nuget\NuGet.exe
		.nuget\NuGet.targets = .nuget\NuGet.targets
	EndProjectSection
EndProject
Project("{FAE04EC0-301F-11D3-BF4B-00C04F79EFBC}") = "SampleBase", "SampleBase\SampleBase.csproj", "{2D245C04-0F27-458A-A185-16242A3F918C}"
EndProject
Global
	GlobalSection(SolutionConfigurationPlatforms) = preSolution
		Debug|Any CPU = Debug|Any CPU
		Debug|Mixed Platforms = Debug|Mixed Platforms
		Debug|Win32 = Debug|Win32
		Debug|x64 = Debug|x64
		Debug|x86 = Debug|x86
		Release JP|Any CPU = Release JP|Any CPU
		Release JP|Mixed Platforms = Release JP|Mixed Platforms
		Release JP|Win32 = Release JP|Win32
		Release JP|x64 = Release JP|x64
		Release JP|x86 = Release JP|x86
		Release|Any CPU = Release|Any CPU
		Release|Mixed Platforms = Release|Mixed Platforms
		Release|Win32 = Release|Win32
		Release|x64 = Release|x64
		Release|x86 = Release|x86
	EndGlobalSection
	GlobalSection(ProjectConfigurationPlatforms) = postSolution
		{E4666B99-145A-436D-9540-2E4593A061A6}.Debug|Any CPU.ActiveCfg = Debug|Any CPU
		{E4666B99-145A-436D-9540-2E4593A061A6}.Debug|Any CPU.Build.0 = Debug|Any CPU
		{E4666B99-145A-436D-9540-2E4593A061A6}.Debug|Mixed Platforms.ActiveCfg = Debug|Any CPU
		{E4666B99-145A-436D-9540-2E4593A061A6}.Debug|Mixed Platforms.Build.0 = Debug|Any CPU
		{E4666B99-145A-436D-9540-2E4593A061A6}.Debug|Win32.ActiveCfg = Debug|x86
		{E4666B99-145A-436D-9540-2E4593A061A6}.Debug|Win32.Build.0 = Debug|x86
		{E4666B99-145A-436D-9540-2E4593A061A6}.Debug|x64.ActiveCfg = Debug|x86
		{E4666B99-145A-436D-9540-2E4593A061A6}.Debug|x86.ActiveCfg = Debug|x86
		{E4666B99-145A-436D-9540-2E4593A061A6}.Debug|x86.Build.0 = Debug|x86
		{E4666B99-145A-436D-9540-2E4593A061A6}.Release JP|Any CPU.ActiveCfg = Release|Any CPU
		{E4666B99-145A-436D-9540-2E4593A061A6}.Release JP|Any CPU.Build.0 = Release|Any CPU
		{E4666B99-145A-436D-9540-2E4593A061A6}.Release JP|Mixed Platforms.ActiveCfg = Release|x86
		{E4666B99-145A-436D-9540-2E4593A061A6}.Release JP|Mixed Platforms.Build.0 = Release|x86
		{E4666B99-145A-436D-9540-2E4593A061A6}.Release JP|Win32.ActiveCfg = Release|x86
		{E4666B99-145A-436D-9540-2E4593A061A6}.Release JP|Win32.Build.0 = Release|x86
		{E4666B99-145A-436D-9540-2E4593A061A6}.Release JP|x64.ActiveCfg = Release|Any CPU
		{E4666B99-145A-436D-9540-2E4593A061A6}.Release JP|x86.ActiveCfg = Release|x86
		{E4666B99-145A-436D-9540-2E4593A061A6}.Release JP|x86.Build.0 = Release|x86
		{E4666B99-145A-436D-9540-2E4593A061A6}.Release|Any CPU.ActiveCfg = Release|Any CPU
		{E4666B99-145A-436D-9540-2E4593A061A6}.Release|Any CPU.Build.0 = Release|Any CPU
		{E4666B99-145A-436D-9540-2E4593A061A6}.Release|Mixed Platforms.ActiveCfg = Release|Any CPU
		{E4666B99-145A-436D-9540-2E4593A061A6}.Release|Mixed Platforms.Build.0 = Release|Any CPU
		{E4666B99-145A-436D-9540-2E4593A061A6}.Release|Win32.ActiveCfg = Release|x86
		{E4666B99-145A-436D-9540-2E4593A061A6}.Release|Win32.Build.0 = Release|x86
		{E4666B99-145A-436D-9540-2E4593A061A6}.Release|x64.ActiveCfg = Release|x64
		{E4666B99-145A-436D-9540-2E4593A061A6}.Release|x64.Build.0 = Release|x64
		{E4666B99-145A-436D-9540-2E4593A061A6}.Release|x86.ActiveCfg = Release|x86
		{E4666B99-145A-436D-9540-2E4593A061A6}.Release|x86.Build.0 = Release|x86
		{4A14A20D-8E2A-4559-A038-F0204A22C283}.Debug|Any CPU.ActiveCfg = Debug|Any CPU
		{4A14A20D-8E2A-4559-A038-F0204A22C283}.Debug|Any CPU.Build.0 = Debug|Any CPU
		{4A14A20D-8E2A-4559-A038-F0204A22C283}.Debug|Mixed Platforms.ActiveCfg = Debug|Any CPU
		{4A14A20D-8E2A-4559-A038-F0204A22C283}.Debug|Mixed Platforms.Build.0 = Debug|Any CPU
		{4A14A20D-8E2A-4559-A038-F0204A22C283}.Debug|Win32.ActiveCfg = Debug|x86
		{4A14A20D-8E2A-4559-A038-F0204A22C283}.Debug|Win32.Build.0 = Debug|x86
		{4A14A20D-8E2A-4559-A038-F0204A22C283}.Debug|x64.ActiveCfg = Debug|x86
		{4A14A20D-8E2A-4559-A038-F0204A22C283}.Debug|x86.ActiveCfg = Debug|x86
		{4A14A20D-8E2A-4559-A038-F0204A22C283}.Debug|x86.Build.0 = Debug|x86
		{4A14A20D-8E2A-4559-A038-F0204A22C283}.Release JP|Any CPU.ActiveCfg = Release|Any CPU
		{4A14A20D-8E2A-4559-A038-F0204A22C283}.Release JP|Any CPU.Build.0 = Release|Any CPU
		{4A14A20D-8E2A-4559-A038-F0204A22C283}.Release JP|Mixed Platforms.ActiveCfg = Release|x86
		{4A14A20D-8E2A-4559-A038-F0204A22C283}.Release JP|Mixed Platforms.Build.0 = Release|x86
		{4A14A20D-8E2A-4559-A038-F0204A22C283}.Release JP|Win32.ActiveCfg = Release|x86
		{4A14A20D-8E2A-4559-A038-F0204A22C283}.Release JP|Win32.Build.0 = Release|x86
		{4A14A20D-8E2A-4559-A038-F0204A22C283}.Release JP|x64.ActiveCfg = Release|Any CPU
		{4A14A20D-8E2A-4559-A038-F0204A22C283}.Release JP|x86.ActiveCfg = Release|x86
		{4A14A20D-8E2A-4559-A038-F0204A22C283}.Release JP|x86.Build.0 = Release|x86
		{4A14A20D-8E2A-4559-A038-F0204A22C283}.Release|Any CPU.ActiveCfg = Release|Any CPU
		{4A14A20D-8E2A-4559-A038-F0204A22C283}.Release|Any CPU.Build.0 = Release|Any CPU
		{4A14A20D-8E2A-4559-A038-F0204A22C283}.Release|Mixed Platforms.ActiveCfg = Release|Any CPU
		{4A14A20D-8E2A-4559-A038-F0204A22C283}.Release|Mixed Platforms.Build.0 = Release|Any CPU
		{4A14A20D-8E2A-4559-A038-F0204A22C283}.Release|Win32.ActiveCfg = Release|x86
		{4A14A20D-8E2A-4559-A038-F0204A22C283}.Release|Win32.Build.0 = Release|x86
		{4A14A20D-8E2A-4559-A038-F0204A22C283}.Release|x64.ActiveCfg = Release|x64
		{4A14A20D-8E2A-4559-A038-F0204A22C283}.Release|x64.Build.0 = Release|x64
		{4A14A20D-8E2A-4559-A038-F0204A22C283}.Release|x86.ActiveCfg = Release|x86
		{4A14A20D-8E2A-4559-A038-F0204A22C283}.Release|x86.Build.0 = Release|x86
		{2D245C04-0F27-458A-A185-16242A3F918C}.Debug|Any CPU.ActiveCfg = Debug|Any CPU
		{2D245C04-0F27-458A-A185-16242A3F918C}.Debug|Any CPU.Build.0 = Debug|Any CPU
		{2D245C04-0F27-458A-A185-16242A3F918C}.Debug|Mixed Platforms.ActiveCfg = Debug|Any CPU
		{2D245C04-0F27-458A-A185-16242A3F918C}.Debug|Mixed Platforms.Build.0 = Debug|Any CPU
		{2D245C04-0F27-458A-A185-16242A3F918C}.Debug|Win32.ActiveCfg = Debug|Any CPU
		{2D245C04-0F27-458A-A185-16242A3F918C}.Debug|x64.ActiveCfg = Debug|Any CPU
		{2D245C04-0F27-458A-A185-16242A3F918C}.Debug|x86.ActiveCfg = Debug|Any CPU
		{2D245C04-0F27-458A-A185-16242A3F918C}.Debug|x86.Build.0 = Debug|Any CPU
		{2D245C04-0F27-458A-A185-16242A3F918C}.Release JP|Any CPU.ActiveCfg = Release|Any CPU
		{2D245C04-0F27-458A-A185-16242A3F918C}.Release JP|Any CPU.Build.0 = Release|Any CPU
		{2D245C04-0F27-458A-A185-16242A3F918C}.Release JP|Mixed Platforms.ActiveCfg = Release|Any CPU
		{2D245C04-0F27-458A-A185-16242A3F918C}.Release JP|Mixed Platforms.Build.0 = Release|Any CPU
		{2D245C04-0F27-458A-A185-16242A3F918C}.Release JP|Win32.ActiveCfg = Release|Any CPU
		{2D245C04-0F27-458A-A185-16242A3F918C}.Release JP|x64.ActiveCfg = Release|Any CPU
		{2D245C04-0F27-458A-A185-16242A3F918C}.Release JP|x86.ActiveCfg = Release|Any CPU
		{2D245C04-0F27-458A-A185-16242A3F918C}.Release JP|x86.Build.0 = Release|Any CPU
		{2D245C04-0F27-458A-A185-16242A3F918C}.Release|Any CPU.ActiveCfg = Release|Any CPU
		{2D245C04-0F27-458A-A185-16242A3F918C}.Release|Any CPU.Build.0 = Release|Any CPU
		{2D245C04-0F27-458A-A185-16242A3F918C}.Release|Mixed Platforms.ActiveCfg = Release|Any CPU
		{2D245C04-0F27-458A-A185-16242A3F918C}.Release|Mixed Platforms.Build.0 = Release|Any CPU
		{2D245C04-0F27-458A-A185-16242A3F918C}.Release|Win32.ActiveCfg = Release|Any CPU
		{2D245C04-0F27-458A-A185-16242A3F918C}.Release|x64.ActiveCfg = Release|Any CPU
		{2D245C04-0F27-458A-A185-16242A3F918C}.Release|x64.Build.0 = Release|Any CPU
		{2D245C04-0F27-458A-A185-16242A3F918C}.Release|x86.ActiveCfg = Release|Any CPU
		{2D245C04-0F27-458A-A185-16242A3F918C}.Release|x86.Build.0 = Release|Any CPU
	EndGlobalSection
	GlobalSection(SolutionProperties) = preSolution
		HideSolutionNode = FALSE
	EndGlobalSection
EndGlobal
