{
  "version": 1,
  "dependencies": {
    ".NETCoreApp,Version=v2.1": {
      "Microsoft.CodeAnalysis.FxCopAnalyzers": {
        "type": "Direct",
        "requested": "[3.3.0, )",
        "resolved": "3.3.0",
        "contentHash": "k3Icqx8kc+NrHImuiB8Jc/wd32Xeyd2B/7HOR5Qu9pyKzXQ4ikPeBAwzG2FSTuYhyIuNWvwL5k9yYBbbVz6w9w==",
        "dependencies": {
          "Microsoft.CodeAnalysis.VersionCheckAnalyzer": "[3.3.0]",
          "Microsoft.CodeQuality.Analyzers": "[3.3.0]",
          "Microsoft.NetCore.Analyzers": "[3.3.0]",
          "Microsoft.NetFramework.Analyzers": "[3.3.0]"
        }
      },
      "Microsoft.NETCore.App": {
        "type": "Direct",
        "requested": "[2.1.0, )",
        "resolved": "2.1.0",
        "contentHash": "JNHhG+j5eIhG26+H721IDmwswGUznTwwSuJMFe/08h0X2YarHvA15sVAvUkA/2Sp3W0ENNm48t+J7KTPRqEpfA==",
        "dependencies": {
          "Microsoft.NETCore.DotNetHostPolicy": "2.1.0",
          "Microsoft.NETCore.Platforms": "2.1.0",
          "Microsoft.NETCore.Targets": "2.1.0",
          "NETStandard.Library": "2.0.3"
        }
      },
      "Microsoft.SourceLink.GitHub": {
        "type": "Direct",
        "requested": "[1.0.0, )",
        "resolved": "1.0.0",
        "contentHash": "aZyGyGg2nFSxix+xMkPmlmZSsnGQ3w+mIG23LTxJZHN+GPwTQ5FpPgDo7RMOq+Kcf5D4hFWfXkGhoGstawX13Q==",
        "dependencies": {
          "Microsoft.Build.Tasks.Git": "1.0.0",
          "Microsoft.SourceLink.Common": "1.0.0"
        }
      },
      "Microsoft.Build.Tasks.Git": {
        "type": "Transitive",
        "resolved": "1.0.0",
        "contentHash": "z2fpmmt+1Jfl+ZnBki9nSP08S1/tbEOxFdsK1rSR+LBehIJz1Xv9/6qOOoGNqlwnAGGVGis1Oj6S8Kt9COEYlQ=="
      },
      "Microsoft.CodeAnalysis.VersionCheckAnalyzer": {
        "type": "Transitive",
        "resolved": "3.3.0",
        "contentHash": "xjLM3DRFZMan3nQyBQEM1mBw6VqQybi4iMJhMFW6Ic1E1GCvqJR3ABOwEL7WtQjDUzxyrGld9bASnAos7G/Xyg=="
      },
      "Microsoft.CodeQuality.Analyzers": {
        "type": "Transitive",
        "resolved": "3.3.0",
        "contentHash": "zZ3miq6u22UFQKhfJyLnVEJ+DgeOopLh3eKJnKAcOetPP2hiv3wa7kHZlBDeTvtqJQiAQhAVbttket8XxjN1zw=="
      },
      "Microsoft.NetCore.Analyzers": {
        "type": "Transitive",
        "resolved": "3.3.0",
        "contentHash": "6qptTHUu1Wfszuf83NhU0IoAb4j7YWOpJs6oc6S4G/nI6aGGWKH/Xi5Vs9L/8lrI74ijEEzPcIwafSQW5ASHtA=="
      },
      "Microsoft.NETCore.DotNetAppHost": {
        "type": "Transitive",
        "resolved": "2.1.0",
        "contentHash": "vMn8V3GOp/SPOG2oE8WxswzAWZ/GZmc8EPiB3vc2EZ6us14ehXhsvUFXndYopGNSjCa9OdqC6L6xStF1KyUZnw=="
      },
      "Microsoft.NETCore.DotNetHostPolicy": {
        "type": "Transitive",
        "resolved": "2.1.0",
        "contentHash": "vBUwNihtLUVS2HhO6WocYfAktRmfFihm6JB8/sJ53caVW+AelvbnYpfiGzaZDpkWjN6vA3xzOKPu9Vu8Zz3p8Q==",
        "dependencies": {
          "Microsoft.NETCore.DotNetHostResolver": "2.1.0"
        }
      },
      "Microsoft.NETCore.DotNetHostResolver": {
        "type": "Transitive",
        "resolved": "2.1.0",
        "contentHash": "o0PRql5qOHFEY3d1WvzE+T7cMFKtOsWLMg8L1oTeGNnI4u5AzOj8o6AdZT3y2GxFA1DAx7AQ9qZjpCO2/bgZRw==",
        "dependencies": {
          "Microsoft.NETCore.DotNetAppHost": "2.1.0"
        }
      },
      "Microsoft.NETCore.Platforms": {
        "type": "Transitive",
        "resolved": "2.1.0",
        "contentHash": "ok+RPAtESz/9MUXeIEz6Lv5XAGQsaNmEYXMsgVALj4D7kqC8gveKWXWXbufLySR2fWrwZf8smyN5RmHu0e4BHA=="
      },
      "Microsoft.NETCore.Targets": {
        "type": "Transitive",
        "resolved": "2.1.0",
        "contentHash": "x188gIZXOwFXkPXyGavEcPGcR6RGvjFOES2QzskN4gERZjWPN34qhRsZVMC0CLJfQLGSButarcgWxPPM4vmg0w=="
      },
      "Microsoft.NetFramework.Analyzers": {
        "type": "Transitive",
        "resolved": "3.3.0",
        "contentHash": "JTfMic5fEFWICePbr7GXOGPranqS9Qxu2U/BZEcnnGbK1SFW8TxRyGp6O1L52xsbfOdqmzjc0t5ubhDrjj+Xpg=="
      },
      "Microsoft.SourceLink.Common": {
        "type": "Transitive",
        "resolved": "1.0.0",
        "contentHash": "G8DuQY8/DK5NN+3jm5wcMcd9QYD90UV7MiLmdljSJixi3U/vNaeBKmmXUqI4DJCOeWizIUEh4ALhSt58mR+5eg=="
      },
      "NETStandard.Library": {
        "type": "Transitive",
        "resolved": "2.0.3",
        "contentHash": "st47PosZSHrjECdjeIzZQbzivYBJFv6P2nv4cj2ypdI204DO+vZ7l5raGMiX4eXMJ53RfOIg+/s4DHVZ54Nu2A==",
        "dependencies": {
          "Microsoft.NETCore.Platforms": "1.1.0"
        }
      },
      "System.Memory": {
        "type": "Transitive",
        "resolved": "4.5.4",
        "contentHash": "1MbJTHS1lZ4bS4FmsJjnuGJOu88ZzTT2rLvrhW7Ygic+pC0NWA+3hgAen0HRdsocuQXCkUTdFn9yHJJhsijDXw=="
      },
      "System.Runtime.CompilerServices.Unsafe": {
        "type": "Transitive",
        "resolved": "4.7.1",
        "contentHash": "zOHkQmzPCn5zm/BH+cxC1XbUS3P4Yoi3xzW7eRgVpDR2tPGSzyMZ17Ig1iRkfJuY0nhxkQQde8pgePNiA7z7TQ=="
      },
      "opencvsharp": {
        "type": "Project",
        "dependencies": {
          "System.Memory": "4.5.4",
          "System.Runtime.CompilerServices.Unsafe": "4.7.1"
        }
      }
    },
    ".NETCoreApp,Version=v3.1": {
      "Microsoft.CodeAnalysis.FxCopAnalyzers": {
        "type": "Direct",
        "requested": "[3.3.0, )",
        "resolved": "3.3.0",
        "contentHash": "k3Icqx8kc+NrHImuiB8Jc/wd32Xeyd2B/7HOR5Qu9pyKzXQ4ikPeBAwzG2FSTuYhyIuNWvwL5k9yYBbbVz6w9w==",
        "dependencies": {
          "Microsoft.CodeAnalysis.VersionCheckAnalyzer": "[3.3.0]",
          "Microsoft.CodeQuality.Analyzers": "[3.3.0]",
          "Microsoft.NetCore.Analyzers": "[3.3.0]",
          "Microsoft.NetFramework.Analyzers": "[3.3.0]"
        }
      },
      "Microsoft.SourceLink.GitHub": {
        "type": "Direct",
        "requested": "[1.0.0, )",
        "resolved": "1.0.0",
        "contentHash": "aZyGyGg2nFSxix+xMkPmlmZSsnGQ3w+mIG23LTxJZHN+GPwTQ5FpPgDo7RMOq+Kcf5D4hFWfXkGhoGstawX13Q==",
        "dependencies": {
          "Microsoft.Build.Tasks.Git": "1.0.0",
          "Microsoft.SourceLink.Common": "1.0.0"
        }
      },
      "Microsoft.Build.Tasks.Git": {
        "type": "Transitive",
        "resolved": "1.0.0",
        "contentHash": "z2fpmmt+1Jfl+ZnBki9nSP08S1/tbEOxFdsK1rSR+LBehIJz1Xv9/6qOOoGNqlwnAGGVGis1Oj6S8Kt9COEYlQ=="
      },
      "Microsoft.CodeAnalysis.VersionCheckAnalyzer": {
        "type": "Transitive",
        "resolved": "3.3.0",
        "contentHash": "xjLM3DRFZMan3nQyBQEM1mBw6VqQybi4iMJhMFW6Ic1E1GCvqJR3ABOwEL7WtQjDUzxyrGld9bASnAos7G/Xyg=="
      },
      "Microsoft.CodeQuality.Analyzers": {
        "type": "Transitive",
        "resolved": "3.3.0",
        "contentHash": "zZ3miq6u22UFQKhfJyLnVEJ+DgeOopLh3eKJnKAcOetPP2hiv3wa7kHZlBDeTvtqJQiAQhAVbttket8XxjN1zw=="
      },
      "Microsoft.NetCore.Analyzers": {
        "type": "Transitive",
        "resolved": "3.3.0",
        "contentHash": "6qptTHUu1Wfszuf83NhU0IoAb4j7YWOpJs6oc6S4G/nI6aGGWKH/Xi5Vs9L/8lrI74ijEEzPcIwafSQW5ASHtA=="
      },
      "Microsoft.NetFramework.Analyzers": {
        "type": "Transitive",
        "resolved": "3.3.0",
        "contentHash": "JTfMic5fEFWICePbr7GXOGPranqS9Qxu2U/BZEcnnGbK1SFW8TxRyGp6O1L52xsbfOdqmzjc0t5ubhDrjj+Xpg=="
      },
      "Microsoft.SourceLink.Common": {
        "type": "Transitive",
        "resolved": "1.0.0",
        "contentHash": "G8DuQY8/DK5NN+3jm5wcMcd9QYD90UV7MiLmdljSJixi3U/vNaeBKmmXUqI4DJCOeWizIUEh4ALhSt58mR+5eg=="
      },
      "System.Memory": {
        "type": "Transitive",
        "resolved": "4.5.4",
        "contentHash": "1MbJTHS1lZ4bS4FmsJjnuGJOu88ZzTT2rLvrhW7Ygic+pC0NWA+3hgAen0HRdsocuQXCkUTdFn9yHJJhsijDXw=="
      },
      "System.Runtime.CompilerServices.Unsafe": {
        "type": "Transitive",
        "resolved": "4.7.1",
        "contentHash": "zOHkQmzPCn5zm/BH+cxC1XbUS3P4Yoi3xzW7eRgVpDR2tPGSzyMZ17Ig1iRkfJuY0nhxkQQde8pgePNiA7z7TQ=="
      },
      "opencvsharp": {
        "type": "Project",
        "dependencies": {
          "System.Memory": "4.5.4",
          "System.Runtime.CompilerServices.Unsafe": "4.7.1"
        }
      }
    },
    ".NETFramework,Version=v4.6.1": {
      "Microsoft.CodeAnalysis.FxCopAnalyzers": {
        "type": "Direct",
        "requested": "[3.3.0, )",
        "resolved": "3.3.0",
        "contentHash": "k3Icqx8kc+NrHImuiB8Jc/wd32Xeyd2B/7HOR5Qu9pyKzXQ4ikPeBAwzG2FSTuYhyIuNWvwL5k9yYBbbVz6w9w==",
        "dependencies": {
          "Microsoft.CodeAnalysis.VersionCheckAnalyzer": "[3.3.0]",
          "Microsoft.CodeQuality.Analyzers": "[3.3.0]",
          "Microsoft.NetCore.Analyzers": "[3.3.0]",
          "Microsoft.NetFramework.Analyzers": "[3.3.0]"
        }
      },
      "Microsoft.SourceLink.GitHub": {
        "type": "Direct",
        "requested": "[1.0.0, )",
        "resolved": "1.0.0",
        "contentHash": "aZyGyGg2nFSxix+xMkPmlmZSsnGQ3w+mIG23LTxJZHN+GPwTQ5FpPgDo7RMOq+Kcf5D4hFWfXkGhoGstawX13Q==",
        "dependencies": {
          "Microsoft.Build.Tasks.Git": "1.0.0",
          "Microsoft.SourceLink.Common": "1.0.0"
        }
      },
      "Microsoft.Build.Tasks.Git": {
        "type": "Transitive",
        "resolved": "1.0.0",
        "contentHash": "z2fpmmt+1Jfl+ZnBki9nSP08S1/tbEOxFdsK1rSR+LBehIJz1Xv9/6qOOoGNqlwnAGGVGis1Oj6S8Kt9COEYlQ=="
      },
      "Microsoft.CodeAnalysis.VersionCheckAnalyzer": {
        "type": "Transitive",
        "resolved": "3.3.0",
        "contentHash": "xjLM3DRFZMan3nQyBQEM1mBw6VqQybi4iMJhMFW6Ic1E1GCvqJR3ABOwEL7WtQjDUzxyrGld9bASnAos7G/Xyg=="
      },
      "Microsoft.CodeQuality.Analyzers": {
        "type": "Transitive",
        "resolved": "3.3.0",
        "contentHash": "zZ3miq6u22UFQKhfJyLnVEJ+DgeOopLh3eKJnKAcOetPP2hiv3wa7kHZlBDeTvtqJQiAQhAVbttket8XxjN1zw=="
      },
      "Microsoft.NetCore.Analyzers": {
        "type": "Transitive",
        "resolved": "3.3.0",
        "contentHash": "6qptTHUu1Wfszuf83NhU0IoAb4j7YWOpJs6oc6S4G/nI6aGGWKH/Xi5Vs9L/8lrI74ijEEzPcIwafSQW5ASHtA=="
      },
      "Microsoft.NetFramework.Analyzers": {
        "type": "Transitive",
        "resolved": "3.3.0",
        "contentHash": "JTfMic5fEFWICePbr7GXOGPranqS9Qxu2U/BZEcnnGbK1SFW8TxRyGp6O1L52xsbfOdqmzjc0t5ubhDrjj+Xpg=="
      },
      "Microsoft.SourceLink.Common": {
        "type": "Transitive",
        "resolved": "1.0.0",
        "contentHash": "G8DuQY8/DK5NN+3jm5wcMcd9QYD90UV7MiLmdljSJixi3U/vNaeBKmmXUqI4DJCOeWizIUEh4ALhSt58mR+5eg=="
      },
      "System.Buffers": {
        "type": "Transitive",
        "resolved": "4.5.1",
        "contentHash": "Rw7ijyl1qqRS0YQD/WycNst8hUUMgrMH4FCn1nNm27M4VxchZ1js3fVjQaANHO5f3sN4isvP4a+Met9Y4YomAg=="
      },
      "System.Memory": {
        "type": "Transitive",
        "resolved": "4.5.4",
        "contentHash": "1MbJTHS1lZ4bS4FmsJjnuGJOu88ZzTT2rLvrhW7Ygic+pC0NWA+3hgAen0HRdsocuQXCkUTdFn9yHJJhsijDXw==",
        "dependencies": {
          "System.Buffers": "4.5.1",
          "System.Numerics.Vectors": "4.5.0",
          "System.Runtime.CompilerServices.Unsafe": "4.5.3"
        }
      },
      "System.Numerics.Vectors": {
        "type": "Transitive",
        "resolved": "4.5.0",
        "contentHash": "QQTlPTl06J/iiDbJCiepZ4H//BVraReU4O4EoRw1U02H5TLUIT7xn3GnDp9AXPSlJUDyFs4uWjWafNX6WrAojQ=="
      },
      "System.Runtime.CompilerServices.Unsafe": {
        "type": "Transitive",
        "resolved": "4.7.1",
        "contentHash": "zOHkQmzPCn5zm/BH+cxC1XbUS3P4Yoi3xzW7eRgVpDR2tPGSzyMZ17Ig1iRkfJuY0nhxkQQde8pgePNiA7z7TQ=="
      },
      "opencvsharp": {
        "type": "Project",
        "dependencies": {
          "System.Memory": "4.5.4",
          "System.Runtime.CompilerServices.Unsafe": "4.7.1"
        }
      }
    },
    ".NETFramework,Version=v4.8": {
      "Microsoft.CodeAnalysis.FxCopAnalyzers": {
        "type": "Direct",
        "requested": "[3.3.0, )",
        "resolved": "3.3.0",
        "contentHash": "k3Icqx8kc+NrHImuiB8Jc/wd32Xeyd2B/7HOR5Qu9pyKzXQ4ikPeBAwzG2FSTuYhyIuNWvwL5k9yYBbbVz6w9w==",
        "dependencies": {
          "Microsoft.CodeAnalysis.VersionCheckAnalyzer": "[3.3.0]",
          "Microsoft.CodeQuality.Analyzers": "[3.3.0]",
          "Microsoft.NetCore.Analyzers": "[3.3.0]",
          "Microsoft.NetFramework.Analyzers": "[3.3.0]"
        }
      },
      "Microsoft.SourceLink.GitHub": {
        "type": "Direct",
        "requested": "[1.0.0, )",
        "resolved": "1.0.0",
        "contentHash": "aZyGyGg2nFSxix+xMkPmlmZSsnGQ3w+mIG23LTxJZHN+GPwTQ5FpPgDo7RMOq+Kcf5D4hFWfXkGhoGstawX13Q==",
        "dependencies": {
          "Microsoft.Build.Tasks.Git": "1.0.0",
          "Microsoft.SourceLink.Common": "1.0.0"
        }
      },
      "Microsoft.Build.Tasks.Git": {
        "type": "Transitive",
        "resolved": "1.0.0",
        "contentHash": "z2fpmmt+1Jfl+ZnBki9nSP08S1/tbEOxFdsK1rSR+LBehIJz1Xv9/6qOOoGNqlwnAGGVGis1Oj6S8Kt9COEYlQ=="
      },
      "Microsoft.CodeAnalysis.VersionCheckAnalyzer": {
        "type": "Transitive",
        "resolved": "3.3.0",
        "contentHash": "xjLM3DRFZMan3nQyBQEM1mBw6VqQybi4iMJhMFW6Ic1E1GCvqJR3ABOwEL7WtQjDUzxyrGld9bASnAos7G/Xyg=="
      },
      "Microsoft.CodeQuality.Analyzers": {
        "type": "Transitive",
        "resolved": "3.3.0",
        "contentHash": "zZ3miq6u22UFQKhfJyLnVEJ+DgeOopLh3eKJnKAcOetPP2hiv3wa7kHZlBDeTvtqJQiAQhAVbttket8XxjN1zw=="
      },
      "Microsoft.NetCore.Analyzers": {
        "type": "Transitive",
        "resolved": "3.3.0",
        "contentHash": "6qptTHUu1Wfszuf83NhU0IoAb4j7YWOpJs6oc6S4G/nI6aGGWKH/Xi5Vs9L/8lrI74ijEEzPcIwafSQW5ASHtA=="
      },
      "Microsoft.NetFramework.Analyzers": {
        "type": "Transitive",
        "resolved": "3.3.0",
        "contentHash": "JTfMic5fEFWICePbr7GXOGPranqS9Qxu2U/BZEcnnGbK1SFW8TxRyGp6O1L52xsbfOdqmzjc0t5ubhDrjj+Xpg=="
      },
      "Microsoft.SourceLink.Common": {
        "type": "Transitive",
        "resolved": "1.0.0",
        "contentHash": "G8DuQY8/DK5NN+3jm5wcMcd9QYD90UV7MiLmdljSJixi3U/vNaeBKmmXUqI4DJCOeWizIUEh4ALhSt58mR+5eg=="
      },
      "System.Buffers": {
        "type": "Transitive",
        "resolved": "4.5.1",
        "contentHash": "Rw7ijyl1qqRS0YQD/WycNst8hUUMgrMH4FCn1nNm27M4VxchZ1js3fVjQaANHO5f3sN4isvP4a+Met9Y4YomAg=="
      },
      "System.Memory": {
        "type": "Transitive",
        "resolved": "4.5.4",
        "contentHash": "1MbJTHS1lZ4bS4FmsJjnuGJOu88ZzTT2rLvrhW7Ygic+pC0NWA+3hgAen0HRdsocuQXCkUTdFn9yHJJhsijDXw==",
        "dependencies": {
          "System.Buffers": "4.5.1",
          "System.Numerics.Vectors": "4.5.0",
          "System.Runtime.CompilerServices.Unsafe": "4.5.3"
        }
      },
      "System.Numerics.Vectors": {
        "type": "Transitive",
        "resolved": "4.5.0",
        "contentHash": "QQTlPTl06J/iiDbJCiepZ4H//BVraReU4O4EoRw1U02H5TLUIT7xn3GnDp9AXPSlJUDyFs4uWjWafNX6WrAojQ=="
      },
      "System.Runtime.CompilerServices.Unsafe": {
        "type": "Transitive",
        "resolved": "4.7.1",
        "contentHash": "zOHkQmzPCn5zm/BH+cxC1XbUS3P4Yoi3xzW7eRgVpDR2tPGSzyMZ17Ig1iRkfJuY0nhxkQQde8pgePNiA7z7TQ=="
      },
      "opencvsharp": {
        "type": "Project",
        "dependencies": {
          "System.Memory": "4.5.4",
          "System.Runtime.CompilerServices.Unsafe": "4.7.1"
        }
      }
    },
    ".NETStandard,Version=v2.0": {
      "Microsoft.CodeAnalysis.FxCopAnalyzers": {
        "type": "Direct",
        "requested": "[3.3.0, )",
        "resolved": "3.3.0",
        "contentHash": "k3Icqx8kc+NrHImuiB8Jc/wd32Xeyd2B/7HOR5Qu9pyKzXQ4ikPeBAwzG2FSTuYhyIuNWvwL5k9yYBbbVz6w9w==",
        "dependencies": {
          "Microsoft.CodeAnalysis.VersionCheckAnalyzer": "[3.3.0]",
          "Microsoft.CodeQuality.Analyzers": "[3.3.0]",
          "Microsoft.NetCore.Analyzers": "[3.3.0]",
          "Microsoft.NetFramework.Analyzers": "[3.3.0]"
        }
      },
      "Microsoft.SourceLink.GitHub": {
        "type": "Direct",
        "requested": "[1.0.0, )",
        "resolved": "1.0.0",
        "contentHash": "aZyGyGg2nFSxix+xMkPmlmZSsnGQ3w+mIG23LTxJZHN+GPwTQ5FpPgDo7RMOq+Kcf5D4hFWfXkGhoGstawX13Q==",
        "dependencies": {
          "Microsoft.Build.Tasks.Git": "1.0.0",
          "Microsoft.SourceLink.Common": "1.0.0"
        }
      },
      "NETStandard.Library": {
        "type": "Direct",
        "requested": "[2.0.3, )",
        "resolved": "2.0.3",
        "contentHash": "st47PosZSHrjECdjeIzZQbzivYBJFv6P2nv4cj2ypdI204DO+vZ7l5raGMiX4eXMJ53RfOIg+/s4DHVZ54Nu2A==",
        "dependencies": {
          "Microsoft.NETCore.Platforms": "1.1.0"
        }
      },
      "Microsoft.Build.Tasks.Git": {
        "type": "Transitive",
        "resolved": "1.0.0",
        "contentHash": "z2fpmmt+1Jfl+ZnBki9nSP08S1/tbEOxFdsK1rSR+LBehIJz1Xv9/6qOOoGNqlwnAGGVGis1Oj6S8Kt9COEYlQ=="
      },
      "Microsoft.CodeAnalysis.VersionCheckAnalyzer": {
        "type": "Transitive",
        "resolved": "3.3.0",
        "contentHash": "xjLM3DRFZMan3nQyBQEM1mBw6VqQybi4iMJhMFW6Ic1E1GCvqJR3ABOwEL7WtQjDUzxyrGld9bASnAos7G/Xyg=="
      },
      "Microsoft.CodeQuality.Analyzers": {
        "type": "Transitive",
        "resolved": "3.3.0",
        "contentHash": "zZ3miq6u22UFQKhfJyLnVEJ+DgeOopLh3eKJnKAcOetPP2hiv3wa7kHZlBDeTvtqJQiAQhAVbttket8XxjN1zw=="
      },
      "Microsoft.NetCore.Analyzers": {
        "type": "Transitive",
        "resolved": "3.3.0",
        "contentHash": "6qptTHUu1Wfszuf83NhU0IoAb4j7YWOpJs6oc6S4G/nI6aGGWKH/Xi5Vs9L/8lrI74ijEEzPcIwafSQW5ASHtA=="
      },
      "Microsoft.NETCore.Platforms": {
        "type": "Transitive",
        "resolved": "1.1.0",
        "contentHash": "kz0PEW2lhqygehI/d6XsPCQzD7ff7gUJaVGPVETX611eadGsA3A877GdSlU0LRVMCTH/+P3o2iDTak+S08V2+A=="
      },
      "Microsoft.NetFramework.Analyzers": {
        "type": "Transitive",
        "resolved": "3.3.0",
        "contentHash": "JTfMic5fEFWICePbr7GXOGPranqS9Qxu2U/BZEcnnGbK1SFW8TxRyGp6O1L52xsbfOdqmzjc0t5ubhDrjj+Xpg=="
      },
      "Microsoft.SourceLink.Common": {
        "type": "Transitive",
        "resolved": "1.0.0",
        "contentHash": "G8DuQY8/DK5NN+3jm5wcMcd9QYD90UV7MiLmdljSJixi3U/vNaeBKmmXUqI4DJCOeWizIUEh4ALhSt58mR+5eg=="
      },
      "System.Buffers": {
        "type": "Transitive",
        "resolved": "4.5.1",
        "contentHash": "Rw7ijyl1qqRS0YQD/WycNst8hUUMgrMH4FCn1nNm27M4VxchZ1js3fVjQaANHO5f3sN4isvP4a+Met9Y4YomAg=="
      },
      "System.Memory": {
        "type": "Transitive",
        "resolved": "4.5.4",
        "contentHash": "1MbJTHS1lZ4bS4FmsJjnuGJOu88ZzTT2rLvrhW7Ygic+pC0NWA+3hgAen0HRdsocuQXCkUTdFn9yHJJhsijDXw==",
        "dependencies": {
          "System.Buffers": "4.5.1",
          "System.Numerics.Vectors": "4.4.0",
          "System.Runtime.CompilerServices.Unsafe": "4.5.3"
        }
      },
      "System.Numerics.Vectors": {
        "type": "Transitive",
        "resolved": "4.4.0",
        "contentHash": "UiLzLW+Lw6HLed1Hcg+8jSRttrbuXv7DANVj0DkL9g6EnnzbL75EB7EWsw5uRbhxd/4YdG8li5XizGWepmG3PQ=="
      },
      "System.Runtime.CompilerServices.Unsafe": {
        "type": "Transitive",
        "resolved": "4.7.1",
        "contentHash": "zOHkQmzPCn5zm/BH+cxC1XbUS3P4Yoi3xzW7eRgVpDR2tPGSzyMZ17Ig1iRkfJuY0nhxkQQde8pgePNiA7z7TQ=="
      },
      "opencvsharp": {
        "type": "Project",
        "dependencies": {
          "System.Memory": "4.5.4",
          "System.Runtime.CompilerServices.Unsafe": "4.7.1"
        }
      }
    },
    ".NETStandard,Version=v2.1": {
      "Microsoft.CodeAnalysis.FxCopAnalyzers": {
        "type": "Direct",
        "requested": "[3.3.0, )",
        "resolved": "3.3.0",
        "contentHash": "k3Icqx8kc+NrHImuiB8Jc/wd32Xeyd2B/7HOR5Qu9pyKzXQ4ikPeBAwzG2FSTuYhyIuNWvwL5k9yYBbbVz6w9w==",
        "dependencies": {
          "Microsoft.CodeAnalysis.VersionCheckAnalyzer": "[3.3.0]",
          "Microsoft.CodeQuality.Analyzers": "[3.3.0]",
          "Microsoft.NetCore.Analyzers": "[3.3.0]",
          "Microsoft.NetFramework.Analyzers": "[3.3.0]"
        }
      },
      "Microsoft.SourceLink.GitHub": {
        "type": "Direct",
        "requested": "[1.0.0, )",
        "resolved": "1.0.0",
        "contentHash": "aZyGyGg2nFSxix+xMkPmlmZSsnGQ3w+mIG23LTxJZHN+GPwTQ5FpPgDo7RMOq+Kcf5D4hFWfXkGhoGstawX13Q==",
        "dependencies": {
          "Microsoft.Build.Tasks.Git": "1.0.0",
          "Microsoft.SourceLink.Common": "1.0.0"
        }
      },
      "Microsoft.Build.Tasks.Git": {
        "type": "Transitive",
        "resolved": "1.0.0",
        "contentHash": "z2fpmmt+1Jfl+ZnBki9nSP08S1/tbEOxFdsK1rSR+LBehIJz1Xv9/6qOOoGNqlwnAGGVGis1Oj6S8Kt9COEYlQ=="
      },
      "Microsoft.CodeAnalysis.VersionCheckAnalyzer": {
        "type": "Transitive",
        "resolved": "3.3.0",
        "contentHash": "xjLM3DRFZMan3nQyBQEM1mBw6VqQybi4iMJhMFW6Ic1E1GCvqJR3ABOwEL7WtQjDUzxyrGld9bASnAos7G/Xyg=="
      },
      "Microsoft.CodeQuality.Analyzers": {
        "type": "Transitive",
        "resolved": "3.3.0",
        "contentHash": "zZ3miq6u22UFQKhfJyLnVEJ+DgeOopLh3eKJnKAcOetPP2hiv3wa7kHZlBDeTvtqJQiAQhAVbttket8XxjN1zw=="
      },
      "Microsoft.NetCore.Analyzers": {
        "type": "Transitive",
        "resolved": "3.3.0",
        "contentHash": "6qptTHUu1Wfszuf83NhU0IoAb4j7YWOpJs6oc6S4G/nI6aGGWKH/Xi5Vs9L/8lrI74ijEEzPcIwafSQW5ASHtA=="
      },
      "Microsoft.NetFramework.Analyzers": {
        "type": "Transitive",
        "resolved": "3.3.0",
        "contentHash": "JTfMic5fEFWICePbr7GXOGPranqS9Qxu2U/BZEcnnGbK1SFW8TxRyGp6O1L52xsbfOdqmzjc0t5ubhDrjj+Xpg=="
      },
      "Microsoft.SourceLink.Common": {
        "type": "Transitive",
        "resolved": "1.0.0",
        "contentHash": "G8DuQY8/DK5NN+3jm5wcMcd9QYD90UV7MiLmdljSJixi3U/vNaeBKmmXUqI4DJCOeWizIUEh4ALhSt58mR+5eg=="
      },
      "System.Buffers": {
        "type": "Transitive",
        "resolved": "4.5.1",
        "contentHash": "Rw7ijyl1qqRS0YQD/WycNst8hUUMgrMH4FCn1nNm27M4VxchZ1js3fVjQaANHO5f3sN4isvP4a+Met9Y4YomAg=="
      },
      "System.Memory": {
        "type": "Transitive",
        "resolved": "4.5.4",
        "contentHash": "1MbJTHS1lZ4bS4FmsJjnuGJOu88ZzTT2rLvrhW7Ygic+pC0NWA+3hgAen0HRdsocuQXCkUTdFn9yHJJhsijDXw==",
        "dependencies": {
          "System.Buffers": "4.5.1",
          "System.Numerics.Vectors": "4.4.0",
          "System.Runtime.CompilerServices.Unsafe": "4.5.3"
        }
      },
      "System.Numerics.Vectors": {
        "type": "Transitive",
        "resolved": "4.4.0",
        "contentHash": "UiLzLW+Lw6HLed1Hcg+8jSRttrbuXv7DANVj0DkL9g6EnnzbL75EB7EWsw5uRbhxd/4YdG8li5XizGWepmG3PQ=="
      },
      "System.Runtime.CompilerServices.Unsafe": {
        "type": "Transitive",
        "resolved": "4.7.1",
        "contentHash": "zOHkQmzPCn5zm/BH+cxC1XbUS3P4Yoi3xzW7eRgVpDR2tPGSzyMZ17Ig1iRkfJuY0nhxkQQde8pgePNiA7z7TQ=="
      },
      "opencvsharp": {
        "type": "Project",
        "dependencies": {
          "System.Memory": "4.5.4",
          "System.Runtime.CompilerServices.Unsafe": "4.7.1"
        }
      }
    }
  }
}