
Microsoft Visual Studio Solution File, Format Version 12.00
# Visual Studio Express 2013 for Windows Desktop
VisualStudioVersion = 12.0.21005.1
MinimumVisualStudioVersion = 10.0.40219.1
Project("{FAE04EC0-301F-11D3-BF4B-00C04F79EFBC}") = "OpenCvSharp.UserInterface", "OpenCvSharp.UserInterface\OpenCvSharp.UserInterface.csproj", "{DB12E2F1-1A50-4D12-A92F-4C3D705ECC1F}"
EndProject
Project("{FAE04EC0-301F-11D3-BF4B-00C04F79EFBC}") = "OpenCvSharp.Extensions", "OpenCvSharp.Extensions\OpenCvSharp.Extensions.csproj", "{F1110C7B-46B1-4504-871E-135B57F9DE67}"
EndProject
Project("{FAE04EC0-301F-11D3-BF4B-00C04F79EFBC}") = "OpenCvSharp.MachineLearning", "OpenCvSharp.MachineLearning\OpenCvSharp.MachineLearning.csproj", "{DA0AB155-7A22-47C1-92EC-5059290AECF1}"
EndProject
Project("{FAE04EC0-301F-11D3-BF4B-00C04F79EFBC}") = "OpenCvSharp.Blob", "OpenCvSharp.Blob\OpenCvSharp.Blob.csproj", "{383AE960-7F56-47A4-BFF2-B2B81B6A49B5}"
EndProject
Project("{FAE04EC0-301F-11D3-BF4B-00C04F79EFBC}") = "OpenCvSharp.DebuggerVisualizers", "OpenCvSharp.DebuggerVisualizers\OpenCvSharp.DebuggerVisualizers.csproj", "{86E1630F-6AF0-43FE-AC8A-6AB04E959C42}"
EndProject
Project("{FAE04EC0-301F-11D3-BF4B-00C04F79EFBC}") = "OpenCvSharp.CPlusPlus", "OpenCvSharp.CPlusPlus\OpenCvSharp.CPlusPlus.csproj", "{524CC7B4-75B9-4925-9DA4-3DACD40F4814}"
EndProject
Project("{FAE04EC0-301F-11D3-BF4B-00C04F79EFBC}") = "OpenCvSharp.ReleaseMaker", "OpenCvSharp.ReleaseMaker\OpenCvSharp.ReleaseMaker.csproj", "{E2C8C528-B7C7-40AF-BB7F-1147A41E2E23}"
EndProject
Project("{FAE04EC0-301F-11D3-BF4B-00C04F79EFBC}") = "OpenCvSharp", "OpenCvSharp\OpenCvSharp.csproj", "{4C2356B8-1A1E-4F92-A51C-A49CA116867F}"
EndProject
Project("{8BC9CEB8-8B4A-11D0-8D11-00A0C91BC942}") = "OpenCvSharpExtern", "OpenCvSharpExtern\OpenCvSharpExtern.vcxproj", "{8E7279F8-F801-4672-B42F-1ED2C68B16A4}"
EndProject
Project("{8BC9CEB8-8B4A-11D0-8D11-00A0C91BC942}") = "OpenCvSharpExternGpu", "OpenCvSharpExternGpu\OpenCvSharpExternGpu.vcxproj", "{D0A87C56-1384-4D07-9135-CEA9063232D3}"
EndProject
Project("{FAE04EC0-301F-11D3-BF4B-00C04F79EFBC}") = "OpenCvSharp.Gpu", "OpenCvSharp.Gpu\OpenCvSharp.Gpu.csproj", "{504D4626-F5A5-4591-B833-B4A52FDF4444}"
EndProject
Project("{FAE04EC0-301F-11D3-BF4B-00C04F79EFBC}") = "OpenCvSharp.Test", "OpenCvSharp.Test\OpenCvSharp.Test.csproj", "{74711820-94D5-4F00-AB01-4D65C52E8761}"
EndProject
Global
	GlobalSection(SolutionConfigurationPlatforms) = preSolution
		Debug|Any CPU = Debug|Any CPU
		Debug|Mixed Platforms = Debug|Mixed Platforms
		Debug|Win32 = Debug|Win32
		Debug|x64 = Debug|x64
		Debug|x86 = Debug|x86
		Release JP|Any CPU = Release JP|Any CPU
		Release JP|Mixed Platforms = Release JP|Mixed Platforms
		Release JP|Win32 = Release JP|Win32
		Release JP|x64 = Release JP|x64
		Release JP|x86 = Release JP|x86
		Release|Any CPU = Release|Any CPU
		Release|Mixed Platforms = Release|Mixed Platforms
		Release|Win32 = Release|Win32
		Release|x64 = Release|x64
		Release|x86 = Release|x86
	EndGlobalSection
	GlobalSection(ProjectConfigurationPlatforms) = postSolution
		{DB12E2F1-1A50-4D12-A92F-4C3D705ECC1F}.Debug|Any CPU.ActiveCfg = Debug|Any CPU
		{DB12E2F1-1A50-4D12-A92F-4C3D705ECC1F}.Debug|Any CPU.Build.0 = Debug|Any CPU
		{DB12E2F1-1A50-4D12-A92F-4C3D705ECC1F}.Debug|Mixed Platforms.ActiveCfg = Debug|x64
		{DB12E2F1-1A50-4D12-A92F-4C3D705ECC1F}.Debug|Mixed Platforms.Build.0 = Debug|x64
		{DB12E2F1-1A50-4D12-A92F-4C3D705ECC1F}.Debug|Win32.ActiveCfg = Debug|x86
		{DB12E2F1-1A50-4D12-A92F-4C3D705ECC1F}.Debug|x64.ActiveCfg = Debug|Any CPU
		{DB12E2F1-1A50-4D12-A92F-4C3D705ECC1F}.Debug|x64.Build.0 = Debug|Any CPU
		{DB12E2F1-1A50-4D12-A92F-4C3D705ECC1F}.Debug|x86.ActiveCfg = Debug|Any CPU
		{DB12E2F1-1A50-4D12-A92F-4C3D705ECC1F}.Debug|x86.Build.0 = Debug|Any CPU
		{DB12E2F1-1A50-4D12-A92F-4C3D705ECC1F}.Release JP|Any CPU.ActiveCfg = Release JP|Any CPU
		{DB12E2F1-1A50-4D12-A92F-4C3D705ECC1F}.Release JP|Any CPU.Build.0 = Release JP|Any CPU
		{DB12E2F1-1A50-4D12-A92F-4C3D705ECC1F}.Release JP|Mixed Platforms.ActiveCfg = Release JP|x64
		{DB12E2F1-1A50-4D12-A92F-4C3D705ECC1F}.Release JP|Mixed Platforms.Build.0 = Release JP|x64
		{DB12E2F1-1A50-4D12-A92F-4C3D705ECC1F}.Release JP|Win32.ActiveCfg = Release JP|x86
		{DB12E2F1-1A50-4D12-A92F-4C3D705ECC1F}.Release JP|x64.ActiveCfg = Release JP|Any CPU
		{DB12E2F1-1A50-4D12-A92F-4C3D705ECC1F}.Release JP|x64.Build.0 = Release JP|Any CPU
		{DB12E2F1-1A50-4D12-A92F-4C3D705ECC1F}.Release JP|x86.ActiveCfg = Release JP|Any CPU
		{DB12E2F1-1A50-4D12-A92F-4C3D705ECC1F}.Release JP|x86.Build.0 = Release JP|Any CPU
		{DB12E2F1-1A50-4D12-A92F-4C3D705ECC1F}.Release|Any CPU.ActiveCfg = Release|Any CPU
		{DB12E2F1-1A50-4D12-A92F-4C3D705ECC1F}.Release|Any CPU.Build.0 = Release|Any CPU
		{DB12E2F1-1A50-4D12-A92F-4C3D705ECC1F}.Release|Mixed Platforms.ActiveCfg = Release|x64
		{DB12E2F1-1A50-4D12-A92F-4C3D705ECC1F}.Release|Mixed Platforms.Build.0 = Release|x64
		{DB12E2F1-1A50-4D12-A92F-4C3D705ECC1F}.Release|Win32.ActiveCfg = Release|x86
		{DB12E2F1-1A50-4D12-A92F-4C3D705ECC1F}.Release|x64.ActiveCfg = Release|Any CPU
		{DB12E2F1-1A50-4D12-A92F-4C3D705ECC1F}.Release|x64.Build.0 = Release|Any CPU
		{DB12E2F1-1A50-4D12-A92F-4C3D705ECC1F}.Release|x86.ActiveCfg = Release|Any CPU
		{DB12E2F1-1A50-4D12-A92F-4C3D705ECC1F}.Release|x86.Build.0 = Release|Any CPU
		{F1110C7B-46B1-4504-871E-135B57F9DE67}.Debug|Any CPU.ActiveCfg = Debug|Any CPU
		{F1110C7B-46B1-4504-871E-135B57F9DE67}.Debug|Any CPU.Build.0 = Debug|Any CPU
		{F1110C7B-46B1-4504-871E-135B57F9DE67}.Debug|Mixed Platforms.ActiveCfg = Debug|x64
		{F1110C7B-46B1-4504-871E-135B57F9DE67}.Debug|Mixed Platforms.Build.0 = Debug|x64
		{F1110C7B-46B1-4504-871E-135B57F9DE67}.Debug|Win32.ActiveCfg = Debug|x86
		{F1110C7B-46B1-4504-871E-135B57F9DE67}.Debug|x64.ActiveCfg = Debug|Any CPU
		{F1110C7B-46B1-4504-871E-135B57F9DE67}.Debug|x64.Build.0 = Debug|Any CPU
		{F1110C7B-46B1-4504-871E-135B57F9DE67}.Debug|x86.ActiveCfg = Debug|Any CPU
		{F1110C7B-46B1-4504-871E-135B57F9DE67}.Debug|x86.Build.0 = Debug|Any CPU
		{F1110C7B-46B1-4504-871E-135B57F9DE67}.Release JP|Any CPU.ActiveCfg = Release JP|Any CPU
		{F1110C7B-46B1-4504-871E-135B57F9DE67}.Release JP|Any CPU.Build.0 = Release JP|Any CPU
		{F1110C7B-46B1-4504-871E-135B57F9DE67}.Release JP|Mixed Platforms.ActiveCfg = Release JP|x64
		{F1110C7B-46B1-4504-871E-135B57F9DE67}.Release JP|Mixed Platforms.Build.0 = Release JP|x64
		{F1110C7B-46B1-4504-871E-135B57F9DE67}.Release JP|Win32.ActiveCfg = Release JP|x86
		{F1110C7B-46B1-4504-871E-135B57F9DE67}.Release JP|x64.ActiveCfg = Release JP|Any CPU
		{F1110C7B-46B1-4504-871E-135B57F9DE67}.Release JP|x64.Build.0 = Release JP|Any CPU
		{F1110C7B-46B1-4504-871E-135B57F9DE67}.Release JP|x86.ActiveCfg = Release JP|Any CPU
		{F1110C7B-46B1-4504-871E-135B57F9DE67}.Release JP|x86.Build.0 = Release JP|Any CPU
		{F1110C7B-46B1-4504-871E-135B57F9DE67}.Release|Any CPU.ActiveCfg = Release|Any CPU
		{F1110C7B-46B1-4504-871E-135B57F9DE67}.Release|Any CPU.Build.0 = Release|Any CPU
		{F1110C7B-46B1-4504-871E-135B57F9DE67}.Release|Mixed Platforms.ActiveCfg = Release|x64
		{F1110C7B-46B1-4504-871E-135B57F9DE67}.Release|Mixed Platforms.Build.0 = Release|x64
		{F1110C7B-46B1-4504-871E-135B57F9DE67}.Release|Win32.ActiveCfg = Release|x86
		{F1110C7B-46B1-4504-871E-135B57F9DE67}.Release|x64.ActiveCfg = Release|Any CPU
		{F1110C7B-46B1-4504-871E-135B57F9DE67}.Release|x64.Build.0 = Release|Any CPU
		{F1110C7B-46B1-4504-871E-135B57F9DE67}.Release|x86.ActiveCfg = Release|Any CPU
		{F1110C7B-46B1-4504-871E-135B57F9DE67}.Release|x86.Build.0 = Release|Any CPU
		{DA0AB155-7A22-47C1-92EC-5059290AECF1}.Debug|Any CPU.ActiveCfg = Debug|Any CPU
		{DA0AB155-7A22-47C1-92EC-5059290AECF1}.Debug|Any CPU.Build.0 = Debug|Any CPU
		{DA0AB155-7A22-47C1-92EC-5059290AECF1}.Debug|Mixed Platforms.ActiveCfg = Debug|x64
		{DA0AB155-7A22-47C1-92EC-5059290AECF1}.Debug|Mixed Platforms.Build.0 = Debug|x64
		{DA0AB155-7A22-47C1-92EC-5059290AECF1}.Debug|Win32.ActiveCfg = Debug|x86
		{DA0AB155-7A22-47C1-92EC-5059290AECF1}.Debug|x64.ActiveCfg = Debug|Any CPU
		{DA0AB155-7A22-47C1-92EC-5059290AECF1}.Debug|x64.Build.0 = Debug|Any CPU
		{DA0AB155-7A22-47C1-92EC-5059290AECF1}.Debug|x86.ActiveCfg = Debug|Any CPU
		{DA0AB155-7A22-47C1-92EC-5059290AECF1}.Debug|x86.Build.0 = Debug|Any CPU
		{DA0AB155-7A22-47C1-92EC-5059290AECF1}.Release JP|Any CPU.ActiveCfg = Release JP|Any CPU
		{DA0AB155-7A22-47C1-92EC-5059290AECF1}.Release JP|Any CPU.Build.0 = Release JP|Any CPU
		{DA0AB155-7A22-47C1-92EC-5059290AECF1}.Release JP|Mixed Platforms.ActiveCfg = Release JP|x64
		{DA0AB155-7A22-47C1-92EC-5059290AECF1}.Release JP|Mixed Platforms.Build.0 = Release JP|x64
		{DA0AB155-7A22-47C1-92EC-5059290AECF1}.Release JP|Win32.ActiveCfg = Release JP|x86
		{DA0AB155-7A22-47C1-92EC-5059290AECF1}.Release JP|x64.ActiveCfg = Release JP|Any CPU
		{DA0AB155-7A22-47C1-92EC-5059290AECF1}.Release JP|x64.Build.0 = Release JP|Any CPU
		{DA0AB155-7A22-47C1-92EC-5059290AECF1}.Release JP|x86.ActiveCfg = Release JP|Any CPU
		{DA0AB155-7A22-47C1-92EC-5059290AECF1}.Release JP|x86.Build.0 = Release JP|Any CPU
		{DA0AB155-7A22-47C1-92EC-5059290AECF1}.Release|Any CPU.ActiveCfg = Release|Any CPU
		{DA0AB155-7A22-47C1-92EC-5059290AECF1}.Release|Any CPU.Build.0 = Release|Any CPU
		{DA0AB155-7A22-47C1-92EC-5059290AECF1}.Release|Mixed Platforms.ActiveCfg = Release|x64
		{DA0AB155-7A22-47C1-92EC-5059290AECF1}.Release|Mixed Platforms.Build.0 = Release|x64
		{DA0AB155-7A22-47C1-92EC-5059290AECF1}.Release|Win32.ActiveCfg = Release|x86
		{DA0AB155-7A22-47C1-92EC-5059290AECF1}.Release|x64.ActiveCfg = Release|Any CPU
		{DA0AB155-7A22-47C1-92EC-5059290AECF1}.Release|x64.Build.0 = Release|Any CPU
		{DA0AB155-7A22-47C1-92EC-5059290AECF1}.Release|x86.ActiveCfg = Release|Any CPU
		{DA0AB155-7A22-47C1-92EC-5059290AECF1}.Release|x86.Build.0 = Release|Any CPU
		{383AE960-7F56-47A4-BFF2-B2B81B6A49B5}.Debug|Any CPU.ActiveCfg = Debug|Any CPU
		{383AE960-7F56-47A4-BFF2-B2B81B6A49B5}.Debug|Any CPU.Build.0 = Debug|Any CPU
		{383AE960-7F56-47A4-BFF2-B2B81B6A49B5}.Debug|Mixed Platforms.ActiveCfg = Debug|x64
		{383AE960-7F56-47A4-BFF2-B2B81B6A49B5}.Debug|Mixed Platforms.Build.0 = Debug|x64
		{383AE960-7F56-47A4-BFF2-B2B81B6A49B5}.Debug|Win32.ActiveCfg = Debug|x86
		{383AE960-7F56-47A4-BFF2-B2B81B6A49B5}.Debug|x64.ActiveCfg = Debug|Any CPU
		{383AE960-7F56-47A4-BFF2-B2B81B6A49B5}.Debug|x64.Build.0 = Debug|Any CPU
		{383AE960-7F56-47A4-BFF2-B2B81B6A49B5}.Debug|x86.ActiveCfg = Debug|Any CPU
		{383AE960-7F56-47A4-BFF2-B2B81B6A49B5}.Debug|x86.Build.0 = Debug|Any CPU
		{383AE960-7F56-47A4-BFF2-B2B81B6A49B5}.Release JP|Any CPU.ActiveCfg = Release JP|Any CPU
		{383AE960-7F56-47A4-BFF2-B2B81B6A49B5}.Release JP|Any CPU.Build.0 = Release JP|Any CPU
		{383AE960-7F56-47A4-BFF2-B2B81B6A49B5}.Release JP|Mixed Platforms.ActiveCfg = Release JP|x64
		{383AE960-7F56-47A4-BFF2-B2B81B6A49B5}.Release JP|Mixed Platforms.Build.0 = Release JP|x64
		{383AE960-7F56-47A4-BFF2-B2B81B6A49B5}.Release JP|Win32.ActiveCfg = Release JP|x86
		{383AE960-7F56-47A4-BFF2-B2B81B6A49B5}.Release JP|x64.ActiveCfg = Release JP|Any CPU
		{383AE960-7F56-47A4-BFF2-B2B81B6A49B5}.Release JP|x64.Build.0 = Release JP|Any CPU
		{383AE960-7F56-47A4-BFF2-B2B81B6A49B5}.Release JP|x86.ActiveCfg = Release JP|Any CPU
		{383AE960-7F56-47A4-BFF2-B2B81B6A49B5}.Release JP|x86.Build.0 = Release JP|Any CPU
		{383AE960-7F56-47A4-BFF2-B2B81B6A49B5}.Release|Any CPU.ActiveCfg = Release|Any CPU
		{383AE960-7F56-47A4-BFF2-B2B81B6A49B5}.Release|Any CPU.Build.0 = Release|Any CPU
		{383AE960-7F56-47A4-BFF2-B2B81B6A49B5}.Release|Mixed Platforms.ActiveCfg = Release|x64
		{383AE960-7F56-47A4-BFF2-B2B81B6A49B5}.Release|Mixed Platforms.Build.0 = Release|x64
		{383AE960-7F56-47A4-BFF2-B2B81B6A49B5}.Release|Win32.ActiveCfg = Release|x86
		{383AE960-7F56-47A4-BFF2-B2B81B6A49B5}.Release|x64.ActiveCfg = Release|Any CPU
		{383AE960-7F56-47A4-BFF2-B2B81B6A49B5}.Release|x64.Build.0 = Release|Any CPU
		{383AE960-7F56-47A4-BFF2-B2B81B6A49B5}.Release|x86.ActiveCfg = Release|Any CPU
		{383AE960-7F56-47A4-BFF2-B2B81B6A49B5}.Release|x86.Build.0 = Release|Any CPU
		{86E1630F-6AF0-43FE-AC8A-6AB04E959C42}.Debug|Any CPU.ActiveCfg = Debug|Any CPU
		{86E1630F-6AF0-43FE-AC8A-6AB04E959C42}.Debug|Any CPU.Build.0 = Debug|Any CPU
		{86E1630F-6AF0-43FE-AC8A-6AB04E959C42}.Debug|Mixed Platforms.ActiveCfg = Debug|x64
		{86E1630F-6AF0-43FE-AC8A-6AB04E959C42}.Debug|Mixed Platforms.Build.0 = Debug|x64
		{86E1630F-6AF0-43FE-AC8A-6AB04E959C42}.Debug|Win32.ActiveCfg = Debug|x86
		{86E1630F-6AF0-43FE-AC8A-6AB04E959C42}.Debug|x64.ActiveCfg = Debug|Any CPU
		{86E1630F-6AF0-43FE-AC8A-6AB04E959C42}.Debug|x64.Build.0 = Debug|Any CPU
		{86E1630F-6AF0-43FE-AC8A-6AB04E959C42}.Debug|x86.ActiveCfg = Debug|Any CPU
		{86E1630F-6AF0-43FE-AC8A-6AB04E959C42}.Debug|x86.Build.0 = Debug|Any CPU
		{86E1630F-6AF0-43FE-AC8A-6AB04E959C42}.Release JP|Any CPU.ActiveCfg = Release|Any CPU
		{86E1630F-6AF0-43FE-AC8A-6AB04E959C42}.Release JP|Any CPU.Build.0 = Release|Any CPU
		{86E1630F-6AF0-43FE-AC8A-6AB04E959C42}.Release JP|Mixed Platforms.ActiveCfg = Release|x86
		{86E1630F-6AF0-43FE-AC8A-6AB04E959C42}.Release JP|Mixed Platforms.Build.0 = Release|x86
		{86E1630F-6AF0-43FE-AC8A-6AB04E959C42}.Release JP|Win32.ActiveCfg = Release|x86
		{86E1630F-6AF0-43FE-AC8A-6AB04E959C42}.Release JP|x64.ActiveCfg = Release|x64
		{86E1630F-6AF0-43FE-AC8A-6AB04E959C42}.Release JP|x64.Build.0 = Release|x64
		{86E1630F-6AF0-43FE-AC8A-6AB04E959C42}.Release JP|x86.ActiveCfg = Release|Any CPU
		{86E1630F-6AF0-43FE-AC8A-6AB04E959C42}.Release JP|x86.Build.0 = Release|Any CPU
		{86E1630F-6AF0-43FE-AC8A-6AB04E959C42}.Release|Any CPU.ActiveCfg = Release|Any CPU
		{86E1630F-6AF0-43FE-AC8A-6AB04E959C42}.Release|Any CPU.Build.0 = Release|Any CPU
		{86E1630F-6AF0-43FE-AC8A-6AB04E959C42}.Release|Mixed Platforms.ActiveCfg = Release|x64
		{86E1630F-6AF0-43FE-AC8A-6AB04E959C42}.Release|Mixed Platforms.Build.0 = Release|x64
		{86E1630F-6AF0-43FE-AC8A-6AB04E959C42}.Release|Win32.ActiveCfg = Release|x86
		{86E1630F-6AF0-43FE-AC8A-6AB04E959C42}.Release|x64.ActiveCfg = Release|Any CPU
		{86E1630F-6AF0-43FE-AC8A-6AB04E959C42}.Release|x64.Build.0 = Release|Any CPU
		{86E1630F-6AF0-43FE-AC8A-6AB04E959C42}.Release|x86.ActiveCfg = Release|Any CPU
		{86E1630F-6AF0-43FE-AC8A-6AB04E959C42}.Release|x86.Build.0 = Release|Any CPU
		{524CC7B4-75B9-4925-9DA4-3DACD40F4814}.Debug|Any CPU.ActiveCfg = Debug|Any CPU
		{524CC7B4-75B9-4925-9DA4-3DACD40F4814}.Debug|Any CPU.Build.0 = Debug|Any CPU
		{524CC7B4-75B9-4925-9DA4-3DACD40F4814}.Debug|Mixed Platforms.ActiveCfg = Debug|x64
		{524CC7B4-75B9-4925-9DA4-3DACD40F4814}.Debug|Mixed Platforms.Build.0 = Debug|x64
		{524CC7B4-75B9-4925-9DA4-3DACD40F4814}.Debug|Win32.ActiveCfg = Debug|x86
		{524CC7B4-75B9-4925-9DA4-3DACD40F4814}.Debug|x64.ActiveCfg = Debug|Any CPU
		{524CC7B4-75B9-4925-9DA4-3DACD40F4814}.Debug|x64.Build.0 = Debug|Any CPU
		{524CC7B4-75B9-4925-9DA4-3DACD40F4814}.Debug|x86.ActiveCfg = Debug|Any CPU
		{524CC7B4-75B9-4925-9DA4-3DACD40F4814}.Debug|x86.Build.0 = Debug|Any CPU
		{524CC7B4-75B9-4925-9DA4-3DACD40F4814}.Release JP|Any CPU.ActiveCfg = Release JP|Any CPU
		{524CC7B4-75B9-4925-9DA4-3DACD40F4814}.Release JP|Any CPU.Build.0 = Release JP|Any CPU
		{524CC7B4-75B9-4925-9DA4-3DACD40F4814}.Release JP|Mixed Platforms.ActiveCfg = Release JP|x64
		{524CC7B4-75B9-4925-9DA4-3DACD40F4814}.Release JP|Mixed Platforms.Build.0 = Release JP|x64
		{524CC7B4-75B9-4925-9DA4-3DACD40F4814}.Release JP|Win32.ActiveCfg = Release JP|x86
		{524CC7B4-75B9-4925-9DA4-3DACD40F4814}.Release JP|x64.ActiveCfg = Release JP|Any CPU
		{524CC7B4-75B9-4925-9DA4-3DACD40F4814}.Release JP|x64.Build.0 = Release JP|Any CPU
		{524CC7B4-75B9-4925-9DA4-3DACD40F4814}.Release JP|x86.ActiveCfg = Release JP|Any CPU
		{524CC7B4-75B9-4925-9DA4-3DACD40F4814}.Release JP|x86.Build.0 = Release JP|Any CPU
		{524CC7B4-75B9-4925-9DA4-3DACD40F4814}.Release|Any CPU.ActiveCfg = Release|Any CPU
		{524CC7B4-75B9-4925-9DA4-3DACD40F4814}.Release|Any CPU.Build.0 = Release|Any CPU
		{524CC7B4-75B9-4925-9DA4-3DACD40F4814}.Release|Mixed Platforms.ActiveCfg = Release|x64
		{524CC7B4-75B9-4925-9DA4-3DACD40F4814}.Release|Mixed Platforms.Build.0 = Release|x64
		{524CC7B4-75B9-4925-9DA4-3DACD40F4814}.Release|Win32.ActiveCfg = Release|x86
		{524CC7B4-75B9-4925-9DA4-3DACD40F4814}.Release|x64.ActiveCfg = Release|Any CPU
		{524CC7B4-75B9-4925-9DA4-3DACD40F4814}.Release|x64.Build.0 = Release|Any CPU
		{524CC7B4-75B9-4925-9DA4-3DACD40F4814}.Release|x86.ActiveCfg = Release|Any CPU
		{524CC7B4-75B9-4925-9DA4-3DACD40F4814}.Release|x86.Build.0 = Release|Any CPU
		{E2C8C528-B7C7-40AF-BB7F-1147A41E2E23}.Debug|Any CPU.ActiveCfg = Debug|Any CPU
		{E2C8C528-B7C7-40AF-BB7F-1147A41E2E23}.Debug|Any CPU.Build.0 = Debug|Any CPU
		{E2C8C528-B7C7-40AF-BB7F-1147A41E2E23}.Debug|Mixed Platforms.ActiveCfg = Debug|x64
		{E2C8C528-B7C7-40AF-BB7F-1147A41E2E23}.Debug|Mixed Platforms.Build.0 = Debug|x64
		{E2C8C528-B7C7-40AF-BB7F-1147A41E2E23}.Debug|Win32.ActiveCfg = Debug|x86
		{E2C8C528-B7C7-40AF-BB7F-1147A41E2E23}.Debug|x64.ActiveCfg = Debug|Any CPU
		{E2C8C528-B7C7-40AF-BB7F-1147A41E2E23}.Debug|x64.Build.0 = Debug|Any CPU
		{E2C8C528-B7C7-40AF-BB7F-1147A41E2E23}.Debug|x86.ActiveCfg = Debug|Any CPU
		{E2C8C528-B7C7-40AF-BB7F-1147A41E2E23}.Debug|x86.Build.0 = Debug|Any CPU
		{E2C8C528-B7C7-40AF-BB7F-1147A41E2E23}.Release JP|Any CPU.ActiveCfg = Release|Any CPU
		{E2C8C528-B7C7-40AF-BB7F-1147A41E2E23}.Release JP|Any CPU.Build.0 = Release|Any CPU
		{E2C8C528-B7C7-40AF-BB7F-1147A41E2E23}.Release JP|Mixed Platforms.ActiveCfg = Release|x64
		{E2C8C528-B7C7-40AF-BB7F-1147A41E2E23}.Release JP|Mixed Platforms.Build.0 = Release|x64
		{E2C8C528-B7C7-40AF-BB7F-1147A41E2E23}.Release JP|Win32.ActiveCfg = Release|x86
		{E2C8C528-B7C7-40AF-BB7F-1147A41E2E23}.Release JP|x64.ActiveCfg = Release|Any CPU
		{E2C8C528-B7C7-40AF-BB7F-1147A41E2E23}.Release JP|x64.Build.0 = Release|Any CPU
		{E2C8C528-B7C7-40AF-BB7F-1147A41E2E23}.Release JP|x86.ActiveCfg = Release|Any CPU
		{E2C8C528-B7C7-40AF-BB7F-1147A41E2E23}.Release JP|x86.Build.0 = Release|Any CPU
		{E2C8C528-B7C7-40AF-BB7F-1147A41E2E23}.Release|Any CPU.ActiveCfg = Release|Any CPU
		{E2C8C528-B7C7-40AF-BB7F-1147A41E2E23}.Release|Any CPU.Build.0 = Release|Any CPU
		{E2C8C528-B7C7-40AF-BB7F-1147A41E2E23}.Release|Mixed Platforms.ActiveCfg = Release|x64
		{E2C8C528-B7C7-40AF-BB7F-1147A41E2E23}.Release|Mixed Platforms.Build.0 = Release|x64
		{E2C8C528-B7C7-40AF-BB7F-1147A41E2E23}.Release|Win32.ActiveCfg = Release|x86
		{E2C8C528-B7C7-40AF-BB7F-1147A41E2E23}.Release|x64.ActiveCfg = Release|Any CPU
		{E2C8C528-B7C7-40AF-BB7F-1147A41E2E23}.Release|x64.Build.0 = Release|Any CPU
		{E2C8C528-B7C7-40AF-BB7F-1147A41E2E23}.Release|x86.ActiveCfg = Release|Any CPU
		{E2C8C528-B7C7-40AF-BB7F-1147A41E2E23}.Release|x86.Build.0 = Release|Any CPU
		{4C2356B8-1A1E-4F92-A51C-A49CA116867F}.Debug|Any CPU.ActiveCfg = Debug|Any CPU
		{4C2356B8-1A1E-4F92-A51C-A49CA116867F}.Debug|Any CPU.Build.0 = Debug|Any CPU
		{4C2356B8-1A1E-4F92-A51C-A49CA116867F}.Debug|Mixed Platforms.ActiveCfg = Debug|x64
		{4C2356B8-1A1E-4F92-A51C-A49CA116867F}.Debug|Mixed Platforms.Build.0 = Debug|x64
		{4C2356B8-1A1E-4F92-A51C-A49CA116867F}.Debug|Win32.ActiveCfg = Debug|x64
		{4C2356B8-1A1E-4F92-A51C-A49CA116867F}.Debug|x64.ActiveCfg = Debug|Any CPU
		{4C2356B8-1A1E-4F92-A51C-A49CA116867F}.Debug|x64.Build.0 = Debug|Any CPU
		{4C2356B8-1A1E-4F92-A51C-A49CA116867F}.Debug|x86.ActiveCfg = Debug|Any CPU
		{4C2356B8-1A1E-4F92-A51C-A49CA116867F}.Debug|x86.Build.0 = Debug|Any CPU
		{4C2356B8-1A1E-4F92-A51C-A49CA116867F}.Release JP|Any CPU.ActiveCfg = Release JP|Any CPU
		{4C2356B8-1A1E-4F92-A51C-A49CA116867F}.Release JP|Any CPU.Build.0 = Release JP|Any CPU
		{4C2356B8-1A1E-4F92-A51C-A49CA116867F}.Release JP|Mixed Platforms.ActiveCfg = Release JP|x64
		{4C2356B8-1A1E-4F92-A51C-A49CA116867F}.Release JP|Mixed Platforms.Build.0 = Release JP|x64
		{4C2356B8-1A1E-4F92-A51C-A49CA116867F}.Release JP|Win32.ActiveCfg = Release JP|x64
		{4C2356B8-1A1E-4F92-A51C-A49CA116867F}.Release JP|x64.ActiveCfg = Release JP|Any CPU
		{4C2356B8-1A1E-4F92-A51C-A49CA116867F}.Release JP|x64.Build.0 = Release JP|Any CPU
		{4C2356B8-1A1E-4F92-A51C-A49CA116867F}.Release JP|x86.ActiveCfg = Release JP|Any CPU
		{4C2356B8-1A1E-4F92-A51C-A49CA116867F}.Release JP|x86.Build.0 = Release JP|Any CPU
		{4C2356B8-1A1E-4F92-A51C-A49CA116867F}.Release|Any CPU.ActiveCfg = Release|Any CPU
		{4C2356B8-1A1E-4F92-A51C-A49CA116867F}.Release|Any CPU.Build.0 = Release|Any CPU
		{4C2356B8-1A1E-4F92-A51C-A49CA116867F}.Release|Mixed Platforms.ActiveCfg = Release|x64
		{4C2356B8-1A1E-4F92-A51C-A49CA116867F}.Release|Mixed Platforms.Build.0 = Release|x64
		{4C2356B8-1A1E-4F92-A51C-A49CA116867F}.Release|Win32.ActiveCfg = Release|x64
		{4C2356B8-1A1E-4F92-A51C-A49CA116867F}.Release|x64.ActiveCfg = Release|Any CPU
		{4C2356B8-1A1E-4F92-A51C-A49CA116867F}.Release|x64.Build.0 = Release|Any CPU
		{4C2356B8-1A1E-4F92-A51C-A49CA116867F}.Release|x86.ActiveCfg = Release|Any CPU
		{4C2356B8-1A1E-4F92-A51C-A49CA116867F}.Release|x86.Build.0 = Release|Any CPU
		{8E7279F8-F801-4672-B42F-1ED2C68B16A4}.Debug|Any CPU.ActiveCfg = Debug|Win32
		{8E7279F8-F801-4672-B42F-1ED2C68B16A4}.Debug|Mixed Platforms.ActiveCfg = Debug|x64
		{8E7279F8-F801-4672-B42F-1ED2C68B16A4}.Debug|Mixed Platforms.Build.0 = Debug|x64
		{8E7279F8-F801-4672-B42F-1ED2C68B16A4}.Debug|Win32.ActiveCfg = Debug|Win32
		{8E7279F8-F801-4672-B42F-1ED2C68B16A4}.Debug|Win32.Build.0 = Debug|Win32
		{8E7279F8-F801-4672-B42F-1ED2C68B16A4}.Debug|x64.ActiveCfg = Debug|x64
		{8E7279F8-F801-4672-B42F-1ED2C68B16A4}.Debug|x86.ActiveCfg = Debug|Win32
		{8E7279F8-F801-4672-B42F-1ED2C68B16A4}.Release JP|Any CPU.ActiveCfg = Release|Win32
		{8E7279F8-F801-4672-B42F-1ED2C68B16A4}.Release JP|Mixed Platforms.ActiveCfg = Release|x64
		{8E7279F8-F801-4672-B42F-1ED2C68B16A4}.Release JP|Mixed Platforms.Build.0 = Release|x64
		{8E7279F8-F801-4672-B42F-1ED2C68B16A4}.Release JP|Win32.ActiveCfg = Release|x64
		{8E7279F8-F801-4672-B42F-1ED2C68B16A4}.Release JP|x64.ActiveCfg = Release|x64
		{8E7279F8-F801-4672-B42F-1ED2C68B16A4}.Release JP|x64.Build.0 = Release|x64
		{8E7279F8-F801-4672-B42F-1ED2C68B16A4}.Release JP|x86.ActiveCfg = Release|Win32
		{8E7279F8-F801-4672-B42F-1ED2C68B16A4}.Release JP|x86.Build.0 = Release|Win32
		{8E7279F8-F801-4672-B42F-1ED2C68B16A4}.Release|Any CPU.ActiveCfg = Release|Win32
		{8E7279F8-F801-4672-B42F-1ED2C68B16A4}.Release|Mixed Platforms.ActiveCfg = Release|x64
		{8E7279F8-F801-4672-B42F-1ED2C68B16A4}.Release|Mixed Platforms.Build.0 = Release|x64
		{8E7279F8-F801-4672-B42F-1ED2C68B16A4}.Release|Win32.ActiveCfg = Release|Win32
		{8E7279F8-F801-4672-B42F-1ED2C68B16A4}.Release|Win32.Build.0 = Release|Win32
		{8E7279F8-F801-4672-B42F-1ED2C68B16A4}.Release|x64.ActiveCfg = Release|x64
		{8E7279F8-F801-4672-B42F-1ED2C68B16A4}.Release|x64.Build.0 = Release|x64
		{8E7279F8-F801-4672-B42F-1ED2C68B16A4}.Release|x86.ActiveCfg = Release|Win32
		{8E7279F8-F801-4672-B42F-1ED2C68B16A4}.Release|x86.Build.0 = Release|Win32
		{D0A87C56-1384-4D07-9135-CEA9063232D3}.Debug|Any CPU.ActiveCfg = Debug|Win32
		{D0A87C56-1384-4D07-9135-CEA9063232D3}.Debug|Mixed Platforms.ActiveCfg = Debug|x64
		{D0A87C56-1384-4D07-9135-CEA9063232D3}.Debug|Mixed Platforms.Build.0 = Debug|x64
		{D0A87C56-1384-4D07-9135-CEA9063232D3}.Debug|Win32.ActiveCfg = Debug|Win32
		{D0A87C56-1384-4D07-9135-CEA9063232D3}.Debug|Win32.Build.0 = Debug|Win32
		{D0A87C56-1384-4D07-9135-CEA9063232D3}.Debug|x64.ActiveCfg = Debug|x64
		{D0A87C56-1384-4D07-9135-CEA9063232D3}.Debug|x86.ActiveCfg = Debug|Win32
		{D0A87C56-1384-4D07-9135-CEA9063232D3}.Release JP|Any CPU.ActiveCfg = Release|Win32
		{D0A87C56-1384-4D07-9135-CEA9063232D3}.Release JP|Mixed Platforms.ActiveCfg = Release|x64
		{D0A87C56-1384-4D07-9135-CEA9063232D3}.Release JP|Mixed Platforms.Build.0 = Release|x64
		{D0A87C56-1384-4D07-9135-CEA9063232D3}.Release JP|Win32.ActiveCfg = Release|Win32
		{D0A87C56-1384-4D07-9135-CEA9063232D3}.Release JP|Win32.Build.0 = Release|Win32
		{D0A87C56-1384-4D07-9135-CEA9063232D3}.Release JP|x64.ActiveCfg = Release|x64
		{D0A87C56-1384-4D07-9135-CEA9063232D3}.Release JP|x86.ActiveCfg = Release|Win32
		{D0A87C56-1384-4D07-9135-CEA9063232D3}.Release|Any CPU.ActiveCfg = Release|Win32
		{D0A87C56-1384-4D07-9135-CEA9063232D3}.Release|Mixed Platforms.ActiveCfg = Release|x64
		{D0A87C56-1384-4D07-9135-CEA9063232D3}.Release|Mixed Platforms.Build.0 = Release|x64
		{D0A87C56-1384-4D07-9135-CEA9063232D3}.Release|Win32.ActiveCfg = Release|Win32
		{D0A87C56-1384-4D07-9135-CEA9063232D3}.Release|Win32.Build.0 = Release|Win32
		{D0A87C56-1384-4D07-9135-CEA9063232D3}.Release|x64.ActiveCfg = Release|x64
		{D0A87C56-1384-4D07-9135-CEA9063232D3}.Release|x64.Build.0 = Release|x64
		{D0A87C56-1384-4D07-9135-CEA9063232D3}.Release|x86.ActiveCfg = Release|Win32
		{504D4626-F5A5-4591-B833-B4A52FDF4444}.Debug|Any CPU.ActiveCfg = Debug|Any CPU
		{504D4626-F5A5-4591-B833-B4A52FDF4444}.Debug|Any CPU.Build.0 = Debug|Any CPU
		{504D4626-F5A5-4591-B833-B4A52FDF4444}.Debug|Mixed Platforms.ActiveCfg = Debug|Any CPU
		{504D4626-F5A5-4591-B833-B4A52FDF4444}.Debug|Mixed Platforms.Build.0 = Debug|Any CPU
		{504D4626-F5A5-4591-B833-B4A52FDF4444}.Debug|Win32.ActiveCfg = Debug|Any CPU
		{504D4626-F5A5-4591-B833-B4A52FDF4444}.Debug|x64.ActiveCfg = Debug|Any CPU
		{504D4626-F5A5-4591-B833-B4A52FDF4444}.Debug|x64.Build.0 = Debug|Any CPU
		{504D4626-F5A5-4591-B833-B4A52FDF4444}.Debug|x86.ActiveCfg = Debug|Any CPU
		{504D4626-F5A5-4591-B833-B4A52FDF4444}.Debug|x86.Build.0 = Debug|Any CPU
		{504D4626-F5A5-4591-B833-B4A52FDF4444}.Release JP|Any CPU.ActiveCfg = Release|Any CPU
		{504D4626-F5A5-4591-B833-B4A52FDF4444}.Release JP|Any CPU.Build.0 = Release|Any CPU
		{504D4626-F5A5-4591-B833-B4A52FDF4444}.Release JP|Mixed Platforms.ActiveCfg = Release|Any CPU
		{504D4626-F5A5-4591-B833-B4A52FDF4444}.Release JP|Mixed Platforms.Build.0 = Release|Any CPU
		{504D4626-F5A5-4591-B833-B4A52FDF4444}.Release JP|Win32.ActiveCfg = Release|Any CPU
		{504D4626-F5A5-4591-B833-B4A52FDF4444}.Release JP|x64.ActiveCfg = Release JP|Any CPU
		{504D4626-F5A5-4591-B833-B4A52FDF4444}.Release JP|x64.Build.0 = Release JP|Any CPU
		{504D4626-F5A5-4591-B833-B4A52FDF4444}.Release JP|x86.ActiveCfg = Release JP|Any CPU
		{504D4626-F5A5-4591-B833-B4A52FDF4444}.Release JP|x86.Build.0 = Release JP|Any CPU
		{504D4626-F5A5-4591-B833-B4A52FDF4444}.Release|Any CPU.ActiveCfg = Release|Any CPU
		{504D4626-F5A5-4591-B833-B4A52FDF4444}.Release|Any CPU.Build.0 = Release|Any CPU
		{504D4626-F5A5-4591-B833-B4A52FDF4444}.Release|Mixed Platforms.ActiveCfg = Release|Any CPU
		{504D4626-F5A5-4591-B833-B4A52FDF4444}.Release|Mixed Platforms.Build.0 = Release|Any CPU
		{504D4626-F5A5-4591-B833-B4A52FDF4444}.Release|Win32.ActiveCfg = Release|Any CPU
		{504D4626-F5A5-4591-B833-B4A52FDF4444}.Release|x64.ActiveCfg = Release|Any CPU
		{504D4626-F5A5-4591-B833-B4A52FDF4444}.Release|x64.Build.0 = Release|Any CPU
		{504D4626-F5A5-4591-B833-B4A52FDF4444}.Release|x86.ActiveCfg = Release|Any CPU
		{504D4626-F5A5-4591-B833-B4A52FDF4444}.Release|x86.Build.0 = Release|Any CPU
		{74711820-94D5-4F00-AB01-4D65C52E8761}.Debug|Any CPU.ActiveCfg = Debug|Any CPU
		{74711820-94D5-4F00-AB01-4D65C52E8761}.Debug|Any CPU.Build.0 = Debug|Any CPU
		{74711820-94D5-4F00-AB01-4D65C52E8761}.Debug|Mixed Platforms.ActiveCfg = Debug|Any CPU
		{74711820-94D5-4F00-AB01-4D65C52E8761}.Debug|Mixed Platforms.Build.0 = Debug|Any CPU
		{74711820-94D5-4F00-AB01-4D65C52E8761}.Debug|Win32.ActiveCfg = Debug|Any CPU
		{74711820-94D5-4F00-AB01-4D65C52E8761}.Debug|x64.ActiveCfg = Debug|Any CPU
		{74711820-94D5-4F00-AB01-4D65C52E8761}.Debug|x86.ActiveCfg = Debug|Any CPU
		{74711820-94D5-4F00-AB01-4D65C52E8761}.Release JP|Any CPU.ActiveCfg = Release|Any CPU
		{74711820-94D5-4F00-AB01-4D65C52E8761}.Release JP|Any CPU.Build.0 = Release|Any CPU
		{74711820-94D5-4F00-AB01-4D65C52E8761}.Release JP|Mixed Platforms.ActiveCfg = Release|Any CPU
		{74711820-94D5-4F00-AB01-4D65C52E8761}.Release JP|Mixed Platforms.Build.0 = Release|Any CPU
		{74711820-94D5-4F00-AB01-4D65C52E8761}.Release JP|Win32.ActiveCfg = Release|Any CPU
		{74711820-94D5-4F00-AB01-4D65C52E8761}.Release JP|x64.ActiveCfg = Release|Any CPU
		{74711820-94D5-4F00-AB01-4D65C52E8761}.Release JP|x86.ActiveCfg = Release|Any CPU
		{74711820-94D5-4F00-AB01-4D65C52E8761}.Release|Any CPU.ActiveCfg = Release|Any CPU
		{74711820-94D5-4F00-AB01-4D65C52E8761}.Release|Any CPU.Build.0 = Release|Any CPU
		{74711820-94D5-4F00-AB01-4D65C52E8761}.Release|Mixed Platforms.ActiveCfg = Release|Any CPU
		{74711820-94D5-4F00-AB01-4D65C52E8761}.Release|Mixed Platforms.Build.0 = Release|Any CPU
		{74711820-94D5-4F00-AB01-4D65C52E8761}.Release|Win32.ActiveCfg = Release|Any CPU
		{74711820-94D5-4F00-AB01-4D65C52E8761}.Release|x64.ActiveCfg = Release|Any CPU
		{74711820-94D5-4F00-AB01-4D65C52E8761}.Release|x86.ActiveCfg = Release|Any CPU
		{74711820-94D5-4F00-AB01-4D65C52E8761}.Release|x86.Build.0 = Release|Any CPU
	EndGlobalSection
	GlobalSection(SolutionProperties) = preSolution
		HideSolutionNode = FALSE
	EndGlobalSection
EndGlobal
