
Microsoft Visual Studio Solution File, Format Version 12.00
# Visual Studio 14
VisualStudioVersion = 14.0.24720.0
MinimumVisualStudioVersion = 10.0.40219.1
Project("{FAE04EC0-301F-11D3-BF4B-00C04F79EFBC}") = "OpenCvSharp.UserInterface", "OpenCvSharp.UserInterface\OpenCvSharp.UserInterface.csproj", "{DB12E2F1-1A50-4D12-A92F-4C3D705ECC1F}"
EndProject
Project("{FAE04EC0-301F-11D3-BF4B-00C04F79EFBC}") = "OpenCvSharp.Extensions", "OpenCvSharp.Extensions\OpenCvSharp.Extensions.csproj", "{F1110C7B-46B1-4504-871E-135B57F9DE67}"
EndProject
Project("{FAE04EC0-301F-11D3-BF4B-00C04F79EFBC}") = "OpenCvSharp.Blob", "OpenCvSharp.Blob\OpenCvSharp.Blob.csproj", "{383AE960-7F56-47A4-BFF2-B2B81B6A49B5}"
EndProject
Project("{FAE04EC0-301F-11D3-BF4B-00C04F79EFBC}") = "OpenCvSharp.CPlusPlus", "OpenCvSharp.CPlusPlus\OpenCvSharp.CPlusPlus.csproj", "{524CC7B4-75B9-4925-9DA4-3DACD40F4814}"
EndProject
Project("{FAE04EC0-301F-11D3-BF4B-00C04F79EFBC}") = "OpenCvSharp.ReleaseMaker", "OpenCvSharp.ReleaseMaker\OpenCvSharp.ReleaseMaker.csproj", "{E2C8C528-B7C7-40AF-BB7F-1147A41E2E23}"
EndProject
Project("{FAE04EC0-301F-11D3-BF4B-00C04F79EFBC}") = "OpenCvSharp", "OpenCvSharp\OpenCvSharp.csproj", "{4C2356B8-1A1E-4F92-A51C-A49CA116867F}"
EndProject
Project("{8BC9CEB8-8B4A-11D0-8D11-00A0C91BC942}") = "OpenCvSharpExtern", "OpenCvSharpExtern\OpenCvSharpExtern.vcxproj", "{8E7279F8-F801-4672-B42F-1ED2C68B16A4}"
EndProject
Project("{FAE04EC0-301F-11D3-BF4B-00C04F79EFBC}") = "OpenCvSharp.NUnitTest", "OpenCvSharp.NUnitTest\OpenCvSharp.NUnitTest.csproj", "{76A4E76B-0A98-411D-92E9-5527B31EBA3C}"
EndProject
Project("{FAE04EC0-301F-11D3-BF4B-00C04F79EFBC}") = "OpenCvSharp.Sandbox", "OpenCvSharp.Sandbox\OpenCvSharp.Sandbox.csproj", "{C76C33E0-6F2E-49DF-ABD2-02053CB4CCB5}"
EndProject
Project("{8BC9CEB8-8B4A-11D0-8D11-00A0C91BC942}") = "OpenCvSharp.SandboxCpp", "OpenCvSharp.SandboxCpp\OpenCvSharp.SandboxCpp.vcxproj", "{8516D7EB-E716-4BC1-92DB-751E6BF13AE1}"
EndProject
Project("{FAE04EC0-301F-11D3-BF4B-00C04F79EFBC}") = "OpenCvSharp.DebuggerVisualizers2012", "OpenCvSharp.DebuggerVisualizers2012\OpenCvSharp.DebuggerVisualizers2012.csproj", "{AA55EAAD-B9D6-4516-8E29-2039DAABC668}"
EndProject
Project("{FAE04EC0-301F-11D3-BF4B-00C04F79EFBC}") = "OpenCvSharp.DebuggerVisualizers2013", "OpenCvSharp.DebuggerVisualizers2013\OpenCvSharp.DebuggerVisualizers2013.csproj", "{C8D2EAD7-DAA4-48DC-B32F-2602F4F04A2F}"
EndProject
Project("{FAE04EC0-301F-11D3-BF4B-00C04F79EFBC}") = "OpenCvSharp.DebuggerVisualizers2010", "OpenCvSharp.DebuggerVisualizers2010\OpenCvSharp.DebuggerVisualizers2010.csproj", "{B760EBB0-4EC9-4904-9449-DF9FC6FE4E2A}"
EndProject
Project("{FAE04EC0-301F-11D3-BF4B-00C04F79EFBC}") = "OpenCvSharp.DebuggerVisualizers2015", "OpenCvSharp.DebuggerVisualizers2015\OpenCvSharp.DebuggerVisualizers2015.csproj", "{B55BF2D4-6ED3-4F5D-A1AF-134CEE502B24}"
EndProject
Global
	GlobalSection(SolutionConfigurationPlatforms) = preSolution
		Debug|Any CPU = Debug|Any CPU
		Debug|Win32 = Debug|Win32
		Debug|x64 = Debug|x64
		Debug|x86 = Debug|x86
		Release JP|Any CPU = Release JP|Any CPU
		Release JP|Win32 = Release JP|Win32
		Release JP|x64 = Release JP|x64
		Release JP|x86 = Release JP|x86
		Release|Any CPU = Release|Any CPU
		Release|Win32 = Release|Win32
		Release|x64 = Release|x64
		Release|x86 = Release|x86
	EndGlobalSection
	GlobalSection(ProjectConfigurationPlatforms) = postSolution
		{DB12E2F1-1A50-4D12-A92F-4C3D705ECC1F}.Debug|Any CPU.ActiveCfg = Debug|Any CPU
		{DB12E2F1-1A50-4D12-A92F-4C3D705ECC1F}.Debug|Any CPU.Build.0 = Debug|Any CPU
		{DB12E2F1-1A50-4D12-A92F-4C3D705ECC1F}.Debug|Win32.ActiveCfg = Debug|Any CPU
		{DB12E2F1-1A50-4D12-A92F-4C3D705ECC1F}.Debug|x64.ActiveCfg = Debug|Any CPU
		{DB12E2F1-1A50-4D12-A92F-4C3D705ECC1F}.Debug|x64.Build.0 = Debug|Any CPU
		{DB12E2F1-1A50-4D12-A92F-4C3D705ECC1F}.Debug|x86.ActiveCfg = Debug|Any CPU
		{DB12E2F1-1A50-4D12-A92F-4C3D705ECC1F}.Debug|x86.Build.0 = Debug|Any CPU
		{DB12E2F1-1A50-4D12-A92F-4C3D705ECC1F}.Release JP|Any CPU.ActiveCfg = Release JP|Any CPU
		{DB12E2F1-1A50-4D12-A92F-4C3D705ECC1F}.Release JP|Any CPU.Build.0 = Release JP|Any CPU
		{DB12E2F1-1A50-4D12-A92F-4C3D705ECC1F}.Release JP|Win32.ActiveCfg = Release JP|Any CPU
		{DB12E2F1-1A50-4D12-A92F-4C3D705ECC1F}.Release JP|x64.ActiveCfg = Release JP|Any CPU
		{DB12E2F1-1A50-4D12-A92F-4C3D705ECC1F}.Release JP|x64.Build.0 = Release JP|Any CPU
		{DB12E2F1-1A50-4D12-A92F-4C3D705ECC1F}.Release JP|x86.ActiveCfg = Release JP|Any CPU
		{DB12E2F1-1A50-4D12-A92F-4C3D705ECC1F}.Release JP|x86.Build.0 = Release JP|Any CPU
		{DB12E2F1-1A50-4D12-A92F-4C3D705ECC1F}.Release|Any CPU.ActiveCfg = Release|Any CPU
		{DB12E2F1-1A50-4D12-A92F-4C3D705ECC1F}.Release|Any CPU.Build.0 = Release|Any CPU
		{DB12E2F1-1A50-4D12-A92F-4C3D705ECC1F}.Release|Win32.ActiveCfg = Release|Any CPU
		{DB12E2F1-1A50-4D12-A92F-4C3D705ECC1F}.Release|x64.ActiveCfg = Release|Any CPU
		{DB12E2F1-1A50-4D12-A92F-4C3D705ECC1F}.Release|x64.Build.0 = Release|Any CPU
		{DB12E2F1-1A50-4D12-A92F-4C3D705ECC1F}.Release|x86.ActiveCfg = Release|Any CPU
		{DB12E2F1-1A50-4D12-A92F-4C3D705ECC1F}.Release|x86.Build.0 = Release|Any CPU
		{F1110C7B-46B1-4504-871E-135B57F9DE67}.Debug|Any CPU.ActiveCfg = Debug|Any CPU
		{F1110C7B-46B1-4504-871E-135B57F9DE67}.Debug|Any CPU.Build.0 = Debug|Any CPU
		{F1110C7B-46B1-4504-871E-135B57F9DE67}.Debug|Win32.ActiveCfg = Debug|Any CPU
		{F1110C7B-46B1-4504-871E-135B57F9DE67}.Debug|x64.ActiveCfg = Debug|Any CPU
		{F1110C7B-46B1-4504-871E-135B57F9DE67}.Debug|x64.Build.0 = Debug|Any CPU
		{F1110C7B-46B1-4504-871E-135B57F9DE67}.Debug|x86.ActiveCfg = Debug|Any CPU
		{F1110C7B-46B1-4504-871E-135B57F9DE67}.Debug|x86.Build.0 = Debug|Any CPU
		{F1110C7B-46B1-4504-871E-135B57F9DE67}.Release JP|Any CPU.ActiveCfg = Release JP|Any CPU
		{F1110C7B-46B1-4504-871E-135B57F9DE67}.Release JP|Any CPU.Build.0 = Release JP|Any CPU
		{F1110C7B-46B1-4504-871E-135B57F9DE67}.Release JP|Win32.ActiveCfg = Release JP|Any CPU
		{F1110C7B-46B1-4504-871E-135B57F9DE67}.Release JP|x64.ActiveCfg = Release JP|Any CPU
		{F1110C7B-46B1-4504-871E-135B57F9DE67}.Release JP|x64.Build.0 = Release JP|Any CPU
		{F1110C7B-46B1-4504-871E-135B57F9DE67}.Release JP|x86.ActiveCfg = Release JP|Any CPU
		{F1110C7B-46B1-4504-871E-135B57F9DE67}.Release JP|x86.Build.0 = Release JP|Any CPU
		{F1110C7B-46B1-4504-871E-135B57F9DE67}.Release|Any CPU.ActiveCfg = Release|Any CPU
		{F1110C7B-46B1-4504-871E-135B57F9DE67}.Release|Any CPU.Build.0 = Release|Any CPU
		{F1110C7B-46B1-4504-871E-135B57F9DE67}.Release|Win32.ActiveCfg = Release|Any CPU
		{F1110C7B-46B1-4504-871E-135B57F9DE67}.Release|x64.ActiveCfg = Release|Any CPU
		{F1110C7B-46B1-4504-871E-135B57F9DE67}.Release|x64.Build.0 = Release|Any CPU
		{F1110C7B-46B1-4504-871E-135B57F9DE67}.Release|x86.ActiveCfg = Release|Any CPU
		{F1110C7B-46B1-4504-871E-135B57F9DE67}.Release|x86.Build.0 = Release|Any CPU
		{383AE960-7F56-47A4-BFF2-B2B81B6A49B5}.Debug|Any CPU.ActiveCfg = Debug|Any CPU
		{383AE960-7F56-47A4-BFF2-B2B81B6A49B5}.Debug|Any CPU.Build.0 = Debug|Any CPU
		{383AE960-7F56-47A4-BFF2-B2B81B6A49B5}.Debug|Win32.ActiveCfg = Debug|Any CPU
		{383AE960-7F56-47A4-BFF2-B2B81B6A49B5}.Debug|x64.ActiveCfg = Debug|Any CPU
		{383AE960-7F56-47A4-BFF2-B2B81B6A49B5}.Debug|x64.Build.0 = Debug|Any CPU
		{383AE960-7F56-47A4-BFF2-B2B81B6A49B5}.Debug|x86.ActiveCfg = Debug|Any CPU
		{383AE960-7F56-47A4-BFF2-B2B81B6A49B5}.Debug|x86.Build.0 = Debug|Any CPU
		{383AE960-7F56-47A4-BFF2-B2B81B6A49B5}.Release JP|Any CPU.ActiveCfg = Release JP|Any CPU
		{383AE960-7F56-47A4-BFF2-B2B81B6A49B5}.Release JP|Any CPU.Build.0 = Release JP|Any CPU
		{383AE960-7F56-47A4-BFF2-B2B81B6A49B5}.Release JP|Win32.ActiveCfg = Release JP|Any CPU
		{383AE960-7F56-47A4-BFF2-B2B81B6A49B5}.Release JP|x64.ActiveCfg = Release JP|Any CPU
		{383AE960-7F56-47A4-BFF2-B2B81B6A49B5}.Release JP|x64.Build.0 = Release JP|Any CPU
		{383AE960-7F56-47A4-BFF2-B2B81B6A49B5}.Release JP|x86.ActiveCfg = Release JP|Any CPU
		{383AE960-7F56-47A4-BFF2-B2B81B6A49B5}.Release JP|x86.Build.0 = Release JP|Any CPU
		{383AE960-7F56-47A4-BFF2-B2B81B6A49B5}.Release|Any CPU.ActiveCfg = Release|Any CPU
		{383AE960-7F56-47A4-BFF2-B2B81B6A49B5}.Release|Any CPU.Build.0 = Release|Any CPU
		{383AE960-7F56-47A4-BFF2-B2B81B6A49B5}.Release|Win32.ActiveCfg = Release|Any CPU
		{383AE960-7F56-47A4-BFF2-B2B81B6A49B5}.Release|x64.ActiveCfg = Release|Any CPU
		{383AE960-7F56-47A4-BFF2-B2B81B6A49B5}.Release|x64.Build.0 = Release|Any CPU
		{383AE960-7F56-47A4-BFF2-B2B81B6A49B5}.Release|x86.ActiveCfg = Release|Any CPU
		{383AE960-7F56-47A4-BFF2-B2B81B6A49B5}.Release|x86.Build.0 = Release|Any CPU
		{524CC7B4-75B9-4925-9DA4-3DACD40F4814}.Debug|Any CPU.ActiveCfg = Debug|Any CPU
		{524CC7B4-75B9-4925-9DA4-3DACD40F4814}.Debug|Any CPU.Build.0 = Debug|Any CPU
		{524CC7B4-75B9-4925-9DA4-3DACD40F4814}.Debug|Win32.ActiveCfg = Debug|Any CPU
		{524CC7B4-75B9-4925-9DA4-3DACD40F4814}.Debug|x64.ActiveCfg = Debug|Any CPU
		{524CC7B4-75B9-4925-9DA4-3DACD40F4814}.Debug|x64.Build.0 = Debug|Any CPU
		{524CC7B4-75B9-4925-9DA4-3DACD40F4814}.Debug|x86.ActiveCfg = Debug|Any CPU
		{524CC7B4-75B9-4925-9DA4-3DACD40F4814}.Debug|x86.Build.0 = Debug|Any CPU
		{524CC7B4-75B9-4925-9DA4-3DACD40F4814}.Release JP|Any CPU.ActiveCfg = Release JP|Any CPU
		{524CC7B4-75B9-4925-9DA4-3DACD40F4814}.Release JP|Any CPU.Build.0 = Release JP|Any CPU
		{524CC7B4-75B9-4925-9DA4-3DACD40F4814}.Release JP|Win32.ActiveCfg = Release JP|Any CPU
		{524CC7B4-75B9-4925-9DA4-3DACD40F4814}.Release JP|x64.ActiveCfg = Release JP|Any CPU
		{524CC7B4-75B9-4925-9DA4-3DACD40F4814}.Release JP|x64.Build.0 = Release JP|Any CPU
		{524CC7B4-75B9-4925-9DA4-3DACD40F4814}.Release JP|x86.ActiveCfg = Release JP|Any CPU
		{524CC7B4-75B9-4925-9DA4-3DACD40F4814}.Release JP|x86.Build.0 = Release JP|Any CPU
		{524CC7B4-75B9-4925-9DA4-3DACD40F4814}.Release|Any CPU.ActiveCfg = Release|Any CPU
		{524CC7B4-75B9-4925-9DA4-3DACD40F4814}.Release|Any CPU.Build.0 = Release|Any CPU
		{524CC7B4-75B9-4925-9DA4-3DACD40F4814}.Release|Win32.ActiveCfg = Release|Any CPU
		{524CC7B4-75B9-4925-9DA4-3DACD40F4814}.Release|x64.ActiveCfg = Release|Any CPU
		{524CC7B4-75B9-4925-9DA4-3DACD40F4814}.Release|x64.Build.0 = Release|Any CPU
		{524CC7B4-75B9-4925-9DA4-3DACD40F4814}.Release|x86.ActiveCfg = Release|Any CPU
		{524CC7B4-75B9-4925-9DA4-3DACD40F4814}.Release|x86.Build.0 = Release|Any CPU
		{E2C8C528-B7C7-40AF-BB7F-1147A41E2E23}.Debug|Any CPU.ActiveCfg = Debug|Any CPU
		{E2C8C528-B7C7-40AF-BB7F-1147A41E2E23}.Debug|Any CPU.Build.0 = Debug|Any CPU
		{E2C8C528-B7C7-40AF-BB7F-1147A41E2E23}.Debug|Win32.ActiveCfg = Debug|Any CPU
		{E2C8C528-B7C7-40AF-BB7F-1147A41E2E23}.Debug|x64.ActiveCfg = Debug|Any CPU
		{E2C8C528-B7C7-40AF-BB7F-1147A41E2E23}.Debug|x64.Build.0 = Debug|Any CPU
		{E2C8C528-B7C7-40AF-BB7F-1147A41E2E23}.Debug|x86.ActiveCfg = Debug|Any CPU
		{E2C8C528-B7C7-40AF-BB7F-1147A41E2E23}.Debug|x86.Build.0 = Debug|Any CPU
		{E2C8C528-B7C7-40AF-BB7F-1147A41E2E23}.Release JP|Any CPU.ActiveCfg = Release|Any CPU
		{E2C8C528-B7C7-40AF-BB7F-1147A41E2E23}.Release JP|Any CPU.Build.0 = Release|Any CPU
		{E2C8C528-B7C7-40AF-BB7F-1147A41E2E23}.Release JP|Win32.ActiveCfg = Release|Any CPU
		{E2C8C528-B7C7-40AF-BB7F-1147A41E2E23}.Release JP|x64.ActiveCfg = Release|Any CPU
		{E2C8C528-B7C7-40AF-BB7F-1147A41E2E23}.Release JP|x64.Build.0 = Release|Any CPU
		{E2C8C528-B7C7-40AF-BB7F-1147A41E2E23}.Release JP|x86.ActiveCfg = Release|Any CPU
		{E2C8C528-B7C7-40AF-BB7F-1147A41E2E23}.Release JP|x86.Build.0 = Release|Any CPU
		{E2C8C528-B7C7-40AF-BB7F-1147A41E2E23}.Release|Any CPU.ActiveCfg = Release|Any CPU
		{E2C8C528-B7C7-40AF-BB7F-1147A41E2E23}.Release|Any CPU.Build.0 = Release|Any CPU
		{E2C8C528-B7C7-40AF-BB7F-1147A41E2E23}.Release|Win32.ActiveCfg = Release|Any CPU
		{E2C8C528-B7C7-40AF-BB7F-1147A41E2E23}.Release|x64.ActiveCfg = Release|Any CPU
		{E2C8C528-B7C7-40AF-BB7F-1147A41E2E23}.Release|x64.Build.0 = Release|Any CPU
		{E2C8C528-B7C7-40AF-BB7F-1147A41E2E23}.Release|x86.ActiveCfg = Release|Any CPU
		{E2C8C528-B7C7-40AF-BB7F-1147A41E2E23}.Release|x86.Build.0 = Release|Any CPU
		{4C2356B8-1A1E-4F92-A51C-A49CA116867F}.Debug|Any CPU.ActiveCfg = Debug|Any CPU
		{4C2356B8-1A1E-4F92-A51C-A49CA116867F}.Debug|Any CPU.Build.0 = Debug|Any CPU
		{4C2356B8-1A1E-4F92-A51C-A49CA116867F}.Debug|Win32.ActiveCfg = Debug|Any CPU
		{4C2356B8-1A1E-4F92-A51C-A49CA116867F}.Debug|x64.ActiveCfg = Debug|Any CPU
		{4C2356B8-1A1E-4F92-A51C-A49CA116867F}.Debug|x64.Build.0 = Debug|Any CPU
		{4C2356B8-1A1E-4F92-A51C-A49CA116867F}.Debug|x86.ActiveCfg = Debug|Any CPU
		{4C2356B8-1A1E-4F92-A51C-A49CA116867F}.Debug|x86.Build.0 = Debug|Any CPU
		{4C2356B8-1A1E-4F92-A51C-A49CA116867F}.Release JP|Any CPU.ActiveCfg = Release JP|Any CPU
		{4C2356B8-1A1E-4F92-A51C-A49CA116867F}.Release JP|Any CPU.Build.0 = Release JP|Any CPU
		{4C2356B8-1A1E-4F92-A51C-A49CA116867F}.Release JP|Win32.ActiveCfg = Release JP|Any CPU
		{4C2356B8-1A1E-4F92-A51C-A49CA116867F}.Release JP|x64.ActiveCfg = Release JP|Any CPU
		{4C2356B8-1A1E-4F92-A51C-A49CA116867F}.Release JP|x64.Build.0 = Release JP|Any CPU
		{4C2356B8-1A1E-4F92-A51C-A49CA116867F}.Release JP|x86.ActiveCfg = Release JP|Any CPU
		{4C2356B8-1A1E-4F92-A51C-A49CA116867F}.Release JP|x86.Build.0 = Release JP|Any CPU
		{4C2356B8-1A1E-4F92-A51C-A49CA116867F}.Release|Any CPU.ActiveCfg = Release|Any CPU
		{4C2356B8-1A1E-4F92-A51C-A49CA116867F}.Release|Any CPU.Build.0 = Release|Any CPU
		{4C2356B8-1A1E-4F92-A51C-A49CA116867F}.Release|Win32.ActiveCfg = Release|Any CPU
		{4C2356B8-1A1E-4F92-A51C-A49CA116867F}.Release|x64.ActiveCfg = Release|Any CPU
		{4C2356B8-1A1E-4F92-A51C-A49CA116867F}.Release|x64.Build.0 = Release|Any CPU
		{4C2356B8-1A1E-4F92-A51C-A49CA116867F}.Release|x86.ActiveCfg = Release|Any CPU
		{4C2356B8-1A1E-4F92-A51C-A49CA116867F}.Release|x86.Build.0 = Release|Any CPU
		{8E7279F8-F801-4672-B42F-1ED2C68B16A4}.Debug|Any CPU.ActiveCfg = Debug|Win32
		{8E7279F8-F801-4672-B42F-1ED2C68B16A4}.Debug|Win32.ActiveCfg = Debug|Win32
		{8E7279F8-F801-4672-B42F-1ED2C68B16A4}.Debug|Win32.Build.0 = Debug|Win32
		{8E7279F8-F801-4672-B42F-1ED2C68B16A4}.Debug|x64.ActiveCfg = Debug|x64
		{8E7279F8-F801-4672-B42F-1ED2C68B16A4}.Debug|x86.ActiveCfg = Debug|Win32
		{8E7279F8-F801-4672-B42F-1ED2C68B16A4}.Release JP|Any CPU.ActiveCfg = Release|Win32
		{8E7279F8-F801-4672-B42F-1ED2C68B16A4}.Release JP|Win32.ActiveCfg = Release|x64
		{8E7279F8-F801-4672-B42F-1ED2C68B16A4}.Release JP|x64.ActiveCfg = Release|x64
		{8E7279F8-F801-4672-B42F-1ED2C68B16A4}.Release JP|x64.Build.0 = Release|x64
		{8E7279F8-F801-4672-B42F-1ED2C68B16A4}.Release JP|x86.ActiveCfg = Release|Win32
		{8E7279F8-F801-4672-B42F-1ED2C68B16A4}.Release JP|x86.Build.0 = Release|Win32
		{8E7279F8-F801-4672-B42F-1ED2C68B16A4}.Release|Any CPU.ActiveCfg = Release|Win32
		{8E7279F8-F801-4672-B42F-1ED2C68B16A4}.Release|Win32.ActiveCfg = Release|Win32
		{8E7279F8-F801-4672-B42F-1ED2C68B16A4}.Release|Win32.Build.0 = Release|Win32
		{8E7279F8-F801-4672-B42F-1ED2C68B16A4}.Release|x64.ActiveCfg = Release|x64
		{8E7279F8-F801-4672-B42F-1ED2C68B16A4}.Release|x64.Build.0 = Release|x64
		{8E7279F8-F801-4672-B42F-1ED2C68B16A4}.Release|x86.ActiveCfg = Release|Win32
		{8E7279F8-F801-4672-B42F-1ED2C68B16A4}.Release|x86.Build.0 = Release|Win32
		{76A4E76B-0A98-411D-92E9-5527B31EBA3C}.Debug|Any CPU.ActiveCfg = Debug|Any CPU
		{76A4E76B-0A98-411D-92E9-5527B31EBA3C}.Debug|Any CPU.Build.0 = Debug|Any CPU
		{76A4E76B-0A98-411D-92E9-5527B31EBA3C}.Debug|Win32.ActiveCfg = Debug|Any CPU
		{76A4E76B-0A98-411D-92E9-5527B31EBA3C}.Debug|x64.ActiveCfg = Debug|Any CPU
		{76A4E76B-0A98-411D-92E9-5527B31EBA3C}.Debug|x86.ActiveCfg = Debug|Any CPU
		{76A4E76B-0A98-411D-92E9-5527B31EBA3C}.Release JP|Any CPU.ActiveCfg = Release|Any CPU
		{76A4E76B-0A98-411D-92E9-5527B31EBA3C}.Release JP|Any CPU.Build.0 = Release|Any CPU
		{76A4E76B-0A98-411D-92E9-5527B31EBA3C}.Release JP|Win32.ActiveCfg = Release|Any CPU
		{76A4E76B-0A98-411D-92E9-5527B31EBA3C}.Release JP|x64.ActiveCfg = Release|Any CPU
		{76A4E76B-0A98-411D-92E9-5527B31EBA3C}.Release JP|x86.ActiveCfg = Release|x86
		{76A4E76B-0A98-411D-92E9-5527B31EBA3C}.Release JP|x86.Build.0 = Release|x86
		{76A4E76B-0A98-411D-92E9-5527B31EBA3C}.Release|Any CPU.ActiveCfg = Release|Any CPU
		{76A4E76B-0A98-411D-92E9-5527B31EBA3C}.Release|Any CPU.Build.0 = Release|Any CPU
		{76A4E76B-0A98-411D-92E9-5527B31EBA3C}.Release|Win32.ActiveCfg = Release|Any CPU
		{76A4E76B-0A98-411D-92E9-5527B31EBA3C}.Release|x64.ActiveCfg = Release|Any CPU
		{76A4E76B-0A98-411D-92E9-5527B31EBA3C}.Release|x86.ActiveCfg = Release|x86
		{76A4E76B-0A98-411D-92E9-5527B31EBA3C}.Release|x86.Build.0 = Release|x86
		{C76C33E0-6F2E-49DF-ABD2-02053CB4CCB5}.Debug|Any CPU.ActiveCfg = Debug|Any CPU
		{C76C33E0-6F2E-49DF-ABD2-02053CB4CCB5}.Debug|Any CPU.Build.0 = Debug|Any CPU
		{C76C33E0-6F2E-49DF-ABD2-02053CB4CCB5}.Debug|Win32.ActiveCfg = Debug|Any CPU
		{C76C33E0-6F2E-49DF-ABD2-02053CB4CCB5}.Debug|x64.ActiveCfg = Debug|x64
		{C76C33E0-6F2E-49DF-ABD2-02053CB4CCB5}.Debug|x64.Build.0 = Debug|x64
		{C76C33E0-6F2E-49DF-ABD2-02053CB4CCB5}.Debug|x86.ActiveCfg = Debug|x86
		{C76C33E0-6F2E-49DF-ABD2-02053CB4CCB5}.Debug|x86.Build.0 = Debug|x86
		{C76C33E0-6F2E-49DF-ABD2-02053CB4CCB5}.Release JP|Any CPU.ActiveCfg = Release|Any CPU
		{C76C33E0-6F2E-49DF-ABD2-02053CB4CCB5}.Release JP|Any CPU.Build.0 = Release|Any CPU
		{C76C33E0-6F2E-49DF-ABD2-02053CB4CCB5}.Release JP|Win32.ActiveCfg = Release|Any CPU
		{C76C33E0-6F2E-49DF-ABD2-02053CB4CCB5}.Release JP|x64.ActiveCfg = Release|x64
		{C76C33E0-6F2E-49DF-ABD2-02053CB4CCB5}.Release JP|x64.Build.0 = Release|x64
		{C76C33E0-6F2E-49DF-ABD2-02053CB4CCB5}.Release JP|x86.ActiveCfg = Release JP|x86
		{C76C33E0-6F2E-49DF-ABD2-02053CB4CCB5}.Release JP|x86.Build.0 = Release JP|x86
		{C76C33E0-6F2E-49DF-ABD2-02053CB4CCB5}.Release|Any CPU.ActiveCfg = Release|Any CPU
		{C76C33E0-6F2E-49DF-ABD2-02053CB4CCB5}.Release|Any CPU.Build.0 = Release|Any CPU
		{C76C33E0-6F2E-49DF-ABD2-02053CB4CCB5}.Release|Win32.ActiveCfg = Release|Any CPU
		{C76C33E0-6F2E-49DF-ABD2-02053CB4CCB5}.Release|x64.ActiveCfg = Release|x64
		{C76C33E0-6F2E-49DF-ABD2-02053CB4CCB5}.Release|x64.Build.0 = Release|x64
		{C76C33E0-6F2E-49DF-ABD2-02053CB4CCB5}.Release|x86.ActiveCfg = Release|x86
		{C76C33E0-6F2E-49DF-ABD2-02053CB4CCB5}.Release|x86.Build.0 = Release|x86
		{8516D7EB-E716-4BC1-92DB-751E6BF13AE1}.Debug|Any CPU.ActiveCfg = Debug|Win32
		{8516D7EB-E716-4BC1-92DB-751E6BF13AE1}.Debug|Win32.ActiveCfg = Debug|Win32
		{8516D7EB-E716-4BC1-92DB-751E6BF13AE1}.Debug|Win32.Build.0 = Debug|Win32
		{8516D7EB-E716-4BC1-92DB-751E6BF13AE1}.Debug|x64.ActiveCfg = Debug|x64
		{8516D7EB-E716-4BC1-92DB-751E6BF13AE1}.Debug|x64.Build.0 = Debug|x64
		{8516D7EB-E716-4BC1-92DB-751E6BF13AE1}.Debug|x86.ActiveCfg = Debug|Win32
		{8516D7EB-E716-4BC1-92DB-751E6BF13AE1}.Release JP|Any CPU.ActiveCfg = Release|Win32
		{8516D7EB-E716-4BC1-92DB-751E6BF13AE1}.Release JP|Win32.ActiveCfg = Release|Win32
		{8516D7EB-E716-4BC1-92DB-751E6BF13AE1}.Release JP|Win32.Build.0 = Release|Win32
		{8516D7EB-E716-4BC1-92DB-751E6BF13AE1}.Release JP|x64.ActiveCfg = Release|Win32
		{8516D7EB-E716-4BC1-92DB-751E6BF13AE1}.Release JP|x86.ActiveCfg = Release|Win32
		{8516D7EB-E716-4BC1-92DB-751E6BF13AE1}.Release JP|x86.Build.0 = Release|Win32
		{8516D7EB-E716-4BC1-92DB-751E6BF13AE1}.Release|Any CPU.ActiveCfg = Release|Win32
		{8516D7EB-E716-4BC1-92DB-751E6BF13AE1}.Release|Win32.ActiveCfg = Release|Win32
		{8516D7EB-E716-4BC1-92DB-751E6BF13AE1}.Release|Win32.Build.0 = Release|Win32
		{8516D7EB-E716-4BC1-92DB-751E6BF13AE1}.Release|x64.ActiveCfg = Release|x64
		{8516D7EB-E716-4BC1-92DB-751E6BF13AE1}.Release|x64.Build.0 = Release|x64
		{8516D7EB-E716-4BC1-92DB-751E6BF13AE1}.Release|x86.ActiveCfg = Release|Win32
		{8516D7EB-E716-4BC1-92DB-751E6BF13AE1}.Release|x86.Build.0 = Release|Win32
		{AA55EAAD-B9D6-4516-8E29-2039DAABC668}.Debug|Any CPU.ActiveCfg = Debug|Any CPU
		{AA55EAAD-B9D6-4516-8E29-2039DAABC668}.Debug|Any CPU.Build.0 = Debug|Any CPU
		{AA55EAAD-B9D6-4516-8E29-2039DAABC668}.Debug|Win32.ActiveCfg = Debug|Any CPU
		{AA55EAAD-B9D6-4516-8E29-2039DAABC668}.Debug|x64.ActiveCfg = Debug|Any CPU
		{AA55EAAD-B9D6-4516-8E29-2039DAABC668}.Debug|x64.Build.0 = Debug|Any CPU
		{AA55EAAD-B9D6-4516-8E29-2039DAABC668}.Debug|x86.ActiveCfg = Debug|Any CPU
		{AA55EAAD-B9D6-4516-8E29-2039DAABC668}.Release JP|Any CPU.ActiveCfg = Release|Any CPU
		{AA55EAAD-B9D6-4516-8E29-2039DAABC668}.Release JP|Any CPU.Build.0 = Release|Any CPU
		{AA55EAAD-B9D6-4516-8E29-2039DAABC668}.Release JP|Win32.ActiveCfg = Release|Any CPU
		{AA55EAAD-B9D6-4516-8E29-2039DAABC668}.Release JP|x64.ActiveCfg = Release|Any CPU
		{AA55EAAD-B9D6-4516-8E29-2039DAABC668}.Release JP|x64.Build.0 = Release|Any CPU
		{AA55EAAD-B9D6-4516-8E29-2039DAABC668}.Release JP|x86.ActiveCfg = Release|Any CPU
		{AA55EAAD-B9D6-4516-8E29-2039DAABC668}.Release JP|x86.Build.0 = Release|Any CPU
		{AA55EAAD-B9D6-4516-8E29-2039DAABC668}.Release|Any CPU.ActiveCfg = Release|Any CPU
		{AA55EAAD-B9D6-4516-8E29-2039DAABC668}.Release|Any CPU.Build.0 = Release|Any CPU
		{AA55EAAD-B9D6-4516-8E29-2039DAABC668}.Release|Win32.ActiveCfg = Release|Any CPU
		{AA55EAAD-B9D6-4516-8E29-2039DAABC668}.Release|x64.ActiveCfg = Release|Any CPU
		{AA55EAAD-B9D6-4516-8E29-2039DAABC668}.Release|x64.Build.0 = Release|Any CPU
		{AA55EAAD-B9D6-4516-8E29-2039DAABC668}.Release|x86.ActiveCfg = Release|Any CPU
		{AA55EAAD-B9D6-4516-8E29-2039DAABC668}.Release|x86.Build.0 = Release|Any CPU
		{C8D2EAD7-DAA4-48DC-B32F-2602F4F04A2F}.Debug|Any CPU.ActiveCfg = Debug|Any CPU
		{C8D2EAD7-DAA4-48DC-B32F-2602F4F04A2F}.Debug|Any CPU.Build.0 = Debug|Any CPU
		{C8D2EAD7-DAA4-48DC-B32F-2602F4F04A2F}.Debug|Win32.ActiveCfg = Debug|Any CPU
		{C8D2EAD7-DAA4-48DC-B32F-2602F4F04A2F}.Debug|x64.ActiveCfg = Debug|Any CPU
		{C8D2EAD7-DAA4-48DC-B32F-2602F4F04A2F}.Debug|x64.Build.0 = Debug|Any CPU
		{C8D2EAD7-DAA4-48DC-B32F-2602F4F04A2F}.Debug|x86.ActiveCfg = Debug|Any CPU
		{C8D2EAD7-DAA4-48DC-B32F-2602F4F04A2F}.Release JP|Any CPU.ActiveCfg = Release|Any CPU
		{C8D2EAD7-DAA4-48DC-B32F-2602F4F04A2F}.Release JP|Any CPU.Build.0 = Release|Any CPU
		{C8D2EAD7-DAA4-48DC-B32F-2602F4F04A2F}.Release JP|Win32.ActiveCfg = Release|Any CPU
		{C8D2EAD7-DAA4-48DC-B32F-2602F4F04A2F}.Release JP|x64.ActiveCfg = Release|Any CPU
		{C8D2EAD7-DAA4-48DC-B32F-2602F4F04A2F}.Release JP|x64.Build.0 = Release|Any CPU
		{C8D2EAD7-DAA4-48DC-B32F-2602F4F04A2F}.Release JP|x86.ActiveCfg = Release|Any CPU
		{C8D2EAD7-DAA4-48DC-B32F-2602F4F04A2F}.Release JP|x86.Build.0 = Release|Any CPU
		{C8D2EAD7-DAA4-48DC-B32F-2602F4F04A2F}.Release|Any CPU.ActiveCfg = Release|Any CPU
		{C8D2EAD7-DAA4-48DC-B32F-2602F4F04A2F}.Release|Any CPU.Build.0 = Release|Any CPU
		{C8D2EAD7-DAA4-48DC-B32F-2602F4F04A2F}.Release|Win32.ActiveCfg = Release|Any CPU
		{C8D2EAD7-DAA4-48DC-B32F-2602F4F04A2F}.Release|x64.ActiveCfg = Release|Any CPU
		{C8D2EAD7-DAA4-48DC-B32F-2602F4F04A2F}.Release|x64.Build.0 = Release|Any CPU
		{C8D2EAD7-DAA4-48DC-B32F-2602F4F04A2F}.Release|x86.ActiveCfg = Release|Any CPU
		{C8D2EAD7-DAA4-48DC-B32F-2602F4F04A2F}.Release|x86.Build.0 = Release|Any CPU
		{B760EBB0-4EC9-4904-9449-DF9FC6FE4E2A}.Debug|Any CPU.ActiveCfg = Debug|Any CPU
		{B760EBB0-4EC9-4904-9449-DF9FC6FE4E2A}.Debug|Any CPU.Build.0 = Debug|Any CPU
		{B760EBB0-4EC9-4904-9449-DF9FC6FE4E2A}.Debug|Win32.ActiveCfg = Debug|Any CPU
		{B760EBB0-4EC9-4904-9449-DF9FC6FE4E2A}.Debug|x64.ActiveCfg = Debug|Any CPU
		{B760EBB0-4EC9-4904-9449-DF9FC6FE4E2A}.Debug|x64.Build.0 = Debug|Any CPU
		{B760EBB0-4EC9-4904-9449-DF9FC6FE4E2A}.Debug|x86.ActiveCfg = Debug|Any CPU
		{B760EBB0-4EC9-4904-9449-DF9FC6FE4E2A}.Release JP|Any CPU.ActiveCfg = Release|Any CPU
		{B760EBB0-4EC9-4904-9449-DF9FC6FE4E2A}.Release JP|Any CPU.Build.0 = Release|Any CPU
		{B760EBB0-4EC9-4904-9449-DF9FC6FE4E2A}.Release JP|Win32.ActiveCfg = Release|Any CPU
		{B760EBB0-4EC9-4904-9449-DF9FC6FE4E2A}.Release JP|x64.ActiveCfg = Release|Any CPU
		{B760EBB0-4EC9-4904-9449-DF9FC6FE4E2A}.Release JP|x64.Build.0 = Release|Any CPU
		{B760EBB0-4EC9-4904-9449-DF9FC6FE4E2A}.Release JP|x86.ActiveCfg = Release|Any CPU
		{B760EBB0-4EC9-4904-9449-DF9FC6FE4E2A}.Release JP|x86.Build.0 = Release|Any CPU
		{B760EBB0-4EC9-4904-9449-DF9FC6FE4E2A}.Release|Any CPU.ActiveCfg = Release|Any CPU
		{B760EBB0-4EC9-4904-9449-DF9FC6FE4E2A}.Release|Any CPU.Build.0 = Release|Any CPU
		{B760EBB0-4EC9-4904-9449-DF9FC6FE4E2A}.Release|Win32.ActiveCfg = Release|Any CPU
		{B760EBB0-4EC9-4904-9449-DF9FC6FE4E2A}.Release|x64.ActiveCfg = Release|Any CPU
		{B760EBB0-4EC9-4904-9449-DF9FC6FE4E2A}.Release|x64.Build.0 = Release|Any CPU
		{B760EBB0-4EC9-4904-9449-DF9FC6FE4E2A}.Release|x86.ActiveCfg = Release|Any CPU
		{B760EBB0-4EC9-4904-9449-DF9FC6FE4E2A}.Release|x86.Build.0 = Release|Any CPU
		{B55BF2D4-6ED3-4F5D-A1AF-134CEE502B24}.Debug|Any CPU.ActiveCfg = Debug|Any CPU
		{B55BF2D4-6ED3-4F5D-A1AF-134CEE502B24}.Debug|Any CPU.Build.0 = Debug|Any CPU
		{B55BF2D4-6ED3-4F5D-A1AF-134CEE502B24}.Debug|Win32.ActiveCfg = Debug|Any CPU
		{B55BF2D4-6ED3-4F5D-A1AF-134CEE502B24}.Debug|Win32.Build.0 = Debug|Any CPU
		{B55BF2D4-6ED3-4F5D-A1AF-134CEE502B24}.Debug|x64.ActiveCfg = Debug|Any CPU
		{B55BF2D4-6ED3-4F5D-A1AF-134CEE502B24}.Debug|x64.Build.0 = Debug|Any CPU
		{B55BF2D4-6ED3-4F5D-A1AF-134CEE502B24}.Debug|x86.ActiveCfg = Debug|Any CPU
		{B55BF2D4-6ED3-4F5D-A1AF-134CEE502B24}.Debug|x86.Build.0 = Debug|Any CPU
		{B55BF2D4-6ED3-4F5D-A1AF-134CEE502B24}.Release JP|Any CPU.ActiveCfg = Release|Any CPU
		{B55BF2D4-6ED3-4F5D-A1AF-134CEE502B24}.Release JP|Any CPU.Build.0 = Release|Any CPU
		{B55BF2D4-6ED3-4F5D-A1AF-134CEE502B24}.Release JP|Win32.ActiveCfg = Release|Any CPU
		{B55BF2D4-6ED3-4F5D-A1AF-134CEE502B24}.Release JP|Win32.Build.0 = Release|Any CPU
		{B55BF2D4-6ED3-4F5D-A1AF-134CEE502B24}.Release JP|x64.ActiveCfg = Release|Any CPU
		{B55BF2D4-6ED3-4F5D-A1AF-134CEE502B24}.Release JP|x64.Build.0 = Release|Any CPU
		{B55BF2D4-6ED3-4F5D-A1AF-134CEE502B24}.Release JP|x86.ActiveCfg = Release|Any CPU
		{B55BF2D4-6ED3-4F5D-A1AF-134CEE502B24}.Release JP|x86.Build.0 = Release|Any CPU
		{B55BF2D4-6ED3-4F5D-A1AF-134CEE502B24}.Release|Any CPU.ActiveCfg = Release|Any CPU
		{B55BF2D4-6ED3-4F5D-A1AF-134CEE502B24}.Release|Any CPU.Build.0 = Release|Any CPU
		{B55BF2D4-6ED3-4F5D-A1AF-134CEE502B24}.Release|Win32.ActiveCfg = Release|Any CPU
		{B55BF2D4-6ED3-4F5D-A1AF-134CEE502B24}.Release|Win32.Build.0 = Release|Any CPU
		{B55BF2D4-6ED3-4F5D-A1AF-134CEE502B24}.Release|x64.ActiveCfg = Release|Any CPU
		{B55BF2D4-6ED3-4F5D-A1AF-134CEE502B24}.Release|x64.Build.0 = Release|Any CPU
		{B55BF2D4-6ED3-4F5D-A1AF-134CEE502B24}.Release|x86.ActiveCfg = Release|Any CPU
		{B55BF2D4-6ED3-4F5D-A1AF-134CEE502B24}.Release|x86.Build.0 = Release|Any CPU
	EndGlobalSection
	GlobalSection(SolutionProperties) = preSolution
		HideSolutionNode = FALSE
	EndGlobalSection
EndGlobal
